{
  "originHash" : "ea045ba0ee4816b909b79814b0a22dfe61193aa569a5e1c67dd24d47b0ddede9",
  "pins" : [
    {
      "identity" : "alamofire",
      "kind" : "remoteSourceControl",
      "location" : "https://github.com/Alamofire/Alamofire.git",
      "state" : {
        "revision" : "f455c2975872ccd2d9c81594c658af65716e9b9a",
        "version" : "5.9.1"
      }
    },
    {
      "identity" : "easystash",
      "kind" : "remoteSourceControl",
      "location" : "https://github.com/onmyway133/EasyStash",
      "state" : {
        "revision" : "53c895b453c5476b673d2498d8edbe349ced72e7",
        "version" : "1.1.9"
      }
    },
    {
      "identity" : "keychainaccess",
      "kind" : "remoteSourceControl",
      "location" : "https://github.com/kishikawakatsumi/KeychainAccess",
      "state" : {
        "revision" : "84e546727d66f1adc5439debad16270d0fdd04e7",
        "version" : "4.2.2"
      }
    },
    {
      "identity" : "launchatlogin",
      "kind" : "remoteSourceControl",
      "location" : "https://github.com/sindresorhus/LaunchAtLogin",
      "state" : {
        "revision" : "9a894d799269cb591037f9f9cb0961510d4dca81",
        "version" : "5.0.2"
      }
    },
    {
      "identity" : "photosnap",
      "kind" : "remoteSourceControl",
      "location" : "https://github.com/IGRSoft/PhotoSnap.git",
      "state" : {
        "revision" : "0b4834bd1a36bc7e7998d0cfa2e80842f784910c",
        "version" : "0.2.2"
      }
    },
    {
      "identity" : "simpleping",
      "kind" : "remoteSourceControl",
      "location" : "https://github.com/IGRSoft/SimplePing.git",
      "state" : {
        "revision" : "988315fe6827fc9e772a3564e87e2f99d7b461d1",
        "version" : "0.1.1"
      }
    },
    {
      "identity" : "simpletracer",
      "kind" : "remoteSourceControl",
      "location" : "https://github.com/IGRSoft/SimpleTracer",
      "state" : {
        "revision" : "eab469555e0f54526f0a8b9f3e62e9e60e64979c",
        "version" : "0.1.2"
      }
    },
    {
      "identity" : "swiftydropbox",
      "kind" : "remoteSourceControl",
      "location" : "https://github.com/dropbox/SwiftyDropbox.git",
      "state" : {
        "revision" : "5bda01b02a87568801a5b2af07e3fdb075dce69c",
        "version" : "9.2.0"
      }
    }
  ],
  "version" : 3
}
