{
  "originHash" : "f1e3a82aedc809e1df0fcc63d353703892f8bdba7a0edf8e5add3201f34078dd",
  "pins" : [
    {
      "identity" : "camerasnap",
      "kind" : "remoteSourceControl",
      "location" : "https://github.com/IGRSoft/CameraSnap.git",
      "state" : {
        "revision" : "16dc3cc45bd7a310dc5aa54cd19012b7171c820c",
        "version" : "0.3.1"
      }
    },
    {
      "identity" : "easystash",
      "kind" : "remoteSourceControl",
      "location" : "https://github.com/onmyway133/EasyStash",
      "state" : {
        "revision" : "53c895b453c5476b673d2498d8edbe349ced72e7",
        "version" : "1.1.9"
      }
    },
    {
      "identity" : "keychainaccess",
      "kind" : "remoteSourceControl",
      "location" : "https://github.com/kishikawakatsumi/KeychainAccess",
      "state" : {
        "revision" : "84e546727d66f1adc5439debad16270d0fdd04e7",
        "version" : "4.2.2"
      }
    },
    {
      "identity" : "launchatlogin-modern",
      "kind" : "remoteSourceControl",
      "location" : "https://github.com/sindresorhus/LaunchAtLogin-Modern",
      "state" : {
        "revision" : "a04ec1c363be3627734f6dad757d82f5d4fa8fcc",
        "version" : "1.1.0"
      }
    },
    {
      "identity" : "simpleping",
      "kind" : "remoteSourceControl",
      "location" : "https://github.com/IGRSoft/SimplePing.git",
      "state" : {
        "revision" : "ab2d683ce6c39252e286db8bbbc15dd0234f0364",
        "version" : "0.1.2"
      }
    },
    {
      "identity" : "simpletracer",
      "kind" : "remoteSourceControl",
      "location" : "https://github.com/IGRSoft/SimpleTracer",
      "state" : {
        "revision" : "793cbe3dcf566109e3d2df2226f7f3064a62df7e",
        "version" : "0.1.3"
      }
    },
    {
      "identity" : "swiftydropbox",
      "kind" : "remoteSourceControl",
      "location" : "https://github.com/dropbox/SwiftyDropbox.git",
      "state" : {
        "revision" : "e315e0b14edb83f022134aef389deb4e8bee6bbf",
        "version" : "10.2.4"
      }
    }
  ],
  "version" : 3
}
