// !$*UTF8*$!
{
	archiveVersion = 1;
	classes = {
	};
	objectVersion = 54;
	objects = {

/* Begin PBXBuildFile section */
		A533D7B525A8F9A60046B7C8 /* EmptyView.swift in Sources */ = {isa = PBXBuildFile; fileRef = A533D7B425A8F9A60046B7C8 /* EmptyView.swift */; };
		A533D7BC25A8FCC20046B7C8 /* LaunchAtLogin in Frameworks */ = {isa = PBXBuildFile; productRef = A533D7BB25A8FCC20046B7C8 /* LaunchAtLogin */; };
		A533D7C725A9D96A0046B7C8 /* WakeUpListener.swift in Sources */ = {isa = PBXBuildFile; fileRef = A533D7C625A9D96A0046B7C8 /* WakeUpListener.swift */; };
		A533D7CD25A9D9E30046B7C8 /* WrongPasswordListener.swift in Sources */ = {isa = PBXBuildFile; fileRef = A533D7CC25A9D9E30046B7C8 /* WrongPasswordListener.swift */; };
		A533D7D425A9E31F0046B7C8 /* FileSystemUtil.swift in Sources */ = {isa = PBXBuildFile; fileRef = A533D7D325A9E31F0046B7C8 /* FileSystemUtil.swift */; };
		A533D7DE25A9EDA30046B7C8 /* ThiefDto.swift in Sources */ = {isa = PBXBuildFile; fileRef = A533D7DD25A9EDA30046B7C8 /* ThiefDto.swift */; };
		A533D80325AA0F1A0046B7C8 /* MailNotifier.swift in Sources */ = {isa = PBXBuildFile; fileRef = A533D80225AA0F1A0046B7C8 /* MailNotifier.swift */; };
		A533D82B25AA11F40046B7C8 /* XPCMail.m in Sources */ = {isa = PBXBuildFile; fileRef = A533D82A25AA11F40046B7C8 /* XPCMail.m */; };
		A533D82D25AA11F40046B7C8 /* main.m in Sources */ = {isa = PBXBuildFile; fileRef = A533D82C25AA11F40046B7C8 /* main.m */; };
		A533D83125AA11F40046B7C8 /* XPCMail.xpc in Embed XPC Services */ = {isa = PBXBuildFile; fileRef = A533D82625AA11F40046B7C8 /* XPCMail.xpc */; settings = {ATTRIBUTES = (RemoveHeadersOnCopy, ); }; };
		A533D83C25AA12110046B7C8 /* XPCMailProtocol.swift in Sources */ = {isa = PBXBuildFile; fileRef = A533D83B25AA12110046B7C8 /* XPCMailProtocol.swift */; };
		A533D84325AA126B0046B7C8 /* Mail.app in Resources */ = {isa = PBXBuildFile; fileRef = A533D84225AA126B0046B7C8 /* Mail.app */; };
		A533D85425AA1BB60046B7C8 /* XPCMailProtocol.swift in Sources */ = {isa = PBXBuildFile; fileRef = A533D83B25AA12110046B7C8 /* XPCMailProtocol.swift */; };
		A5457A8C26C1FB1400386738 /* NSImage+IGRExtension.swift in Sources */ = {isa = PBXBuildFile; fileRef = A5457A8B26C1FB1400386738 /* NSImage+IGRExtension.swift */; };
		A54E4A2226108E9600E7B1D4 /* XPCAuthentication.xpc in Embed XPC Services */ = {isa = PBXBuildFile; fileRef = A54E4A1726108E9600E7B1D4 /* XPCAuthentication.xpc */; settings = {ATTRIBUTES = (RemoveHeadersOnCopy, ); }; };
		A54E4A2E26108ED300E7B1D4 /* XPCAuthenticationProtocol.swift in Sources */ = {isa = PBXBuildFile; fileRef = A54E4A2D26108ED300E7B1D4 /* XPCAuthenticationProtocol.swift */; };
		A54E4A2F26108ED300E7B1D4 /* XPCAuthenticationProtocol.swift in Sources */ = {isa = PBXBuildFile; fileRef = A54E4A2D26108ED300E7B1D4 /* XPCAuthenticationProtocol.swift */; };
		A54E4A582610AA3D00E7B1D4 /* main.swift in Sources */ = {isa = PBXBuildFile; fileRef = A54E4A562610AA3C00E7B1D4 /* main.swift */; };
		A54E4A592610AA3D00E7B1D4 /* XPCAuthentication.swift in Sources */ = {isa = PBXBuildFile; fileRef = A54E4A572610AA3C00E7B1D4 /* XPCAuthentication.swift */; };
		A54E4A8A2610D3E500E7B1D4 /* Constants.swift in Sources */ = {isa = PBXBuildFile; fileRef = A54E4A892610D3E500E7B1D4 /* Constants.swift */; };
		A54E4A8B2610D3E500E7B1D4 /* Constants.swift in Sources */ = {isa = PBXBuildFile; fileRef = A54E4A892610D3E500E7B1D4 /* Constants.swift */; };
		A58D768925A5DDBF00EC3792 /* XPCPowerProtocol.swift in Sources */ = {isa = PBXBuildFile; fileRef = A5E6D76E25A5BC8B00EEA7DD /* XPCPowerProtocol.swift */; };
		A5A0788D26B9A78400A7D578 /* USBListener.swift in Sources */ = {isa = PBXBuildFile; fileRef = A5A0788C26B9A78400A7D578 /* USBListener.swift */; };
		A5C3E73626C1EA7B003D0BF5 /* iCloudNotifier.swift in Sources */ = {isa = PBXBuildFile; fileRef = A5C3E73526C1EA7B003D0BF5 /* iCloudNotifier.swift */; };
		A5C6DBF225796A90009DE750 /* Lock_WatcherApp.swift in Sources */ = {isa = PBXBuildFile; fileRef = A5C6DBF125796A90009DE750 /* Lock_WatcherApp.swift */; };
		A5C6DBF425796A90009DE750 /* SettingsView.swift in Sources */ = {isa = PBXBuildFile; fileRef = A5C6DBF325796A90009DE750 /* SettingsView.swift */; };
		A5C6DC0525796A93009DE750 /* Lock_WatcherTests.swift in Sources */ = {isa = PBXBuildFile; fileRef = A5C6DC0425796A93009DE750 /* Lock_WatcherTests.swift */; };
		A5C6DC1025796A93009DE750 /* Lock_WatcherUITests.swift in Sources */ = {isa = PBXBuildFile; fileRef = A5C6DC0F25796A93009DE750 /* Lock_WatcherUITests.swift */; };
		A5C6DC3225796B80009DE750 /* Assets.xcassets in Resources */ = {isa = PBXBuildFile; fileRef = A5C6DC2E25796B80009DE750 /* Assets.xcassets */; };
		A5C6DC4625796CCB009DE750 /* PhotoSnap in Frameworks */ = {isa = PBXBuildFile; productRef = A5C6DC4525796CCB009DE750 /* PhotoSnap */; };
		A5E6D75725A5BB6C00EEA7DD /* XPCPower.m in Sources */ = {isa = PBXBuildFile; fileRef = A5E6D75625A5BB6C00EEA7DD /* XPCPower.m */; };
		A5E6D75925A5BB6C00EEA7DD /* main.m in Sources */ = {isa = PBXBuildFile; fileRef = A5E6D75825A5BB6C00EEA7DD /* main.m */; };
		A5E6D75D25A5BB6C00EEA7DD /* XPCPower.xpc in Embed XPC Services */ = {isa = PBXBuildFile; fileRef = A5E6D75225A5BB6B00EEA7DD /* XPCPower.xpc */; settings = {ATTRIBUTES = (RemoveHeadersOnCopy, ); }; };
		A5E6D76825A5BC1B00EEA7DD /* IOKit.framework in Frameworks */ = {isa = PBXBuildFile; fileRef = A5E6D76725A5BC1B00EEA7DD /* IOKit.framework */; };
		A5E6D76F25A5BC8B00EEA7DD /* XPCPowerProtocol.swift in Sources */ = {isa = PBXBuildFile; fileRef = A5E6D76E25A5BC8B00EEA7DD /* XPCPowerProtocol.swift */; };
		A5E6D78225A5CBD300EEA7DD /* ThiefManager.swift in Sources */ = {isa = PBXBuildFile; fileRef = A5E6D78125A5CBD300EEA7DD /* ThiefManager.swift */; };
		A5E6D78825A5CC3600EEA7DD /* NotificationManager.swift in Sources */ = {isa = PBXBuildFile; fileRef = A5E6D78725A5CC3600EEA7DD /* NotificationManager.swift */; };
		A5E6D78E25A5CD2E00EEA7DD /* TrigerManager.swift in Sources */ = {isa = PBXBuildFile; fileRef = A5E6D78D25A5CD2E00EEA7DD /* TrigerManager.swift */; };
		A5E6D79525A5D13000EEA7DD /* BaseListener.swift in Sources */ = {isa = PBXBuildFile; fileRef = A5E6D79425A5D13000EEA7DD /* BaseListener.swift */; };
		A5E6D79F25A5D1AE00EEA7DD /* PowerListener.swift in Sources */ = {isa = PBXBuildFile; fileRef = A5E6D79E25A5D1AE00EEA7DD /* PowerListener.swift */; };
		A5E6D7A625A5D1EB00EEA7DD /* SettingsDto.swift in Sources */ = {isa = PBXBuildFile; fileRef = A5E6D7A525A5D1EB00EEA7DD /* SettingsDto.swift */; };
/* End PBXBuildFile section */

/* Begin PBXBuildRule section */
		A533D84925AA12AF0046B7C8 /* PBXBuildRule */ = {
			isa = PBXBuildRule;
			compilerSpec = com.apple.compilers.proxy.script;
			filePatterns = "*.app";
			fileType = pattern.proxy;
			inputFiles = (
			);
			isEditable = 1;
			outputFiles = (
				"$(DERIVED_FILES_DIR)/$(INPUT_FILE_BASE).h",
			);
			script = "sdef \"$INPUT_FILE_PATH\" | sdp -fh -o \"$DERIVED_FILES_DIR\" --basename \"$INPUT_FILE_BASE\" --bundleid `defaults read \"$INPUT_FILE_PATH/Contents/Info\" CFBundleIdentifier`\n";
		};
/* End PBXBuildRule section */

/* Begin PBXContainerItemProxy section */
		A533D82F25AA11F40046B7C8 /* PBXContainerItemProxy */ = {
			isa = PBXContainerItemProxy;
			containerPortal = A5C6DBE625796A90009DE750 /* Project object */;
			proxyType = 1;
			remoteGlobalIDString = A533D82525AA11F40046B7C8;
			remoteInfo = XPCMail;
		};
		A54E4A2026108E9600E7B1D4 /* PBXContainerItemProxy */ = {
			isa = PBXContainerItemProxy;
			containerPortal = A5C6DBE625796A90009DE750 /* Project object */;
			proxyType = 1;
			remoteGlobalIDString = A54E4A1626108E9600E7B1D4;
			remoteInfo = XPCAuthentication;
		};
		A5C6DC0125796A93009DE750 /* PBXContainerItemProxy */ = {
			isa = PBXContainerItemProxy;
			containerPortal = A5C6DBE625796A90009DE750 /* Project object */;
			proxyType = 1;
			remoteGlobalIDString = A5C6DBED25796A90009DE750;
			remoteInfo = "Lock-Watcher";
		};
		A5C6DC0C25796A93009DE750 /* PBXContainerItemProxy */ = {
			isa = PBXContainerItemProxy;
			containerPortal = A5C6DBE625796A90009DE750 /* Project object */;
			proxyType = 1;
			remoteGlobalIDString = A5C6DBED25796A90009DE750;
			remoteInfo = "Lock-Watcher";
		};
		A5E6D75B25A5BB6C00EEA7DD /* PBXContainerItemProxy */ = {
			isa = PBXContainerItemProxy;
			containerPortal = A5C6DBE625796A90009DE750 /* Project object */;
			proxyType = 1;
			remoteGlobalIDString = A5E6D75125A5BB6B00EEA7DD;
			remoteInfo = XPCPower;
		};
/* End PBXContainerItemProxy section */

/* Begin PBXCopyFilesBuildPhase section */
		A5E6D76125A5BB6C00EEA7DD /* Embed XPC Services */ = {
			isa = PBXCopyFilesBuildPhase;
			buildActionMask = 2147483647;
			dstPath = "$(CONTENTS_FOLDER_PATH)/XPCServices";
			dstSubfolderSpec = 16;
			files = (
				A54E4A2226108E9600E7B1D4 /* XPCAuthentication.xpc in Embed XPC Services */,
				A533D83125AA11F40046B7C8 /* XPCMail.xpc in Embed XPC Services */,
				A5E6D75D25A5BB6C00EEA7DD /* XPCPower.xpc in Embed XPC Services */,
			);
			name = "Embed XPC Services";
			runOnlyForDeploymentPostprocessing = 0;
		};
/* End PBXCopyFilesBuildPhase section */

/* Begin PBXFileReference section */
		A533D7B425A8F9A60046B7C8 /* EmptyView.swift */ = {isa = PBXFileReference; lastKnownFileType = sourcecode.swift; path = EmptyView.swift; sourceTree = "<group>"; };
		A533D7C625A9D96A0046B7C8 /* WakeUpListener.swift */ = {isa = PBXFileReference; lastKnownFileType = sourcecode.swift; path = WakeUpListener.swift; sourceTree = "<group>"; };
		A533D7CC25A9D9E30046B7C8 /* WrongPasswordListener.swift */ = {isa = PBXFileReference; lastKnownFileType = sourcecode.swift; path = WrongPasswordListener.swift; sourceTree = "<group>"; };
		A533D7D325A9E31F0046B7C8 /* FileSystemUtil.swift */ = {isa = PBXFileReference; lastKnownFileType = sourcecode.swift; path = FileSystemUtil.swift; sourceTree = "<group>"; };
		A533D7DD25A9EDA30046B7C8 /* ThiefDto.swift */ = {isa = PBXFileReference; lastKnownFileType = sourcecode.swift; path = ThiefDto.swift; sourceTree = "<group>"; };
		A533D80225AA0F1A0046B7C8 /* MailNotifier.swift */ = {isa = PBXFileReference; lastKnownFileType = sourcecode.swift; path = MailNotifier.swift; sourceTree = "<group>"; };
		A533D82625AA11F40046B7C8 /* XPCMail.xpc */ = {isa = PBXFileReference; explicitFileType = "wrapper.xpc-service"; includeInIndex = 0; path = XPCMail.xpc; sourceTree = BUILT_PRODUCTS_DIR; };
		A533D82925AA11F40046B7C8 /* XPCMail.h */ = {isa = PBXFileReference; lastKnownFileType = sourcecode.c.h; path = XPCMail.h; sourceTree = "<group>"; };
		A533D82A25AA11F40046B7C8 /* XPCMail.m */ = {isa = PBXFileReference; lastKnownFileType = sourcecode.c.objc; path = XPCMail.m; sourceTree = "<group>"; };
		A533D82C25AA11F40046B7C8 /* main.m */ = {isa = PBXFileReference; lastKnownFileType = sourcecode.c.objc; path = main.m; sourceTree = "<group>"; };
		A533D82E25AA11F40046B7C8 /* Info.plist */ = {isa = PBXFileReference; lastKnownFileType = text.plist.xml; path = Info.plist; sourceTree = "<group>"; };
		A533D83A25AA12110046B7C8 /* XPCMail-Bridging-Header.h */ = {isa = PBXFileReference; lastKnownFileType = sourcecode.c.h; path = "XPCMail-Bridging-Header.h"; sourceTree = "<group>"; };
		A533D83B25AA12110046B7C8 /* XPCMailProtocol.swift */ = {isa = PBXFileReference; lastKnownFileType = sourcecode.swift; path = XPCMailProtocol.swift; sourceTree = "<group>"; };
		A533D84225AA126B0046B7C8 /* Mail.app */ = {isa = PBXFileReference; lastKnownFileType = wrapper.application; name = Mail.app; path = ../../../../../System/Applications/Mail.app; sourceTree = "<group>"; };
		A533D86425AA26D80046B7C8 /* XPCMail.entitlements */ = {isa = PBXFileReference; lastKnownFileType = text.plist.entitlements; path = XPCMail.entitlements; sourceTree = "<group>"; };
		A5457A8B26C1FB1400386738 /* NSImage+IGRExtension.swift */ = {isa = PBXFileReference; lastKnownFileType = sourcecode.swift; path = "NSImage+IGRExtension.swift"; sourceTree = "<group>"; };
		A54E4A1726108E9600E7B1D4 /* XPCAuthentication.xpc */ = {isa = PBXFileReference; explicitFileType = "wrapper.xpc-service"; includeInIndex = 0; path = XPCAuthentication.xpc; sourceTree = BUILT_PRODUCTS_DIR; };
		A54E4A1F26108E9600E7B1D4 /* Info.plist */ = {isa = PBXFileReference; lastKnownFileType = text.plist.xml; path = Info.plist; sourceTree = "<group>"; };
		A54E4A2D26108ED300E7B1D4 /* XPCAuthenticationProtocol.swift */ = {isa = PBXFileReference; lastKnownFileType = sourcecode.swift; path = XPCAuthenticationProtocol.swift; sourceTree = "<group>"; };
		A54E4A442610A76D00E7B1D4 /* XPCAuthentication.entitlements */ = {isa = PBXFileReference; lastKnownFileType = text.plist.entitlements; path = XPCAuthentication.entitlements; sourceTree = "<group>"; };
		A54E4A562610AA3C00E7B1D4 /* main.swift */ = {isa = PBXFileReference; fileEncoding = 4; lastKnownFileType = sourcecode.swift; path = main.swift; sourceTree = "<group>"; };
		A54E4A572610AA3C00E7B1D4 /* XPCAuthentication.swift */ = {isa = PBXFileReference; fileEncoding = 4; lastKnownFileType = sourcecode.swift; path = XPCAuthentication.swift; sourceTree = "<group>"; };
		A54E4A892610D3E500E7B1D4 /* Constants.swift */ = {isa = PBXFileReference; lastKnownFileType = sourcecode.swift; path = Constants.swift; sourceTree = "<group>"; };
		A58D76A525A5E4A400EC3792 /* IGRPowerModel.h */ = {isa = PBXFileReference; lastKnownFileType = sourcecode.c.h; path = IGRPowerModel.h; sourceTree = "<group>"; };
		A5A0788C26B9A78400A7D578 /* USBListener.swift */ = {isa = PBXFileReference; lastKnownFileType = sourcecode.swift; path = USBListener.swift; sourceTree = "<group>"; };
		A5C3E73526C1EA7B003D0BF5 /* iCloudNotifier.swift */ = {isa = PBXFileReference; lastKnownFileType = sourcecode.swift; path = iCloudNotifier.swift; sourceTree = "<group>"; };
		A5C6DBEE25796A90009DE750 /* Lock-Watcher.app */ = {isa = PBXFileReference; explicitFileType = wrapper.application; includeInIndex = 0; path = "Lock-Watcher.app"; sourceTree = BUILT_PRODUCTS_DIR; };
		A5C6DBF125796A90009DE750 /* Lock_WatcherApp.swift */ = {isa = PBXFileReference; lastKnownFileType = sourcecode.swift; path = Lock_WatcherApp.swift; sourceTree = "<group>"; };
		A5C6DBF325796A90009DE750 /* SettingsView.swift */ = {isa = PBXFileReference; lastKnownFileType = sourcecode.swift; path = SettingsView.swift; sourceTree = "<group>"; };
		A5C6DC0025796A93009DE750 /* Lock-WatcherTests.xctest */ = {isa = PBXFileReference; explicitFileType = wrapper.cfbundle; includeInIndex = 0; path = "Lock-WatcherTests.xctest"; sourceTree = BUILT_PRODUCTS_DIR; };
		A5C6DC0425796A93009DE750 /* Lock_WatcherTests.swift */ = {isa = PBXFileReference; lastKnownFileType = sourcecode.swift; path = Lock_WatcherTests.swift; sourceTree = "<group>"; };
		A5C6DC0625796A93009DE750 /* Info.plist */ = {isa = PBXFileReference; lastKnownFileType = text.plist.xml; path = Info.plist; sourceTree = "<group>"; };
		A5C6DC0B25796A93009DE750 /* Lock-WatcherUITests.xctest */ = {isa = PBXFileReference; explicitFileType = wrapper.cfbundle; includeInIndex = 0; path = "Lock-WatcherUITests.xctest"; sourceTree = BUILT_PRODUCTS_DIR; };
		A5C6DC0F25796A93009DE750 /* Lock_WatcherUITests.swift */ = {isa = PBXFileReference; lastKnownFileType = sourcecode.swift; path = Lock_WatcherUITests.swift; sourceTree = "<group>"; };
		A5C6DC1125796A93009DE750 /* Info.plist */ = {isa = PBXFileReference; lastKnownFileType = text.plist.xml; path = Info.plist; sourceTree = "<group>"; };
		A5C6DC2D25796B80009DE750 /* Lock_Watcher.entitlements */ = {isa = PBXFileReference; fileEncoding = 4; lastKnownFileType = text.plist.entitlements; path = Lock_Watcher.entitlements; sourceTree = "<group>"; };
		A5C6DC2E25796B80009DE750 /* Assets.xcassets */ = {isa = PBXFileReference; lastKnownFileType = folder.assetcatalog; path = Assets.xcassets; sourceTree = "<group>"; };
		A5C6DC3125796B80009DE750 /* Info.plist */ = {isa = PBXFileReference; fileEncoding = 4; lastKnownFileType = text.plist.xml; path = Info.plist; sourceTree = "<group>"; };
		A5E6D75225A5BB6B00EEA7DD /* XPCPower.xpc */ = {isa = PBXFileReference; explicitFileType = "wrapper.xpc-service"; includeInIndex = 0; path = XPCPower.xpc; sourceTree = BUILT_PRODUCTS_DIR; };
		A5E6D75525A5BB6C00EEA7DD /* XPCPower.h */ = {isa = PBXFileReference; lastKnownFileType = sourcecode.c.h; path = XPCPower.h; sourceTree = "<group>"; };
		A5E6D75625A5BB6C00EEA7DD /* XPCPower.m */ = {isa = PBXFileReference; lastKnownFileType = sourcecode.c.objc; path = XPCPower.m; sourceTree = "<group>"; };
		A5E6D75825A5BB6C00EEA7DD /* main.m */ = {isa = PBXFileReference; lastKnownFileType = sourcecode.c.objc; path = main.m; sourceTree = "<group>"; };
		A5E6D75A25A5BB6C00EEA7DD /* Info.plist */ = {isa = PBXFileReference; lastKnownFileType = text.plist.xml; path = Info.plist; sourceTree = "<group>"; };
		A5E6D76725A5BC1B00EEA7DD /* IOKit.framework */ = {isa = PBXFileReference; lastKnownFileType = wrapper.framework; name = IOKit.framework; path = System/Library/Frameworks/IOKit.framework; sourceTree = SDKROOT; };
		A5E6D76D25A5BC8A00EEA7DD /* XPCPower-Bridging-Header.h */ = {isa = PBXFileReference; lastKnownFileType = sourcecode.c.h; path = "XPCPower-Bridging-Header.h"; sourceTree = "<group>"; };
		A5E6D76E25A5BC8B00EEA7DD /* XPCPowerProtocol.swift */ = {isa = PBXFileReference; lastKnownFileType = sourcecode.swift; path = XPCPowerProtocol.swift; sourceTree = "<group>"; };
		A5E6D78125A5CBD300EEA7DD /* ThiefManager.swift */ = {isa = PBXFileReference; lastKnownFileType = sourcecode.swift; path = ThiefManager.swift; sourceTree = "<group>"; };
		A5E6D78725A5CC3600EEA7DD /* NotificationManager.swift */ = {isa = PBXFileReference; lastKnownFileType = sourcecode.swift; path = NotificationManager.swift; sourceTree = "<group>"; };
		A5E6D78D25A5CD2E00EEA7DD /* TrigerManager.swift */ = {isa = PBXFileReference; lastKnownFileType = sourcecode.swift; path = TrigerManager.swift; sourceTree = "<group>"; };
		A5E6D79425A5D13000EEA7DD /* BaseListener.swift */ = {isa = PBXFileReference; lastKnownFileType = sourcecode.swift; path = BaseListener.swift; sourceTree = "<group>"; };
		A5E6D79E25A5D1AE00EEA7DD /* PowerListener.swift */ = {isa = PBXFileReference; lastKnownFileType = sourcecode.swift; path = PowerListener.swift; sourceTree = "<group>"; };
		A5E6D7A525A5D1EB00EEA7DD /* SettingsDto.swift */ = {isa = PBXFileReference; lastKnownFileType = sourcecode.swift; path = SettingsDto.swift; sourceTree = "<group>"; };
/* End PBXFileReference section */

/* Begin PBXFrameworksBuildPhase section */
		A533D82325AA11F40046B7C8 /* Frameworks */ = {
			isa = PBXFrameworksBuildPhase;
			buildActionMask = 2147483647;
			files = (
			);
			runOnlyForDeploymentPostprocessing = 0;
		};
		A54E4A1426108E9600E7B1D4 /* Frameworks */ = {
			isa = PBXFrameworksBuildPhase;
			buildActionMask = 2147483647;
			files = (
			);
			runOnlyForDeploymentPostprocessing = 0;
		};
		A5C6DBEB25796A90009DE750 /* Frameworks */ = {
			isa = PBXFrameworksBuildPhase;
			buildActionMask = 2147483647;
			files = (
				A533D7BC25A8FCC20046B7C8 /* LaunchAtLogin in Frameworks */,
				A5C6DC4625796CCB009DE750 /* PhotoSnap in Frameworks */,
			);
			runOnlyForDeploymentPostprocessing = 0;
		};
		A5C6DBFD25796A93009DE750 /* Frameworks */ = {
			isa = PBXFrameworksBuildPhase;
			buildActionMask = 2147483647;
			files = (
			);
			runOnlyForDeploymentPostprocessing = 0;
		};
		A5C6DC0825796A93009DE750 /* Frameworks */ = {
			isa = PBXFrameworksBuildPhase;
			buildActionMask = 2147483647;
			files = (
			);
			runOnlyForDeploymentPostprocessing = 0;
		};
		A5E6D74F25A5BB6B00EEA7DD /* Frameworks */ = {
			isa = PBXFrameworksBuildPhase;
			buildActionMask = 2147483647;
			files = (
				A5E6D76825A5BC1B00EEA7DD /* IOKit.framework in Frameworks */,
			);
			runOnlyForDeploymentPostprocessing = 0;
		};
/* End PBXFrameworksBuildPhase section */

/* Begin PBXGroup section */
		A533D7D225A9E23F0046B7C8 /* Utils */ = {
			isa = PBXGroup;
			children = (
				A533D7D325A9E31F0046B7C8 /* FileSystemUtil.swift */,
			);
			path = Utils;
			sourceTree = "<group>";
		};
		A533D80125AA0EF00046B7C8 /* Notifiers */ = {
			isa = PBXGroup;
			children = (
				A533D80225AA0F1A0046B7C8 /* MailNotifier.swift */,
				A5C3E73526C1EA7B003D0BF5 /* iCloudNotifier.swift */,
			);
			path = Notifiers;
			sourceTree = "<group>";
		};
		A533D82725AA11F40046B7C8 /* XPCMail */ = {
			isa = PBXGroup;
			children = (
				A533D86425AA26D80046B7C8 /* XPCMail.entitlements */,
				A533D84225AA126B0046B7C8 /* Mail.app */,
				A533D82925AA11F40046B7C8 /* XPCMail.h */,
				A533D82A25AA11F40046B7C8 /* XPCMail.m */,
				A533D82C25AA11F40046B7C8 /* main.m */,
				A533D82E25AA11F40046B7C8 /* Info.plist */,
				A533D83B25AA12110046B7C8 /* XPCMailProtocol.swift */,
				A533D83A25AA12110046B7C8 /* XPCMail-Bridging-Header.h */,
			);
			path = XPCMail;
			sourceTree = "<group>";
		};
		A5457A8A26C1FAF200386738 /* Extensions */ = {
			isa = PBXGroup;
			children = (
				A5457A8B26C1FB1400386738 /* NSImage+IGRExtension.swift */,
			);
			path = Extensions;
			sourceTree = "<group>";
		};
		A54E4A1826108E9600E7B1D4 /* XPCAuthentication */ = {
			isa = PBXGroup;
			children = (
				A54E4A562610AA3C00E7B1D4 /* main.swift */,
				A54E4A572610AA3C00E7B1D4 /* XPCAuthentication.swift */,
				A54E4A442610A76D00E7B1D4 /* XPCAuthentication.entitlements */,
				A54E4A1F26108E9600E7B1D4 /* Info.plist */,
				A54E4A2D26108ED300E7B1D4 /* XPCAuthenticationProtocol.swift */,
			);
			path = XPCAuthentication;
			sourceTree = "<group>";
		};
		A54E4A882610D3CA00E7B1D4 /* Constants */ = {
			isa = PBXGroup;
			children = (
				A54E4A892610D3E500E7B1D4 /* Constants.swift */,
			);
			path = Constants;
			sourceTree = "<group>";
		};
		A5C6DBE525796A90009DE750 = {
			isa = PBXGroup;
			children = (
				A5C6DBF025796A90009DE750 /* Source */,
				A5C6DC2C25796B80009DE750 /* Resources */,
				A5C6DC0325796A93009DE750 /* Tests */,
				A5C6DC0E25796A93009DE750 /* UITests */,
				A5E6D75325A5BB6C00EEA7DD /* XPCPower */,
				A533D82725AA11F40046B7C8 /* XPCMail */,
				A54E4A1826108E9600E7B1D4 /* XPCAuthentication */,
				A5C6DBEF25796A90009DE750 /* Products */,
				A5E6D76625A5BC1B00EEA7DD /* Frameworks */,
			);
			sourceTree = "<group>";
		};
		A5C6DBEF25796A90009DE750 /* Products */ = {
			isa = PBXGroup;
			children = (
				A5C6DBEE25796A90009DE750 /* Lock-Watcher.app */,
				A5C6DC0025796A93009DE750 /* Lock-WatcherTests.xctest */,
				A5C6DC0B25796A93009DE750 /* Lock-WatcherUITests.xctest */,
				A5E6D75225A5BB6B00EEA7DD /* XPCPower.xpc */,
				A533D82625AA11F40046B7C8 /* XPCMail.xpc */,
				A54E4A1726108E9600E7B1D4 /* XPCAuthentication.xpc */,
			);
			name = Products;
			sourceTree = "<group>";
		};
		A5C6DBF025796A90009DE750 /* Source */ = {
			isa = PBXGroup;
			children = (
				A5457A8A26C1FAF200386738 /* Extensions */,
				A54E4A882610D3CA00E7B1D4 /* Constants */,
				A533D80125AA0EF00046B7C8 /* Notifiers */,
				A533D7D225A9E23F0046B7C8 /* Utils */,
				A5E6D7A425A5D1C200EEA7DD /* Models */,
				A5E6D79325A5D11200EEA7DD /* Listeners */,
				A5E6D77C25A5CB8900EEA7DD /* Managers */,
				A5C6DBF125796A90009DE750 /* Lock_WatcherApp.swift */,
				A5C6DBF325796A90009DE750 /* SettingsView.swift */,
				A533D7B425A8F9A60046B7C8 /* EmptyView.swift */,
			);
			path = Source;
			sourceTree = "<group>";
		};
		A5C6DC0325796A93009DE750 /* Tests */ = {
			isa = PBXGroup;
			children = (
				A5C6DC0425796A93009DE750 /* Lock_WatcherTests.swift */,
				A5C6DC0625796A93009DE750 /* Info.plist */,
			);
			path = Tests;
			sourceTree = "<group>";
		};
		A5C6DC0E25796A93009DE750 /* UITests */ = {
			isa = PBXGroup;
			children = (
				A5C6DC0F25796A93009DE750 /* Lock_WatcherUITests.swift */,
				A5C6DC1125796A93009DE750 /* Info.plist */,
			);
			path = UITests;
			sourceTree = "<group>";
		};
		A5C6DC2C25796B80009DE750 /* Resources */ = {
			isa = PBXGroup;
			children = (
				A5C6DC2D25796B80009DE750 /* Lock_Watcher.entitlements */,
				A5C6DC2E25796B80009DE750 /* Assets.xcassets */,
				A5C6DC3125796B80009DE750 /* Info.plist */,
			);
			path = Resources;
			sourceTree = "<group>";
		};
		A5E6D75325A5BB6C00EEA7DD /* XPCPower */ = {
			isa = PBXGroup;
			children = (
				A5E6D75525A5BB6C00EEA7DD /* XPCPower.h */,
				A5E6D75625A5BB6C00EEA7DD /* XPCPower.m */,
				A58D76A525A5E4A400EC3792 /* IGRPowerModel.h */,
				A5E6D75825A5BB6C00EEA7DD /* main.m */,
				A5E6D75A25A5BB6C00EEA7DD /* Info.plist */,
				A5E6D76E25A5BC8B00EEA7DD /* XPCPowerProtocol.swift */,
				A5E6D76D25A5BC8A00EEA7DD /* XPCPower-Bridging-Header.h */,
			);
			path = XPCPower;
			sourceTree = "<group>";
		};
		A5E6D76625A5BC1B00EEA7DD /* Frameworks */ = {
			isa = PBXGroup;
			children = (
				A5E6D76725A5BC1B00EEA7DD /* IOKit.framework */,
			);
			name = Frameworks;
			sourceTree = "<group>";
		};
		A5E6D77C25A5CB8900EEA7DD /* Managers */ = {
			isa = PBXGroup;
			children = (
				A5E6D78125A5CBD300EEA7DD /* ThiefManager.swift */,
				A5E6D78725A5CC3600EEA7DD /* NotificationManager.swift */,
				A5E6D78D25A5CD2E00EEA7DD /* TrigerManager.swift */,
			);
			path = Managers;
			sourceTree = "<group>";
		};
		A5E6D79325A5D11200EEA7DD /* Listeners */ = {
			isa = PBXGroup;
			children = (
				A5E6D79425A5D13000EEA7DD /* BaseListener.swift */,
				A5E6D79E25A5D1AE00EEA7DD /* PowerListener.swift */,
				A533D7C625A9D96A0046B7C8 /* WakeUpListener.swift */,
				A533D7CC25A9D9E30046B7C8 /* WrongPasswordListener.swift */,
				A5A0788C26B9A78400A7D578 /* USBListener.swift */,
			);
			path = Listeners;
			sourceTree = "<group>";
		};
		A5E6D7A425A5D1C200EEA7DD /* Models */ = {
			isa = PBXGroup;
			children = (
				A5E6D7A525A5D1EB00EEA7DD /* SettingsDto.swift */,
				A533D7DD25A9EDA30046B7C8 /* ThiefDto.swift */,
			);
			path = Models;
			sourceTree = "<group>";
		};
/* End PBXGroup section */

/* Begin PBXNativeTarget section */
		A533D82525AA11F40046B7C8 /* XPCMail */ = {
			isa = PBXNativeTarget;
			buildConfigurationList = A533D83225AA11F40046B7C8 /* Build configuration list for PBXNativeTarget "XPCMail" */;
			buildPhases = (
				A533D82425AA11F40046B7C8 /* Resources */,
				A533D82225AA11F40046B7C8 /* Sources */,
				A533D82325AA11F40046B7C8 /* Frameworks */,
			);
			buildRules = (
				A533D84925AA12AF0046B7C8 /* PBXBuildRule */,
			);
			dependencies = (
			);
			name = XPCMail;
			productName = XPCMail;
			productReference = A533D82625AA11F40046B7C8 /* XPCMail.xpc */;
			productType = "com.apple.product-type.xpc-service";
		};
		A54E4A1626108E9600E7B1D4 /* XPCAuthentication */ = {
			isa = PBXNativeTarget;
			buildConfigurationList = A54E4A2526108E9600E7B1D4 /* Build configuration list for PBXNativeTarget "XPCAuthentication" */;
			buildPhases = (
				A54E4A1326108E9600E7B1D4 /* Sources */,
				A54E4A1426108E9600E7B1D4 /* Frameworks */,
				A54E4A1526108E9600E7B1D4 /* Resources */,
			);
			buildRules = (
			);
			dependencies = (
			);
			name = XPCAuthentication;
			productName = XPCAuthentication;
			productReference = A54E4A1726108E9600E7B1D4 /* XPCAuthentication.xpc */;
			productType = "com.apple.product-type.xpc-service";
		};
		A5C6DBED25796A90009DE750 /* Lock-Watcher */ = {
			isa = PBXNativeTarget;
			buildConfigurationList = A5C6DC1425796A93009DE750 /* Build configuration list for PBXNativeTarget "Lock-Watcher" */;
			buildPhases = (
				A5C6DBEA25796A90009DE750 /* Sources */,
				A5C6DBEB25796A90009DE750 /* Frameworks */,
				A5C6DBEC25796A90009DE750 /* Resources */,
				A5E6D76125A5BB6C00EEA7DD /* Embed XPC Services */,
				A533D7C125A8FCD10046B7C8 /* ShellScript */,
			);
			buildRules = (
			);
			dependencies = (
				A5E6D75C25A5BB6C00EEA7DD /* PBXTargetDependency */,
				A533D83025AA11F40046B7C8 /* PBXTargetDependency */,
				A54E4A2126108E9600E7B1D4 /* PBXTargetDependency */,
			);
			name = "Lock-Watcher";
			packageProductDependencies = (
				A5C6DC4525796CCB009DE750 /* PhotoSnap */,
				A533D7BB25A8FCC20046B7C8 /* LaunchAtLogin */,
			);
			productName = "Lock-Watcher";
			productReference = A5C6DBEE25796A90009DE750 /* Lock-Watcher.app */;
			productType = "com.apple.product-type.application";
		};
		A5C6DBFF25796A93009DE750 /* Lock-WatcherTests */ = {
			isa = PBXNativeTarget;
			buildConfigurationList = A5C6DC1725796A93009DE750 /* Build configuration list for PBXNativeTarget "Lock-WatcherTests" */;
			buildPhases = (
				A5C6DBFC25796A93009DE750 /* Sources */,
				A5C6DBFD25796A93009DE750 /* Frameworks */,
				A5C6DBFE25796A93009DE750 /* Resources */,
			);
			buildRules = (
			);
			dependencies = (
				A5C6DC0225796A93009DE750 /* PBXTargetDependency */,
			);
			name = "Lock-WatcherTests";
			productName = "Lock-WatcherTests";
			productReference = A5C6DC0025796A93009DE750 /* Lock-WatcherTests.xctest */;
			productType = "com.apple.product-type.bundle.unit-test";
		};
		A5C6DC0A25796A93009DE750 /* Lock-WatcherUITests */ = {
			isa = PBXNativeTarget;
			buildConfigurationList = A5C6DC1A25796A93009DE750 /* Build configuration list for PBXNativeTarget "Lock-WatcherUITests" */;
			buildPhases = (
				A5C6DC0725796A93009DE750 /* Sources */,
				A5C6DC0825796A93009DE750 /* Frameworks */,
				A5C6DC0925796A93009DE750 /* Resources */,
			);
			buildRules = (
			);
			dependencies = (
				A5C6DC0D25796A93009DE750 /* PBXTargetDependency */,
			);
			name = "Lock-WatcherUITests";
			productName = "Lock-WatcherUITests";
			productReference = A5C6DC0B25796A93009DE750 /* Lock-WatcherUITests.xctest */;
			productType = "com.apple.product-type.bundle.ui-testing";
		};
		A5E6D75125A5BB6B00EEA7DD /* XPCPower */ = {
			isa = PBXNativeTarget;
			buildConfigurationList = A5E6D75E25A5BB6C00EEA7DD /* Build configuration list for PBXNativeTarget "XPCPower" */;
			buildPhases = (
				A5E6D74E25A5BB6B00EEA7DD /* Sources */,
				A5E6D74F25A5BB6B00EEA7DD /* Frameworks */,
				A5E6D75025A5BB6B00EEA7DD /* Resources */,
			);
			buildRules = (
			);
			dependencies = (
			);
			name = XPCPower;
			productName = XPCPower;
			productReference = A5E6D75225A5BB6B00EEA7DD /* XPCPower.xpc */;
			productType = "com.apple.product-type.xpc-service";
		};
/* End PBXNativeTarget section */

/* Begin PBXProject section */
		A5C6DBE625796A90009DE750 /* Project object */ = {
			isa = PBXProject;
			attributes = {
				LastSwiftUpdateCheck = 1220;
				LastUpgradeCheck = 1250;
				TargetAttributes = {
					A533D82525AA11F40046B7C8 = {
						CreatedOnToolsVersion = 12.3;
						LastSwiftMigration = 1230;
					};
					A54E4A1626108E9600E7B1D4 = {
						CreatedOnToolsVersion = 12.4;
						LastSwiftMigration = 1240;
					};
					A5C6DBED25796A90009DE750 = {
						CreatedOnToolsVersion = 12.2;
					};
					A5C6DBFF25796A93009DE750 = {
						CreatedOnToolsVersion = 12.2;
						TestTargetID = A5C6DBED25796A90009DE750;
					};
					A5C6DC0A25796A93009DE750 = {
						CreatedOnToolsVersion = 12.2;
						TestTargetID = A5C6DBED25796A90009DE750;
					};
					A5E6D75125A5BB6B00EEA7DD = {
						CreatedOnToolsVersion = 12.3;
						LastSwiftMigration = 1230;
					};
				};
			};
			buildConfigurationList = A5C6DBE925796A90009DE750 /* Build configuration list for PBXProject "Lock-Watcher" */;
			compatibilityVersion = "Xcode 12.0";
			developmentRegion = en;
			hasScannedForEncodings = 0;
			knownRegions = (
				en,
				Base,
			);
			mainGroup = A5C6DBE525796A90009DE750;
			packageReferences = (
				A5C6DC4425796CCB009DE750 /* XCRemoteSwiftPackageReference "PhotoSnap" */,
				A533D7BA25A8FCC20046B7C8 /* XCRemoteSwiftPackageReference "LaunchAtLogin" */,
			);
			productRefGroup = A5C6DBEF25796A90009DE750 /* Products */;
			projectDirPath = "";
			projectRoot = "";
			targets = (
				A5C6DBED25796A90009DE750 /* Lock-Watcher */,
				A5C6DBFF25796A93009DE750 /* Lock-WatcherTests */,
				A5C6DC0A25796A93009DE750 /* Lock-WatcherUITests */,
				A5E6D75125A5BB6B00EEA7DD /* XPCPower */,
				A533D82525AA11F40046B7C8 /* XPCMail */,
				A54E4A1626108E9600E7B1D4 /* XPCAuthentication */,
			);
		};
/* End PBXProject section */

/* Begin PBXResourcesBuildPhase section */
		A533D82425AA11F40046B7C8 /* Resources */ = {
			isa = PBXResourcesBuildPhase;
			buildActionMask = 2147483647;
			files = (
				A533D84325AA126B0046B7C8 /* Mail.app in Resources */,
			);
			runOnlyForDeploymentPostprocessing = 0;
		};
		A54E4A1526108E9600E7B1D4 /* Resources */ = {
			isa = PBXResourcesBuildPhase;
			buildActionMask = 2147483647;
			files = (
			);
			runOnlyForDeploymentPostprocessing = 0;
		};
		A5C6DBEC25796A90009DE750 /* Resources */ = {
			isa = PBXResourcesBuildPhase;
			buildActionMask = 2147483647;
			files = (
				A5C6DC3225796B80009DE750 /* Assets.xcassets in Resources */,
			);
			runOnlyForDeploymentPostprocessing = 0;
		};
		A5C6DBFE25796A93009DE750 /* Resources */ = {
			isa = PBXResourcesBuildPhase;
			buildActionMask = 2147483647;
			files = (
			);
			runOnlyForDeploymentPostprocessing = 0;
		};
		A5C6DC0925796A93009DE750 /* Resources */ = {
			isa = PBXResourcesBuildPhase;
			buildActionMask = 2147483647;
			files = (
			);
			runOnlyForDeploymentPostprocessing = 0;
		};
		A5E6D75025A5BB6B00EEA7DD /* Resources */ = {
			isa = PBXResourcesBuildPhase;
			buildActionMask = 2147483647;
			files = (
			);
			runOnlyForDeploymentPostprocessing = 0;
		};
/* End PBXResourcesBuildPhase section */

/* Begin PBXShellScriptBuildPhase section */
		A533D7C125A8FCD10046B7C8 /* ShellScript */ = {
			isa = PBXShellScriptBuildPhase;
			buildActionMask = 2147483647;
			files = (
			);
			inputFileListPaths = (
			);
			inputPaths = (
			);
			outputFileListPaths = (
			);
			outputPaths = (
			);
			runOnlyForDeploymentPostprocessing = 0;
			shellPath = /bin/sh;
			shellScript = "\"${BUILT_PRODUCTS_DIR}/LaunchAtLogin_LaunchAtLogin.bundle/Contents/Resources/copy-helper-swiftpm.sh\"\n";
		};
/* End PBXShellScriptBuildPhase section */

/* Begin PBXSourcesBuildPhase section */
		A533D82225AA11F40046B7C8 /* Sources */ = {
			isa = PBXSourcesBuildPhase;
			buildActionMask = 2147483647;
			files = (
				A533D82D25AA11F40046B7C8 /* main.m in Sources */,
				A533D83C25AA12110046B7C8 /* XPCMailProtocol.swift in Sources */,
				A533D82B25AA11F40046B7C8 /* XPCMail.m in Sources */,
			);
			runOnlyForDeploymentPostprocessing = 0;
		};
		A54E4A1326108E9600E7B1D4 /* Sources */ = {
			isa = PBXSourcesBuildPhase;
			buildActionMask = 2147483647;
			files = (
				A54E4A582610AA3D00E7B1D4 /* main.swift in Sources */,
				A54E4A592610AA3D00E7B1D4 /* XPCAuthentication.swift in Sources */,
				A54E4A2F26108ED300E7B1D4 /* XPCAuthenticationProtocol.swift in Sources */,
				A54E4A8B2610D3E500E7B1D4 /* Constants.swift in Sources */,
			);
			runOnlyForDeploymentPostprocessing = 0;
		};
		A5C6DBEA25796A90009DE750 /* Sources */ = {
			isa = PBXSourcesBuildPhase;
			buildActionMask = 2147483647;
			files = (
				A533D85425AA1BB60046B7C8 /* XPCMailProtocol.swift in Sources */,
				A533D7CD25A9D9E30046B7C8 /* WrongPasswordListener.swift in Sources */,
				A5E6D79525A5D13000EEA7DD /* BaseListener.swift in Sources */,
				A5A0788D26B9A78400A7D578 /* USBListener.swift in Sources */,
				A533D7D425A9E31F0046B7C8 /* FileSystemUtil.swift in Sources */,
				A5C6DBF425796A90009DE750 /* SettingsView.swift in Sources */,
				A533D7DE25A9EDA30046B7C8 /* ThiefDto.swift in Sources */,
				A5E6D79F25A5D1AE00EEA7DD /* PowerListener.swift in Sources */,
				A5E6D78E25A5CD2E00EEA7DD /* TrigerManager.swift in Sources */,
				A5457A8C26C1FB1400386738 /* NSImage+IGRExtension.swift in Sources */,
				A5E6D7A625A5D1EB00EEA7DD /* SettingsDto.swift in Sources */,
				A5C6DBF225796A90009DE750 /* Lock_WatcherApp.swift in Sources */,
				A5C3E73626C1EA7B003D0BF5 /* iCloudNotifier.swift in Sources */,
				A533D7B525A8F9A60046B7C8 /* EmptyView.swift in Sources */,
				A54E4A2E26108ED300E7B1D4 /* XPCAuthenticationProtocol.swift in Sources */,
				A5E6D78825A5CC3600EEA7DD /* NotificationManager.swift in Sources */,
				A5E6D78225A5CBD300EEA7DD /* ThiefManager.swift in Sources */,
				A533D80325AA0F1A0046B7C8 /* MailNotifier.swift in Sources */,
				A58D768925A5DDBF00EC3792 /* XPCPowerProtocol.swift in Sources */,
				A533D7C725A9D96A0046B7C8 /* WakeUpListener.swift in Sources */,
				A54E4A8A2610D3E500E7B1D4 /* Constants.swift in Sources */,
			);
			runOnlyForDeploymentPostprocessing = 0;
		};
		A5C6DBFC25796A93009DE750 /* Sources */ = {
			isa = PBXSourcesBuildPhase;
			buildActionMask = 2147483647;
			files = (
				A5C6DC0525796A93009DE750 /* Lock_WatcherTests.swift in Sources */,
			);
			runOnlyForDeploymentPostprocessing = 0;
		};
		A5C6DC0725796A93009DE750 /* Sources */ = {
			isa = PBXSourcesBuildPhase;
			buildActionMask = 2147483647;
			files = (
				A5C6DC1025796A93009DE750 /* Lock_WatcherUITests.swift in Sources */,
			);
			runOnlyForDeploymentPostprocessing = 0;
		};
		A5E6D74E25A5BB6B00EEA7DD /* Sources */ = {
			isa = PBXSourcesBuildPhase;
			buildActionMask = 2147483647;
			files = (
				A5E6D75925A5BB6C00EEA7DD /* main.m in Sources */,
				A5E6D75725A5BB6C00EEA7DD /* XPCPower.m in Sources */,
				A5E6D76F25A5BC8B00EEA7DD /* XPCPowerProtocol.swift in Sources */,
			);
			runOnlyForDeploymentPostprocessing = 0;
		};
/* End PBXSourcesBuildPhase section */

/* Begin PBXTargetDependency section */
		A533D83025AA11F40046B7C8 /* PBXTargetDependency */ = {
			isa = PBXTargetDependency;
			target = A533D82525AA11F40046B7C8 /* XPCMail */;
			targetProxy = A533D82F25AA11F40046B7C8 /* PBXContainerItemProxy */;
		};
		A54E4A2126108E9600E7B1D4 /* PBXTargetDependency */ = {
			isa = PBXTargetDependency;
			target = A54E4A1626108E9600E7B1D4 /* XPCAuthentication */;
			targetProxy = A54E4A2026108E9600E7B1D4 /* PBXContainerItemProxy */;
		};
		A5C6DC0225796A93009DE750 /* PBXTargetDependency */ = {
			isa = PBXTargetDependency;
			target = A5C6DBED25796A90009DE750 /* Lock-Watcher */;
			targetProxy = A5C6DC0125796A93009DE750 /* PBXContainerItemProxy */;
		};
		A5C6DC0D25796A93009DE750 /* PBXTargetDependency */ = {
			isa = PBXTargetDependency;
			target = A5C6DBED25796A90009DE750 /* Lock-Watcher */;
			targetProxy = A5C6DC0C25796A93009DE750 /* PBXContainerItemProxy */;
		};
		A5E6D75C25A5BB6C00EEA7DD /* PBXTargetDependency */ = {
			isa = PBXTargetDependency;
			target = A5E6D75125A5BB6B00EEA7DD /* XPCPower */;
			targetProxy = A5E6D75B25A5BB6C00EEA7DD /* PBXContainerItemProxy */;
		};
/* End PBXTargetDependency section */

/* Begin XCBuildConfiguration section */
		A533D83325AA11F40046B7C8 /* Debug */ = {
			isa = XCBuildConfiguration;
			buildSettings = {
				CLANG_ENABLE_MODULES = YES;
				CODE_SIGN_ENTITLEMENTS = XPCMail/XPCMail.entitlements;
				CODE_SIGN_IDENTITY = "Apple Development";
				CODE_SIGN_STYLE = Automatic;
				COMBINE_HIDPI_IMAGES = YES;
				CURRENT_PROJECT_VERSION = 100;
				DEVELOPMENT_TEAM = DMP42GVPJ3;
				ENABLE_HARDENED_RUNTIME = YES;
				INFOPLIST_FILE = XPCMail/Info.plist;
				LD_RUNPATH_SEARCH_PATHS = (
					"$(inherited)",
					"@executable_path/../Frameworks",
					"@loader_path/../Frameworks",
				);
				MARKETING_VERSION = 1.0.0;
				PRODUCT_BUNDLE_IDENTIFIER = com.igrsoft.XPCMail;
				PRODUCT_NAME = "$(TARGET_NAME)";
				SKIP_INSTALL = YES;
				SWIFT_OBJC_BRIDGING_HEADER = "XPCMail/XPCMail-Bridging-Header.h";
				SWIFT_OPTIMIZATION_LEVEL = "-Onone";
				SWIFT_VERSION = 5.0;
			};
			name = Debug;
		};
		A533D83425AA11F40046B7C8 /* Release */ = {
			isa = XCBuildConfiguration;
			buildSettings = {
				CLANG_ENABLE_MODULES = YES;
				CODE_SIGN_ENTITLEMENTS = XPCMail/XPCMail.entitlements;
				CODE_SIGN_IDENTITY = "Apple Development";
				CODE_SIGN_STYLE = Automatic;
				COMBINE_HIDPI_IMAGES = YES;
				CURRENT_PROJECT_VERSION = 100;
				DEVELOPMENT_TEAM = DMP42GVPJ3;
				ENABLE_HARDENED_RUNTIME = YES;
				INFOPLIST_FILE = XPCMail/Info.plist;
				LD_RUNPATH_SEARCH_PATHS = (
					"$(inherited)",
					"@executable_path/../Frameworks",
					"@loader_path/../Frameworks",
				);
				MARKETING_VERSION = 1.0.0;
				PRODUCT_BUNDLE_IDENTIFIER = com.igrsoft.XPCMail;
				PRODUCT_NAME = "$(TARGET_NAME)";
				SKIP_INSTALL = YES;
				SWIFT_OBJC_BRIDGING_HEADER = "XPCMail/XPCMail-Bridging-Header.h";
				SWIFT_VERSION = 5.0;
			};
			name = Release;
		};
		A54E4A2326108E9600E7B1D4 /* Debug */ = {
			isa = XCBuildConfiguration;
			buildSettings = {
				CLANG_ENABLE_MODULES = YES;
				CODE_SIGN_ENTITLEMENTS = XPCAuthentication/XPCAuthentication.entitlements;
				CODE_SIGN_IDENTITY = "Apple Development";
				CODE_SIGN_STYLE = Automatic;
				COMBINE_HIDPI_IMAGES = YES;
				CURRENT_PROJECT_VERSION = 100;
				DEVELOPMENT_TEAM = DMP42GVPJ3;
				ENABLE_HARDENED_RUNTIME = YES;
				INFOPLIST_FILE = XPCAuthentication/Info.plist;
				LD_RUNPATH_SEARCH_PATHS = (
					"$(inherited)",
					"@executable_path/../Frameworks",
					"@loader_path/../Frameworks",
				);
				MARKETING_VERSION = 1.0.0;
				PRODUCT_BUNDLE_IDENTIFIER = com.igrsoft.XPCAuthentication;
				PRODUCT_NAME = "$(TARGET_NAME)";
				SKIP_INSTALL = YES;
				SWIFT_OPTIMIZATION_LEVEL = "-Onone";
				SWIFT_VERSION = 5.0;
			};
			name = Debug;
		};
		A54E4A2426108E9600E7B1D4 /* Release */ = {
			isa = XCBuildConfiguration;
			buildSettings = {
				CLANG_ENABLE_MODULES = YES;
				CODE_SIGN_ENTITLEMENTS = XPCAuthentication/XPCAuthentication.entitlements;
				CODE_SIGN_IDENTITY = "Apple Development";
				CODE_SIGN_STYLE = Automatic;
				COMBINE_HIDPI_IMAGES = YES;
				CURRENT_PROJECT_VERSION = 100;
				DEVELOPMENT_TEAM = DMP42GVPJ3;
				ENABLE_HARDENED_RUNTIME = YES;
				INFOPLIST_FILE = XPCAuthentication/Info.plist;
				LD_RUNPATH_SEARCH_PATHS = (
					"$(inherited)",
					"@executable_path/../Frameworks",
					"@loader_path/../Frameworks",
				);
				MARKETING_VERSION = 1.0.0;
				PRODUCT_BUNDLE_IDENTIFIER = com.igrsoft.XPCAuthentication;
				PRODUCT_NAME = "$(TARGET_NAME)";
				SKIP_INSTALL = YES;
				SWIFT_VERSION = 5.0;
			};
			name = Release;
		};
		A5C6DC1225796A93009DE750 /* Debug */ = {
			isa = XCBuildConfiguration;
			buildSettings = {
				ALWAYS_SEARCH_USER_PATHS = NO;
				CLANG_ANALYZER_NONNULL = YES;
				CLANG_ANALYZER_NUMBER_OBJECT_CONVERSION = YES_AGGRESSIVE;
				CLANG_CXX_LANGUAGE_STANDARD = "gnu++14";
				CLANG_CXX_LIBRARY = "libc++";
				CLANG_ENABLE_MODULES = YES;
				CLANG_ENABLE_OBJC_ARC = YES;
				CLANG_ENABLE_OBJC_WEAK = YES;
				CLANG_WARN_BLOCK_CAPTURE_AUTORELEASING = YES;
				CLANG_WARN_BOOL_CONVERSION = YES;
				CLANG_WARN_COMMA = YES;
				CLANG_WARN_CONSTANT_CONVERSION = YES;
				CLANG_WARN_DEPRECATED_OBJC_IMPLEMENTATIONS = YES;
				CLANG_WARN_DIRECT_OBJC_ISA_USAGE = YES_ERROR;
				CLANG_WARN_DOCUMENTATION_COMMENTS = YES;
				CLANG_WARN_EMPTY_BODY = YES;
				CLANG_WARN_ENUM_CONVERSION = YES;
				CLANG_WARN_INFINITE_RECURSION = YES;
				CLANG_WARN_INT_CONVERSION = YES;
				CLANG_WARN_NON_LITERAL_NULL_CONVERSION = YES;
				CLANG_WARN_OBJC_IMPLICIT_RETAIN_SELF = YES;
				CLANG_WARN_OBJC_LITERAL_CONVERSION = YES;
				CLANG_WARN_OBJC_ROOT_CLASS = YES_ERROR;
				CLANG_WARN_QUOTED_INCLUDE_IN_FRAMEWORK_HEADER = YES;
				CLANG_WARN_RANGE_LOOP_ANALYSIS = YES;
				CLANG_WARN_STRICT_PROTOTYPES = YES;
				CLANG_WARN_SUSPICIOUS_MOVE = YES;
				CLANG_WARN_UNGUARDED_AVAILABILITY = YES_AGGRESSIVE;
				CLANG_WARN_UNREACHABLE_CODE = YES;
				CLANG_WARN__DUPLICATE_METHOD_MATCH = YES;
				COPY_PHASE_STRIP = NO;
				DEBUG_INFORMATION_FORMAT = dwarf;
				ENABLE_STRICT_OBJC_MSGSEND = YES;
				ENABLE_TESTABILITY = YES;
				GCC_C_LANGUAGE_STANDARD = gnu11;
				GCC_DYNAMIC_NO_PIC = NO;
				GCC_NO_COMMON_BLOCKS = YES;
				GCC_OPTIMIZATION_LEVEL = 0;
				GCC_PREPROCESSOR_DEFINITIONS = (
					"DEBUG=1",
					"$(inherited)",
				);
				GCC_WARN_64_TO_32_BIT_CONVERSION = YES;
				GCC_WARN_ABOUT_RETURN_TYPE = YES_ERROR;
				GCC_WARN_UNDECLARED_SELECTOR = YES;
				GCC_WARN_UNINITIALIZED_AUTOS = YES_AGGRESSIVE;
				GCC_WARN_UNUSED_FUNCTION = YES;
				GCC_WARN_UNUSED_VARIABLE = YES;
				MACOSX_DEPLOYMENT_TARGET = 11.0;
				MTL_ENABLE_DEBUG_INFO = INCLUDE_SOURCE;
				MTL_FAST_MATH = YES;
				ONLY_ACTIVE_ARCH = YES;
				SDKROOT = macosx;
				SWIFT_ACTIVE_COMPILATION_CONDITIONS = DEBUG;
				SWIFT_OPTIMIZATION_LEVEL = "-Onone";
			};
			name = Debug;
		};
		A5C6DC1325796A93009DE750 /* Release */ = {
			isa = XCBuildConfiguration;
			buildSettings = {
				ALWAYS_SEARCH_USER_PATHS = NO;
				CLANG_ANALYZER_NONNULL = YES;
				CLANG_ANALYZER_NUMBER_OBJECT_CONVERSION = YES_AGGRESSIVE;
				CLANG_CXX_LANGUAGE_STANDARD = "gnu++14";
				CLANG_CXX_LIBRARY = "libc++";
				CLANG_ENABLE_MODULES = YES;
				CLANG_ENABLE_OBJC_ARC = YES;
				CLANG_ENABLE_OBJC_WEAK = YES;
				CLANG_WARN_BLOCK_CAPTURE_AUTORELEASING = YES;
				CLANG_WARN_BOOL_CONVERSION = YES;
				CLANG_WARN_COMMA = YES;
				CLANG_WARN_CONSTANT_CONVERSION = YES;
				CLANG_WARN_DEPRECATED_OBJC_IMPLEMENTATIONS = YES;
				CLANG_WARN_DIRECT_OBJC_ISA_USAGE = YES_ERROR;
				CLANG_WARN_DOCUMENTATION_COMMENTS = YES;
				CLANG_WARN_EMPTY_BODY = YES;
				CLANG_WARN_ENUM_CONVERSION = YES;
				CLANG_WARN_INFINITE_RECURSION = YES;
				CLANG_WARN_INT_CONVERSION = YES;
				CLANG_WARN_NON_LITERAL_NULL_CONVERSION = YES;
				CLANG_WARN_OBJC_IMPLICIT_RETAIN_SELF = YES;
				CLANG_WARN_OBJC_LITERAL_CONVERSION = YES;
				CLANG_WARN_OBJC_ROOT_CLASS = YES_ERROR;
				CLANG_WARN_QUOTED_INCLUDE_IN_FRAMEWORK_HEADER = YES;
				CLANG_WARN_RANGE_LOOP_ANALYSIS = YES;
				CLANG_WARN_STRICT_PROTOTYPES = YES;
				CLANG_WARN_SUSPICIOUS_MOVE = YES;
				CLANG_WARN_UNGUARDED_AVAILABILITY = YES_AGGRESSIVE;
				CLANG_WARN_UNREACHABLE_CODE = YES;
				CLANG_WARN__DUPLICATE_METHOD_MATCH = YES;
				COPY_PHASE_STRIP = NO;
				DEBUG_INFORMATION_FORMAT = "dwarf-with-dsym";
				ENABLE_NS_ASSERTIONS = NO;
				ENABLE_STRICT_OBJC_MSGSEND = YES;
				GCC_C_LANGUAGE_STANDARD = gnu11;
				GCC_NO_COMMON_BLOCKS = YES;
				GCC_WARN_64_TO_32_BIT_CONVERSION = YES;
				GCC_WARN_ABOUT_RETURN_TYPE = YES_ERROR;
				GCC_WARN_UNDECLARED_SELECTOR = YES;
				GCC_WARN_UNINITIALIZED_AUTOS = YES_AGGRESSIVE;
				GCC_WARN_UNUSED_FUNCTION = YES;
				GCC_WARN_UNUSED_VARIABLE = YES;
				MACOSX_DEPLOYMENT_TARGET = 11.0;
				MTL_ENABLE_DEBUG_INFO = NO;
				MTL_FAST_MATH = YES;
				SDKROOT = macosx;
				SWIFT_COMPILATION_MODE = wholemodule;
				SWIFT_OPTIMIZATION_LEVEL = "-O";
			};
			name = Release;
		};
		A5C6DC1525796A93009DE750 /* Debug */ = {
			isa = XCBuildConfiguration;
			buildSettings = {
				ALWAYS_EMBED_SWIFT_STANDARD_LIBRARIES = YES;
				ASSETCATALOG_COMPILER_APPICON_NAME = AppIcon;
				ASSETCATALOG_COMPILER_GLOBAL_ACCENT_COLOR_NAME = AccentColor;
				CODE_SIGN_ENTITLEMENTS = Resources/Lock_Watcher.entitlements;
				CODE_SIGN_IDENTITY = "Apple Development";
				CODE_SIGN_STYLE = Automatic;
				COMBINE_HIDPI_IMAGES = YES;
				CURRENT_PROJECT_VERSION = 100;
				DEVELOPMENT_TEAM = DMP42GVPJ3;
				ENABLE_HARDENED_RUNTIME = YES;
				ENABLE_PREVIEWS = YES;
				INFOPLIST_FILE = "$(SRCROOT)/Resources/Info.plist";
				LD_RUNPATH_SEARCH_PATHS = (
					"$(inherited)",
					"@executable_path/../Frameworks",
				);
				MARKETING_VERSION = 1.0.0;
				PRODUCT_BUNDLE_IDENTIFIER = "com.igrsoft.Lock-Watcher";
				PRODUCT_NAME = "$(TARGET_NAME)";
				SWIFT_VERSION = 5.0;
			};
			name = Debug;
		};
		A5C6DC1625796A93009DE750 /* Release */ = {
			isa = XCBuildConfiguration;
			buildSettings = {
				ALWAYS_EMBED_SWIFT_STANDARD_LIBRARIES = YES;
				ASSETCATALOG_COMPILER_APPICON_NAME = AppIcon;
				ASSETCATALOG_COMPILER_GLOBAL_ACCENT_COLOR_NAME = AccentColor;
				CODE_SIGN_ENTITLEMENTS = Resources/Lock_Watcher.entitlements;
				CODE_SIGN_IDENTITY = "Apple Development";
				CODE_SIGN_STYLE = Automatic;
				COMBINE_HIDPI_IMAGES = YES;
				CURRENT_PROJECT_VERSION = 100;
				DEVELOPMENT_TEAM = DMP42GVPJ3;
				ENABLE_HARDENED_RUNTIME = YES;
				ENABLE_PREVIEWS = YES;
				INFOPLIST_FILE = "$(SRCROOT)/Resources/Info.plist";
				LD_RUNPATH_SEARCH_PATHS = (
					"$(inherited)",
					"@executable_path/../Frameworks",
				);
				MARKETING_VERSION = 1.0.0;
				PRODUCT_BUNDLE_IDENTIFIER = "com.igrsoft.Lock-Watcher";
				PRODUCT_NAME = "$(TARGET_NAME)";
				SWIFT_VERSION = 5.0;
			};
			name = Release;
		};
		A5C6DC1825796A93009DE750 /* Debug */ = {
			isa = XCBuildConfiguration;
			buildSettings = {
				ALWAYS_EMBED_SWIFT_STANDARD_LIBRARIES = YES;
				BUNDLE_LOADER = "$(TEST_HOST)";
				CODE_SIGN_STYLE = Automatic;
				COMBINE_HIDPI_IMAGES = YES;
				DEVELOPMENT_TEAM = DMP42GVPJ3;
				INFOPLIST_FILE = "Lock-WatcherTests/Info.plist";
				LD_RUNPATH_SEARCH_PATHS = (
					"$(inherited)",
					"@executable_path/../Frameworks",
					"@loader_path/../Frameworks",
				);
				PRODUCT_BUNDLE_IDENTIFIER = "com.igrsoft.Lock-WatcherTests";
				PRODUCT_NAME = "$(TARGET_NAME)";
				SWIFT_VERSION = 5.0;
				TEST_HOST = "$(BUILT_PRODUCTS_DIR)/Lock-Watcher.app/Contents/MacOS/Lock-Watcher";
			};
			name = Debug;
		};
		A5C6DC1925796A93009DE750 /* Release */ = {
			isa = XCBuildConfiguration;
			buildSettings = {
				ALWAYS_EMBED_SWIFT_STANDARD_LIBRARIES = YES;
				BUNDLE_LOADER = "$(TEST_HOST)";
				CODE_SIGN_STYLE = Automatic;
				COMBINE_HIDPI_IMAGES = YES;
				DEVELOPMENT_TEAM = DMP42GVPJ3;
				INFOPLIST_FILE = "Lock-WatcherTests/Info.plist";
				LD_RUNPATH_SEARCH_PATHS = (
					"$(inherited)",
					"@executable_path/../Frameworks",
					"@loader_path/../Frameworks",
				);
				PRODUCT_BUNDLE_IDENTIFIER = "com.igrsoft.Lock-WatcherTests";
				PRODUCT_NAME = "$(TARGET_NAME)";
				SWIFT_VERSION = 5.0;
				TEST_HOST = "$(BUILT_PRODUCTS_DIR)/Lock-Watcher.app/Contents/MacOS/Lock-Watcher";
			};
			name = Release;
		};
		A5C6DC1B25796A93009DE750 /* Debug */ = {
			isa = XCBuildConfiguration;
			buildSettings = {
				ALWAYS_EMBED_SWIFT_STANDARD_LIBRARIES = YES;
				CODE_SIGN_STYLE = Automatic;
				COMBINE_HIDPI_IMAGES = YES;
				DEVELOPMENT_TEAM = DMP42GVPJ3;
				INFOPLIST_FILE = "Lock-WatcherUITests/Info.plist";
				LD_RUNPATH_SEARCH_PATHS = (
					"$(inherited)",
					"@executable_path/../Frameworks",
					"@loader_path/../Frameworks",
				);
				PRODUCT_BUNDLE_IDENTIFIER = "com.igrsoft.Lock-WatcherUITests";
				PRODUCT_NAME = "$(TARGET_NAME)";
				SWIFT_VERSION = 5.0;
				TEST_TARGET_NAME = "Lock-Watcher";
			};
			name = Debug;
		};
		A5C6DC1C25796A93009DE750 /* Release */ = {
			isa = XCBuildConfiguration;
			buildSettings = {
				ALWAYS_EMBED_SWIFT_STANDARD_LIBRARIES = YES;
				CODE_SIGN_STYLE = Automatic;
				COMBINE_HIDPI_IMAGES = YES;
				DEVELOPMENT_TEAM = DMP42GVPJ3;
				INFOPLIST_FILE = "Lock-WatcherUITests/Info.plist";
				LD_RUNPATH_SEARCH_PATHS = (
					"$(inherited)",
					"@executable_path/../Frameworks",
					"@loader_path/../Frameworks",
				);
				PRODUCT_BUNDLE_IDENTIFIER = "com.igrsoft.Lock-WatcherUITests";
				PRODUCT_NAME = "$(TARGET_NAME)";
				SWIFT_VERSION = 5.0;
				TEST_TARGET_NAME = "Lock-Watcher";
			};
			name = Release;
		};
		A5E6D75F25A5BB6C00EEA7DD /* Debug */ = {
			isa = XCBuildConfiguration;
			buildSettings = {
				CLANG_ENABLE_MODULES = YES;
				CODE_SIGN_IDENTITY = "Apple Development";
				CODE_SIGN_STYLE = Automatic;
				COMBINE_HIDPI_IMAGES = YES;
				CURRENT_PROJECT_VERSION = 100;
				DEVELOPMENT_TEAM = DMP42GVPJ3;
				ENABLE_HARDENED_RUNTIME = YES;
				INFOPLIST_FILE = XPCPower/Info.plist;
				LD_RUNPATH_SEARCH_PATHS = (
					"$(inherited)",
					"@executable_path/../Frameworks",
					"@loader_path/../Frameworks",
				);
				MARKETING_VERSION = 1.0.0;
				PRODUCT_BUNDLE_IDENTIFIER = com.igrsoft.XPCPower;
				PRODUCT_NAME = "$(TARGET_NAME)";
				SKIP_INSTALL = YES;
				SWIFT_OBJC_BRIDGING_HEADER = "XPCPower/XPCPower-Bridging-Header.h";
				SWIFT_OPTIMIZATION_LEVEL = "-Onone";
				SWIFT_VERSION = 5.0;
			};
			name = Debug;
		};
		A5E6D76025A5BB6C00EEA7DD /* Release */ = {
			isa = XCBuildConfiguration;
			buildSettings = {
				CLANG_ENABLE_MODULES = YES;
				CODE_SIGN_IDENTITY = "Apple Development";
				CODE_SIGN_STYLE = Automatic;
				COMBINE_HIDPI_IMAGES = YES;
				CURRENT_PROJECT_VERSION = 100;
				DEVELOPMENT_TEAM = DMP42GVPJ3;
				ENABLE_HARDENED_RUNTIME = YES;
				INFOPLIST_FILE = XPCPower/Info.plist;
				LD_RUNPATH_SEARCH_PATHS = (
					"$(inherited)",
					"@executable_path/../Frameworks",
					"@loader_path/../Frameworks",
				);
				MARKETING_VERSION = 1.0.0;
				PRODUCT_BUNDLE_IDENTIFIER = com.igrsoft.XPCPower;
				PRODUCT_NAME = "$(TARGET_NAME)";
				SKIP_INSTALL = YES;
				SWIFT_OBJC_BRIDGING_HEADER = "XPCPower/XPCPower-Bridging-Header.h";
				SWIFT_VERSION = 5.0;
			};
			name = Release;
		};
/* End XCBuildConfiguration section */

/* Begin XCConfigurationList section */
		A533D83225AA11F40046B7C8 /* Build configuration list for PBXNativeTarget "XPCMail" */ = {
			isa = XCConfigurationList;
			buildConfigurations = (
				A533D83325AA11F40046B7C8 /* Debug */,
				A533D83425AA11F40046B7C8 /* Release */,
			);
			defaultConfigurationIsVisible = 0;
			defaultConfigurationName = Release;
		};
		A54E4A2526108E9600E7B1D4 /* Build configuration list for PBXNativeTarget "XPCAuthentication" */ = {
			isa = XCConfigurationList;
			buildConfigurations = (
				A54E4A2326108E9600E7B1D4 /* Debug */,
				A54E4A2426108E9600E7B1D4 /* Release */,
			);
			defaultConfigurationIsVisible = 0;
			defaultConfigurationName = Release;
		};
		A5C6DBE925796A90009DE750 /* Build configuration list for PBXProject "Lock-Watcher" */ = {
			isa = XCConfigurationList;
			buildConfigurations = (
				A5C6DC1225796A93009DE750 /* Debug */,
				A5C6DC1325796A93009DE750 /* Release */,
			);
			defaultConfigurationIsVisible = 0;
			defaultConfigurationName = Release;
		};
		A5C6DC1425796A93009DE750 /* Build configuration list for PBXNativeTarget "Lock-Watcher" */ = {
			isa = XCConfigurationList;
			buildConfigurations = (
				A5C6DC1525796A93009DE750 /* Debug */,
				A5C6DC1625796A93009DE750 /* Release */,
			);
			defaultConfigurationIsVisible = 0;
			defaultConfigurationName = Release;
		};
		A5C6DC1725796A93009DE750 /* Build configuration list for PBXNativeTarget "Lock-WatcherTests" */ = {
			isa = XCConfigurationList;
			buildConfigurations = (
				A5C6DC1825796A93009DE750 /* Debug */,
				A5C6DC1925796A93009DE750 /* Release */,
			);
			defaultConfigurationIsVisible = 0;
			defaultConfigurationName = Release;
		};
		A5C6DC1A25796A93009DE750 /* Build configuration list for PBXNativeTarget "Lock-WatcherUITests" */ = {
			isa = XCConfigurationList;
			buildConfigurations = (
				A5C6DC1B25796A93009DE750 /* Debug */,
				A5C6DC1C25796A93009DE750 /* Release */,
			);
			defaultConfigurationIsVisible = 0;
			defaultConfigurationName = Release;
		};
		A5E6D75E25A5BB6C00EEA7DD /* Build configuration list for PBXNativeTarget "XPCPower" */ = {
			isa = XCConfigurationList;
			buildConfigurations = (
				A5E6D75F25A5BB6C00EEA7DD /* Debug */,
				A5E6D76025A5BB6C00EEA7DD /* Release */,
			);
			defaultConfigurationIsVisible = 0;
			defaultConfigurationName = Release;
		};
/* End XCConfigurationList section */

/* Begin XCRemoteSwiftPackageReference section */
		A533D7BA25A8FCC20046B7C8 /* XCRemoteSwiftPackageReference "LaunchAtLogin" */ = {
			isa = XCRemoteSwiftPackageReference;
			repositoryURL = "https://github.com/sindresorhus/LaunchAtLogin";
			requirement = {
				kind = upToNextMajorVersion;
				minimumVersion = 4.0.0;
			};
		};
		A5C6DC4425796CCB009DE750 /* XCRemoteSwiftPackageReference "PhotoSnap" */ = {
			isa = XCRemoteSwiftPackageReference;
			repositoryURL = "https://github.com/IGRSoft/PhotoSnap.git";
			requirement = {
				kind = upToNextMinorVersion;
				minimumVersion = 0.2.0;
			};
		};
/* End XCRemoteSwiftPackageReference section */

/* Begin XCSwiftPackageProductDependency section */
		A533D7BB25A8FCC20046B7C8 /* LaunchAtLogin */ = {
			isa = XCSwiftPackageProductDependency;
			package = A533D7BA25A8FCC20046B7C8 /* XCRemoteSwiftPackageReference "LaunchAtLogin" */;
			productName = LaunchAtLogin;
		};
		A5C6DC4525796CCB009DE750 /* PhotoSnap */ = {
			isa = XCSwiftPackageProductDependency;
			package = A5C6DC4425796CCB009DE750 /* XCRemoteSwiftPackageReference "PhotoSnap" */;
			productName = PhotoSnap;
		};
/* End XCSwiftPackageProductDependency section */
	};
	rootObject = A5C6DBE625796A90009DE750 /* Project object */;
}
