// !$*UTF8*$!
{
	archiveVersion = 1;
	classes = {
	};
	objectVersion = 55;
	objects = {

/* Begin PBXBuildFile section */
		A519997A26D92D4400F482BC /* SwiftyDropbox in Frameworks */ = {isa = PBXBuildFile; productRef = A519997926D92D4400F482BC /* SwiftyDropbox */; };
		A519997C26D92E6100F482BC /* DropboxNotifier.swift in Sources */ = {isa = PBXBuildFile; fileRef = A519997B26D92E6100F482BC /* DropboxNotifier.swift */; };
		A519998126DA41C700F482BC /* DatabaseManager.swift in Sources */ = {isa = PBXBuildFile; fileRef = A519998026DA41C700F482BC /* DatabaseManager.swift */; };
		A519998426DA4AD400F482BC /* EasyStash in Frameworks */ = {isa = PBXBuildFile; productRef = A519998326DA4AD400F482BC /* EasyStash */; };
		A519998626DA4BFB00F482BC /* DatabaseDto.swift in Sources */ = {isa = PBXBuildFile; fileRef = A519998526DA4BFB00F482BC /* DatabaseDto.swift */; };
		A51999A226DA764A00F482BC /* Localizable.strings in Resources */ = {isa = PBXBuildFile; fileRef = A519999A26DA764A00F482BC /* Localizable.strings */; };
		A51999A326DA764A00F482BC /* Assets.xcassets in Resources */ = {isa = PBXBuildFile; fileRef = A519999D26DA764A00F482BC /* Assets.xcassets */; };
		A5258AC72831652B0034E32F /* FirstLaunchViews.swift in Sources */ = {isa = PBXBuildFile; fileRef = A5258AC62831652B0034E32F /* FirstLaunchViews.swift */; };
		A5258AC82831652B0034E32F /* FirstLaunchViews.swift in Sources */ = {isa = PBXBuildFile; fileRef = A5258AC62831652B0034E32F /* FirstLaunchViews.swift */; };
		A533D7B525A8F9A60046B7C8 /* EmptyView.swift in Sources */ = {isa = PBXBuildFile; fileRef = A533D7B425A8F9A60046B7C8 /* EmptyView.swift */; };
		A533D7BC25A8FCC20046B7C8 /* LaunchAtLogin in Frameworks */ = {isa = PBXBuildFile; productRef = A533D7BB25A8FCC20046B7C8 /* LaunchAtLogin */; };
		A533D7C725A9D96A0046B7C8 /* WakeUpListener.swift in Sources */ = {isa = PBXBuildFile; fileRef = A533D7C625A9D96A0046B7C8 /* WakeUpListener.swift */; };
		A533D7D425A9E31F0046B7C8 /* FileSystemUtil.swift in Sources */ = {isa = PBXBuildFile; fileRef = A533D7D325A9E31F0046B7C8 /* FileSystemUtil.swift */; };
		A533D7DE25A9EDA30046B7C8 /* ThiefDto.swift in Sources */ = {isa = PBXBuildFile; fileRef = A533D7DD25A9EDA30046B7C8 /* ThiefDto.swift */; };
		A533D82B25AA11F40046B7C8 /* XPCMail.m in Sources */ = {isa = PBXBuildFile; fileRef = A533D82A25AA11F40046B7C8 /* XPCMail.m */; };
		A533D82D25AA11F40046B7C8 /* main.m in Sources */ = {isa = PBXBuildFile; fileRef = A533D82C25AA11F40046B7C8 /* main.m */; };
		A533D83C25AA12110046B7C8 /* XPCMailProtocol.swift in Sources */ = {isa = PBXBuildFile; fileRef = A533D83B25AA12110046B7C8 /* XPCMailProtocol.swift */; };
		A533D84325AA126B0046B7C8 /* Mail.app in Resources */ = {isa = PBXBuildFile; fileRef = A533D84225AA126B0046B7C8 /* Mail.app */; };
		A533D85425AA1BB60046B7C8 /* XPCMailProtocol.swift in Sources */ = {isa = PBXBuildFile; fileRef = A533D83B25AA12110046B7C8 /* XPCMailProtocol.swift */; };
		A535F5D227B9165F0096D0C3 /* SimpleTracer in Frameworks */ = {isa = PBXBuildFile; productRef = A535F5D127B9165F0096D0C3 /* SimpleTracer */; };
		A535F5D427B9166E0096D0C3 /* SimpleTracer in Frameworks */ = {isa = PBXBuildFile; productRef = A535F5D327B9166E0096D0C3 /* SimpleTracer */; };
		A541188027649FB2007C6AB8 /* WrongPasswordListener.swift in Sources */ = {isa = PBXBuildFile; fileRef = A533D7CC25A9D9E30046B7C8 /* WrongPasswordListener.swift */; };
		A541188127649FC4007C6AB8 /* MailNotifier.swift in Sources */ = {isa = PBXBuildFile; fileRef = A533D80225AA0F1A0046B7C8 /* MailNotifier.swift */; };
		A5457A8C26C1FB1400386738 /* NSImage+IGRExtension.swift in Sources */ = {isa = PBXBuildFile; fileRef = A5457A8B26C1FB1400386738 /* NSImage+IGRExtension.swift */; };
		A54A1F7A2703769800176069 /* LoginListener.swift in Sources */ = {isa = PBXBuildFile; fileRef = A54A1F792703769800176069 /* LoginListener.swift */; };
		A54A1F7B2703769800176069 /* LoginListener.swift in Sources */ = {isa = PBXBuildFile; fileRef = A54A1F792703769800176069 /* LoginListener.swift */; };
		A54E4A2E26108ED300E7B1D4 /* XPCAuthenticationProtocol.swift in Sources */ = {isa = PBXBuildFile; fileRef = A54E4A2D26108ED300E7B1D4 /* XPCAuthenticationProtocol.swift */; };
		A54E4A2F26108ED300E7B1D4 /* XPCAuthenticationProtocol.swift in Sources */ = {isa = PBXBuildFile; fileRef = A54E4A2D26108ED300E7B1D4 /* XPCAuthenticationProtocol.swift */; };
		A54E4A582610AA3D00E7B1D4 /* main.swift in Sources */ = {isa = PBXBuildFile; fileRef = A54E4A562610AA3C00E7B1D4 /* main.swift */; };
		A54E4A592610AA3D00E7B1D4 /* XPCAuthentication.swift in Sources */ = {isa = PBXBuildFile; fileRef = A54E4A572610AA3C00E7B1D4 /* XPCAuthentication.swift */; };
		A56CFFBB27A48D6A00CB137B /* String+Regex.swift in Sources */ = {isa = PBXBuildFile; fileRef = A56CFFBA27A48D6A00CB137B /* String+Regex.swift */; };
		A56CFFBC27A48D6A00CB137B /* String+Regex.swift in Sources */ = {isa = PBXBuildFile; fileRef = A56CFFBA27A48D6A00CB137B /* String+Regex.swift */; };
		A56D11E126DBEC7D00BEBEC2 /* UserDefault+IGRExtension.swift in Sources */ = {isa = PBXBuildFile; fileRef = A56D11E026DBEC7D00BEBEC2 /* UserDefault+IGRExtension.swift */; };
		A56F1A7D278A29630066CA78 /* DispatchQueue+IGRExtension.swift in Sources */ = {isa = PBXBuildFile; fileRef = A56F1A7C278A29630066CA78 /* DispatchQueue+IGRExtension.swift */; };
		A56F1A7E278A29630066CA78 /* DispatchQueue+IGRExtension.swift in Sources */ = {isa = PBXBuildFile; fileRef = A56F1A7C278A29630066CA78 /* DispatchQueue+IGRExtension.swift */; };
		A58D768925A5DDBF00EC3792 /* XPCPowerProtocol.swift in Sources */ = {isa = PBXBuildFile; fileRef = A5E6D76E25A5BC8B00EEA7DD /* XPCPowerProtocol.swift */; };
		A58FC72C26E2814E007674F6 /* DatabaseDto.swift in Sources */ = {isa = PBXBuildFile; fileRef = A519998526DA4BFB00F482BC /* DatabaseDto.swift */; };
		A58FC72D26E2814E007674F6 /* XPCMailProtocol.swift in Sources */ = {isa = PBXBuildFile; fileRef = A533D83B25AA12110046B7C8 /* XPCMailProtocol.swift */; };
		A58FC72E26E2814E007674F6 /* WrongPasswordListener.swift in Sources */ = {isa = PBXBuildFile; fileRef = A533D7CC25A9D9E30046B7C8 /* WrongPasswordListener.swift */; };
		A58FC72F26E2814E007674F6 /* BaseListener.swift in Sources */ = {isa = PBXBuildFile; fileRef = A5E6D79425A5D13000EEA7DD /* BaseListener.swift */; };
		A58FC73026E2814E007674F6 /* USBListener.swift in Sources */ = {isa = PBXBuildFile; fileRef = A5A0788C26B9A78400A7D578 /* USBListener.swift */; };
		A58FC73126E2814E007674F6 /* FileSystemUtil.swift in Sources */ = {isa = PBXBuildFile; fileRef = A533D7D325A9E31F0046B7C8 /* FileSystemUtil.swift */; };
		A58FC73226E2814E007674F6 /* SettingsView.swift in Sources */ = {isa = PBXBuildFile; fileRef = A5C6DBF325796A90009DE750 /* SettingsView.swift */; };
		A58FC73326E2814E007674F6 /* UserDefault+IGRExtension.swift in Sources */ = {isa = PBXBuildFile; fileRef = A56D11E026DBEC7D00BEBEC2 /* UserDefault+IGRExtension.swift */; };
		A58FC73426E2814E007674F6 /* ThiefDto.swift in Sources */ = {isa = PBXBuildFile; fileRef = A533D7DD25A9EDA30046B7C8 /* ThiefDto.swift */; };
		A58FC73526E2814E007674F6 /* PowerListener.swift in Sources */ = {isa = PBXBuildFile; fileRef = A5E6D79E25A5D1AE00EEA7DD /* PowerListener.swift */; };
		A58FC73626E2814E007674F6 /* TrigerManager.swift in Sources */ = {isa = PBXBuildFile; fileRef = A5E6D78D25A5CD2E00EEA7DD /* TrigerManager.swift */; };
		A58FC73726E2814E007674F6 /* NSImage+IGRExtension.swift in Sources */ = {isa = PBXBuildFile; fileRef = A5457A8B26C1FB1400386738 /* NSImage+IGRExtension.swift */; };
		A58FC73826E2814E007674F6 /* AppSettings.swift in Sources */ = {isa = PBXBuildFile; fileRef = A5E6D7A525A5D1EB00EEA7DD /* AppSettings.swift */; };
		A58FC73926E2814E007674F6 /* Lock_WatcherApp.swift in Sources */ = {isa = PBXBuildFile; fileRef = A5C6DBF125796A90009DE750 /* Lock_WatcherApp.swift */; };
		A58FC73A26E2814E007674F6 /* iCloudNotifier.swift in Sources */ = {isa = PBXBuildFile; fileRef = A5C3E73526C1EA7B003D0BF5 /* iCloudNotifier.swift */; };
		A58FC73B26E2814E007674F6 /* EmptyView.swift in Sources */ = {isa = PBXBuildFile; fileRef = A533D7B425A8F9A60046B7C8 /* EmptyView.swift */; };
		A58FC73C26E2814E007674F6 /* XPCAuthenticationProtocol.swift in Sources */ = {isa = PBXBuildFile; fileRef = A54E4A2D26108ED300E7B1D4 /* XPCAuthenticationProtocol.swift */; };
		A58FC73D26E2814E007674F6 /* NotificationManager.swift in Sources */ = {isa = PBXBuildFile; fileRef = A5E6D78725A5CC3600EEA7DD /* NotificationManager.swift */; };
		A58FC73E26E2814E007674F6 /* ThiefManager.swift in Sources */ = {isa = PBXBuildFile; fileRef = A5E6D78125A5CBD300EEA7DD /* ThiefManager.swift */; };
		A58FC73F26E2814E007674F6 /* DatabaseManager.swift in Sources */ = {isa = PBXBuildFile; fileRef = A519998026DA41C700F482BC /* DatabaseManager.swift */; };
		A58FC74026E2814E007674F6 /* XPCPowerProtocol.swift in Sources */ = {isa = PBXBuildFile; fileRef = A5E6D76E25A5BC8B00EEA7DD /* XPCPowerProtocol.swift */; };
		A58FC74126E2814E007674F6 /* WakeUpListener.swift in Sources */ = {isa = PBXBuildFile; fileRef = A533D7C625A9D96A0046B7C8 /* WakeUpListener.swift */; };
		A58FC74226E2814E007674F6 /* DropboxNotifier.swift in Sources */ = {isa = PBXBuildFile; fileRef = A519997B26D92E6100F482BC /* DropboxNotifier.swift */; };
		A58FC74526E2814E007674F6 /* LaunchAtLogin in Frameworks */ = {isa = PBXBuildFile; productRef = A58FC72526E2814E007674F6 /* LaunchAtLogin */; };
		A58FC74626E2814E007674F6 /* PhotoSnap in Frameworks */ = {isa = PBXBuildFile; productRef = A58FC72326E2814E007674F6 /* PhotoSnap */; };
		A58FC74726E2814E007674F6 /* EasyStash in Frameworks */ = {isa = PBXBuildFile; productRef = A58FC72926E2814E007674F6 /* EasyStash */; };
		A58FC74826E2814E007674F6 /* SwiftyDropbox in Frameworks */ = {isa = PBXBuildFile; productRef = A58FC72726E2814E007674F6 /* SwiftyDropbox */; };
		A58FC74A26E2814E007674F6 /* Assets.xcassets in Resources */ = {isa = PBXBuildFile; fileRef = A519999D26DA764A00F482BC /* Assets.xcassets */; };
		A58FC74B26E2814E007674F6 /* Localizable.strings in Resources */ = {isa = PBXBuildFile; fileRef = A519999A26DA764A00F482BC /* Localizable.strings */; };
		A58FC74D26E2814E007674F6 /* XPCAuthentication.xpc in Embed XPC Services */ = {isa = PBXBuildFile; fileRef = A54E4A1726108E9600E7B1D4 /* XPCAuthentication.xpc */; settings = {ATTRIBUTES = (RemoveHeadersOnCopy, ); }; };
		A58FC74E26E2814E007674F6 /* XPCPower.xpc in Embed XPC Services */ = {isa = PBXBuildFile; fileRef = A5E6D75225A5BB6B00EEA7DD /* XPCPower.xpc */; settings = {ATTRIBUTES = (RemoveHeadersOnCopy, ); }; };
		A58FC75526E281AE007674F6 /* XPCMail.xpc in Embed XPC Services */ = {isa = PBXBuildFile; fileRef = A533D82625AA11F40046B7C8 /* XPCMail.xpc */; settings = {ATTRIBUTES = (RemoveHeadersOnCopy, ); }; };
		A58FC76326E282C7007674F6 /* MailNotifier.swift in Sources */ = {isa = PBXBuildFile; fileRef = A533D80225AA0F1A0046B7C8 /* MailNotifier.swift */; };
		A58FC76726E2870E007674F6 /* Preview.swift in Sources */ = {isa = PBXBuildFile; fileRef = A58FC76626E2870E007674F6 /* Preview.swift */; };
		A58FC76826E2870E007674F6 /* Preview.swift in Sources */ = {isa = PBXBuildFile; fileRef = A58FC76626E2870E007674F6 /* Preview.swift */; };
		A599EB2327AAF9DF003A69B5 /* SecurityAlertView.swift in Sources */ = {isa = PBXBuildFile; fileRef = A599EB2227AAF9DF003A69B5 /* SecurityAlertView.swift */; };
		A599EB2427AAF9DF003A69B5 /* SecurityAlertView.swift in Sources */ = {isa = PBXBuildFile; fileRef = A599EB2227AAF9DF003A69B5 /* SecurityAlertView.swift */; };
		A599EB2927AB0B07003A69B5 /* SecurityUtil.swift in Sources */ = {isa = PBXBuildFile; fileRef = A599EB2827AB0B07003A69B5 /* SecurityUtil.swift */; };
		A599EB2A27AB0B07003A69B5 /* SecurityUtil.swift in Sources */ = {isa = PBXBuildFile; fileRef = A599EB2827AB0B07003A69B5 /* SecurityUtil.swift */; };
		A599EB2D27AB0BE1003A69B5 /* KeychainAccess in Frameworks */ = {isa = PBXBuildFile; productRef = A599EB2C27AB0BE1003A69B5 /* KeychainAccess */; };
		A599EB2F27AB0C09003A69B5 /* KeychainAccess in Frameworks */ = {isa = PBXBuildFile; productRef = A599EB2E27AB0C09003A69B5 /* KeychainAccess */; };
		A599EB3127AB1259003A69B5 /* BaseView.swift in Sources */ = {isa = PBXBuildFile; fileRef = A599EB3027AB1259003A69B5 /* BaseView.swift */; };
		A599EB3227AB1259003A69B5 /* BaseView.swift in Sources */ = {isa = PBXBuildFile; fileRef = A599EB3027AB1259003A69B5 /* BaseView.swift */; };
		A599EB3427AB1BF0003A69B5 /* policy.html in Resources */ = {isa = PBXBuildFile; fileRef = A599EB3327AB1BF0003A69B5 /* policy.html */; };
		A599EB3527AB1BF0003A69B5 /* policy.html in Resources */ = {isa = PBXBuildFile; fileRef = A599EB3327AB1BF0003A69B5 /* policy.html */; };
		A5A0788D26B9A78400A7D578 /* USBListener.swift in Sources */ = {isa = PBXBuildFile; fileRef = A5A0788C26B9A78400A7D578 /* USBListener.swift */; };
		A5AA31D72778961400A064B6 /* NotificationNotifier.swift in Sources */ = {isa = PBXBuildFile; fileRef = A5AA31D62778961400A064B6 /* NotificationNotifier.swift */; };
		A5AA31D82778961400A064B6 /* NotificationNotifier.swift in Sources */ = {isa = PBXBuildFile; fileRef = A5AA31D62778961400A064B6 /* NotificationNotifier.swift */; };
		A5AA31DF2778D5BF00A064B6 /* DetectSnapshotViews.swift in Sources */ = {isa = PBXBuildFile; fileRef = A5AA31DE2778D5BF00A064B6 /* DetectSnapshotViews.swift */; };
		A5AA31E02778D5BF00A064B6 /* DetectSnapshotViews.swift in Sources */ = {isa = PBXBuildFile; fileRef = A5AA31DE2778D5BF00A064B6 /* DetectSnapshotViews.swift */; };
		A5AA31E22778D64400A064B6 /* SaveSnapshotViews.swift in Sources */ = {isa = PBXBuildFile; fileRef = A5AA31E12778D64400A064B6 /* SaveSnapshotViews.swift */; };
		A5AA31E32778D64400A064B6 /* SaveSnapshotViews.swift in Sources */ = {isa = PBXBuildFile; fileRef = A5AA31E12778D64400A064B6 /* SaveSnapshotViews.swift */; };
		A5AA31E82778D6E600A064B6 /* InfoViews.swift in Sources */ = {isa = PBXBuildFile; fileRef = A5AA31E72778D6E600A064B6 /* InfoViews.swift */; };
		A5AA31E92778D6E600A064B6 /* InfoViews.swift in Sources */ = {isa = PBXBuildFile; fileRef = A5AA31E72778D6E600A064B6 /* InfoViews.swift */; };
		A5ACC7C727835BF800999CF0 /* NetworkUtil.swift in Sources */ = {isa = PBXBuildFile; fileRef = A5ACC7C627835BF800999CF0 /* NetworkUtil.swift */; };
		A5ACC7C827835BF800999CF0 /* NetworkUtil.swift in Sources */ = {isa = PBXBuildFile; fileRef = A5ACC7C627835BF800999CF0 /* NetworkUtil.swift */; };
		A5C3E73626C1EA7B003D0BF5 /* iCloudNotifier.swift in Sources */ = {isa = PBXBuildFile; fileRef = A5C3E73526C1EA7B003D0BF5 /* iCloudNotifier.swift */; };
		A5C6DBF225796A90009DE750 /* Lock_WatcherApp.swift in Sources */ = {isa = PBXBuildFile; fileRef = A5C6DBF125796A90009DE750 /* Lock_WatcherApp.swift */; };
		A5C6DBF425796A90009DE750 /* SettingsView.swift in Sources */ = {isa = PBXBuildFile; fileRef = A5C6DBF325796A90009DE750 /* SettingsView.swift */; };
		A5C6DC0525796A93009DE750 /* Lock_WatcherTests.swift in Sources */ = {isa = PBXBuildFile; fileRef = A5C6DC0425796A93009DE750 /* Lock_WatcherTests.swift */; };
		A5C6DC1025796A93009DE750 /* Lock_WatcherUITests.swift in Sources */ = {isa = PBXBuildFile; fileRef = A5C6DC0F25796A93009DE750 /* Lock_WatcherUITests.swift */; };
		A5C6DC4625796CCB009DE750 /* PhotoSnap in Frameworks */ = {isa = PBXBuildFile; productRef = A5C6DC4525796CCB009DE750 /* PhotoSnap */; };
		A5D23E3027A1DFAE001C0370 /* FirstLaunchView.swift in Sources */ = {isa = PBXBuildFile; fileRef = A5D23E2F27A1DFAE001C0370 /* FirstLaunchView.swift */; };
		A5D23E3127A1DFAE001C0370 /* FirstLaunchView.swift in Sources */ = {isa = PBXBuildFile; fileRef = A5D23E2F27A1DFAE001C0370 /* FirstLaunchView.swift */; };
		A5D23E3327A1E4BA001C0370 /* View+OpenWindow.swift in Sources */ = {isa = PBXBuildFile; fileRef = A5D23E3227A1E4BA001C0370 /* View+OpenWindow.swift */; };
		A5D23E3427A1E4BA001C0370 /* View+OpenWindow.swift in Sources */ = {isa = PBXBuildFile; fileRef = A5D23E3227A1E4BA001C0370 /* View+OpenWindow.swift */; };
		A5E6D75725A5BB6C00EEA7DD /* XPCPower.m in Sources */ = {isa = PBXBuildFile; fileRef = A5E6D75625A5BB6C00EEA7DD /* XPCPower.m */; };
		A5E6D75925A5BB6C00EEA7DD /* main.m in Sources */ = {isa = PBXBuildFile; fileRef = A5E6D75825A5BB6C00EEA7DD /* main.m */; };
		A5E6D75D25A5BB6C00EEA7DD /* XPCPower.xpc in Embed XPC Services */ = {isa = PBXBuildFile; fileRef = A5E6D75225A5BB6B00EEA7DD /* XPCPower.xpc */; settings = {ATTRIBUTES = (RemoveHeadersOnCopy, ); }; };
		A5E6D76825A5BC1B00EEA7DD /* IOKit.framework in Frameworks */ = {isa = PBXBuildFile; fileRef = A5E6D76725A5BC1B00EEA7DD /* IOKit.framework */; };
		A5E6D76F25A5BC8B00EEA7DD /* XPCPowerProtocol.swift in Sources */ = {isa = PBXBuildFile; fileRef = A5E6D76E25A5BC8B00EEA7DD /* XPCPowerProtocol.swift */; };
		A5E6D78225A5CBD300EEA7DD /* ThiefManager.swift in Sources */ = {isa = PBXBuildFile; fileRef = A5E6D78125A5CBD300EEA7DD /* ThiefManager.swift */; };
		A5E6D78825A5CC3600EEA7DD /* NotificationManager.swift in Sources */ = {isa = PBXBuildFile; fileRef = A5E6D78725A5CC3600EEA7DD /* NotificationManager.swift */; };
		A5E6D78E25A5CD2E00EEA7DD /* TrigerManager.swift in Sources */ = {isa = PBXBuildFile; fileRef = A5E6D78D25A5CD2E00EEA7DD /* TrigerManager.swift */; };
		A5E6D79525A5D13000EEA7DD /* BaseListener.swift in Sources */ = {isa = PBXBuildFile; fileRef = A5E6D79425A5D13000EEA7DD /* BaseListener.swift */; };
		A5E6D79F25A5D1AE00EEA7DD /* PowerListener.swift in Sources */ = {isa = PBXBuildFile; fileRef = A5E6D79E25A5D1AE00EEA7DD /* PowerListener.swift */; };
		A5E6D7A625A5D1EB00EEA7DD /* AppSettings.swift in Sources */ = {isa = PBXBuildFile; fileRef = A5E6D7A525A5D1EB00EEA7DD /* AppSettings.swift */; };
		A5EFE8B826E2B587001FC4EA /* Date+IGRExtension.swift in Sources */ = {isa = PBXBuildFile; fileRef = A5EFE8B726E2B587001FC4EA /* Date+IGRExtension.swift */; };
		A5EFE8B926E2B587001FC4EA /* Date+IGRExtension.swift in Sources */ = {isa = PBXBuildFile; fileRef = A5EFE8B726E2B587001FC4EA /* Date+IGRExtension.swift */; };
		A5F4B5422836C0D1001A2413 /* ExtendedDivider.swift in Sources */ = {isa = PBXBuildFile; fileRef = A5F4B5412836C0D1001A2413 /* ExtendedDivider.swift */; };
		A5F4B5432836C0D1001A2413 /* ExtendedDivider.swift in Sources */ = {isa = PBXBuildFile; fileRef = A5F4B5412836C0D1001A2413 /* ExtendedDivider.swift */; };
/* End PBXBuildFile section */

/* Begin PBXBuildRule section */
		A533D84925AA12AF0046B7C8 /* PBXBuildRule */ = {
			isa = PBXBuildRule;
			compilerSpec = com.apple.compilers.proxy.script;
			filePatterns = "*.app";
			fileType = pattern.proxy;
			inputFiles = (
			);
			isEditable = 1;
			outputFiles = (
				"$(DERIVED_FILES_DIR)/$(INPUT_FILE_BASE).h",
			);
			script = "sdef \"$INPUT_FILE_PATH\" | sdp -fh -o \"$DERIVED_FILES_DIR\" --basename \"$INPUT_FILE_BASE\" --bundleid `defaults read \"$INPUT_FILE_PATH/Contents/Info\" CFBundleIdentifier`\n";
		};
/* End PBXBuildRule section */

/* Begin PBXContainerItemProxy section */
		A58FC72026E2814E007674F6 /* PBXContainerItemProxy */ = {
			isa = PBXContainerItemProxy;
			containerPortal = A5C6DBE625796A90009DE750 /* Project object */;
			proxyType = 1;
			remoteGlobalIDString = A5E6D75125A5BB6B00EEA7DD;
			remoteInfo = XPCPower;
		};
		A58FC72226E2814E007674F6 /* PBXContainerItemProxy */ = {
			isa = PBXContainerItemProxy;
			containerPortal = A5C6DBE625796A90009DE750 /* Project object */;
			proxyType = 1;
			remoteGlobalIDString = A54E4A1626108E9600E7B1D4;
			remoteInfo = XPCAuthentication;
		};
		A58FC75626E281AE007674F6 /* PBXContainerItemProxy */ = {
			isa = PBXContainerItemProxy;
			containerPortal = A5C6DBE625796A90009DE750 /* Project object */;
			proxyType = 1;
			remoteGlobalIDString = A533D82525AA11F40046B7C8;
			remoteInfo = XPCMail;
		};
		A5C6DC0125796A93009DE750 /* PBXContainerItemProxy */ = {
			isa = PBXContainerItemProxy;
			containerPortal = A5C6DBE625796A90009DE750 /* Project object */;
			proxyType = 1;
			remoteGlobalIDString = A5C6DBED25796A90009DE750;
			remoteInfo = "Lock-Watcher";
		};
		A5C6DC0C25796A93009DE750 /* PBXContainerItemProxy */ = {
			isa = PBXContainerItemProxy;
			containerPortal = A5C6DBE625796A90009DE750 /* Project object */;
			proxyType = 1;
			remoteGlobalIDString = A5C6DBED25796A90009DE750;
			remoteInfo = "Lock-Watcher";
		};
		A5E6D75B25A5BB6C00EEA7DD /* PBXContainerItemProxy */ = {
			isa = PBXContainerItemProxy;
			containerPortal = A5C6DBE625796A90009DE750 /* Project object */;
			proxyType = 1;
			remoteGlobalIDString = A5E6D75125A5BB6B00EEA7DD;
			remoteInfo = XPCPower;
		};
/* End PBXContainerItemProxy section */

/* Begin PBXCopyFilesBuildPhase section */
		A58FC74C26E2814E007674F6 /* Embed XPC Services */ = {
			isa = PBXCopyFilesBuildPhase;
			buildActionMask = 2147483647;
			dstPath = "$(CONTENTS_FOLDER_PATH)/XPCServices";
			dstSubfolderSpec = 16;
			files = (
				A58FC74D26E2814E007674F6 /* XPCAuthentication.xpc in Embed XPC Services */,
				A58FC75526E281AE007674F6 /* XPCMail.xpc in Embed XPC Services */,
				A58FC74E26E2814E007674F6 /* XPCPower.xpc in Embed XPC Services */,
			);
			name = "Embed XPC Services";
			runOnlyForDeploymentPostprocessing = 0;
		};
		A5E6D76125A5BB6C00EEA7DD /* Embed XPC Services */ = {
			isa = PBXCopyFilesBuildPhase;
			buildActionMask = 2147483647;
			dstPath = "$(CONTENTS_FOLDER_PATH)/XPCServices";
			dstSubfolderSpec = 16;
			files = (
				A5E6D75D25A5BB6C00EEA7DD /* XPCPower.xpc in Embed XPC Services */,
			);
			name = "Embed XPC Services";
			runOnlyForDeploymentPostprocessing = 0;
		};
/* End PBXCopyFilesBuildPhase section */

/* Begin PBXFileReference section */
		A5117E46278349C7001EC35F /* XPCAuthentication.entitlements */ = {isa = PBXFileReference; fileEncoding = 4; lastKnownFileType = text.plist.entitlements; path = XPCAuthentication.entitlements; sourceTree = "<group>"; };
		A5117E47278349C7001EC35F /* XPCPower-non-mas.entitlements */ = {isa = PBXFileReference; fileEncoding = 4; lastKnownFileType = text.plist.entitlements; path = "XPCPower-non-mas.entitlements"; sourceTree = "<group>"; };
		A5117E48278349C7001EC35F /* Lock_Watcher.entitlements */ = {isa = PBXFileReference; fileEncoding = 4; lastKnownFileType = text.plist.entitlements; path = Lock_Watcher.entitlements; sourceTree = "<group>"; };
		A5117E49278349C7001EC35F /* Lock_Watcher-non-mas.entitlements */ = {isa = PBXFileReference; fileEncoding = 4; lastKnownFileType = text.plist.entitlements; path = "Lock_Watcher-non-mas.entitlements"; sourceTree = "<group>"; };
		A5117E4A278349C7001EC35F /* XPCMail-non-mas.entitlements */ = {isa = PBXFileReference; fileEncoding = 4; lastKnownFileType = text.plist.entitlements; path = "XPCMail-non-mas.entitlements"; sourceTree = "<group>"; };
		A5117E4B278349C7001EC35F /* XPCMail.entitlements */ = {isa = PBXFileReference; fileEncoding = 4; lastKnownFileType = text.plist.entitlements; path = XPCMail.entitlements; sourceTree = "<group>"; };
		A5117E4C278349C7001EC35F /* XPCPower.entitlements */ = {isa = PBXFileReference; fileEncoding = 4; lastKnownFileType = text.plist.entitlements; path = XPCPower.entitlements; sourceTree = "<group>"; };
		A5117E4D278349C7001EC35F /* XPCAuthentication-non-mas.entitlements */ = {isa = PBXFileReference; fileEncoding = 4; lastKnownFileType = text.plist.entitlements; path = "XPCAuthentication-non-mas.entitlements"; sourceTree = "<group>"; };
		A519997B26D92E6100F482BC /* DropboxNotifier.swift */ = {isa = PBXFileReference; lastKnownFileType = sourcecode.swift; path = DropboxNotifier.swift; sourceTree = "<group>"; };
		A519998026DA41C700F482BC /* DatabaseManager.swift */ = {isa = PBXFileReference; lastKnownFileType = sourcecode.swift; path = DatabaseManager.swift; sourceTree = "<group>"; };
		A519998526DA4BFB00F482BC /* DatabaseDto.swift */ = {isa = PBXFileReference; lastKnownFileType = sourcecode.swift; path = DatabaseDto.swift; sourceTree = "<group>"; };
		A519999B26DA764A00F482BC /* en */ = {isa = PBXFileReference; lastKnownFileType = text.plist.strings; name = en; path = en.lproj/Localizable.strings; sourceTree = "<group>"; };
		A519999D26DA764A00F482BC /* Assets.xcassets */ = {isa = PBXFileReference; lastKnownFileType = folder.assetcatalog; path = Assets.xcassets; sourceTree = "<group>"; };
		A519999E26DA764A00F482BC /* Base */ = {isa = PBXFileReference; lastKnownFileType = text.plist.strings; name = Base; path = Base.lproj/Localizable.strings; sourceTree = "<group>"; };
		A519999F26DA764A00F482BC /* ru */ = {isa = PBXFileReference; lastKnownFileType = text.plist.strings; name = ru; path = ru.lproj/Localizable.strings; sourceTree = "<group>"; };
		A51999A126DA764A00F482BC /* Info.plist */ = {isa = PBXFileReference; fileEncoding = 4; lastKnownFileType = text.plist.xml; path = Info.plist; sourceTree = "<group>"; };
		A51999A626DA771600F482BC /* uk */ = {isa = PBXFileReference; lastKnownFileType = text.plist.strings; name = uk; path = uk.lproj/Localizable.strings; sourceTree = "<group>"; };
		A5258AC62831652B0034E32F /* FirstLaunchViews.swift */ = {isa = PBXFileReference; lastKnownFileType = sourcecode.swift; path = FirstLaunchViews.swift; sourceTree = "<group>"; };
		A533D7B425A8F9A60046B7C8 /* EmptyView.swift */ = {isa = PBXFileReference; lastKnownFileType = sourcecode.swift; path = EmptyView.swift; sourceTree = "<group>"; };
		A533D7C625A9D96A0046B7C8 /* WakeUpListener.swift */ = {isa = PBXFileReference; lastKnownFileType = sourcecode.swift; path = WakeUpListener.swift; sourceTree = "<group>"; };
		A533D7CC25A9D9E30046B7C8 /* WrongPasswordListener.swift */ = {isa = PBXFileReference; lastKnownFileType = sourcecode.swift; path = WrongPasswordListener.swift; sourceTree = "<group>"; };
		A533D7D325A9E31F0046B7C8 /* FileSystemUtil.swift */ = {isa = PBXFileReference; lastKnownFileType = sourcecode.swift; path = FileSystemUtil.swift; sourceTree = "<group>"; };
		A533D7DD25A9EDA30046B7C8 /* ThiefDto.swift */ = {isa = PBXFileReference; lastKnownFileType = sourcecode.swift; path = ThiefDto.swift; sourceTree = "<group>"; };
		A533D80225AA0F1A0046B7C8 /* MailNotifier.swift */ = {isa = PBXFileReference; lastKnownFileType = sourcecode.swift; path = MailNotifier.swift; sourceTree = "<group>"; };
		A533D82625AA11F40046B7C8 /* XPCMail.xpc */ = {isa = PBXFileReference; explicitFileType = "wrapper.xpc-service"; includeInIndex = 0; path = XPCMail.xpc; sourceTree = BUILT_PRODUCTS_DIR; };
		A533D82925AA11F40046B7C8 /* XPCMail.h */ = {isa = PBXFileReference; lastKnownFileType = sourcecode.c.h; path = XPCMail.h; sourceTree = "<group>"; };
		A533D82A25AA11F40046B7C8 /* XPCMail.m */ = {isa = PBXFileReference; lastKnownFileType = sourcecode.c.objc; path = XPCMail.m; sourceTree = "<group>"; };
		A533D82C25AA11F40046B7C8 /* main.m */ = {isa = PBXFileReference; lastKnownFileType = sourcecode.c.objc; path = main.m; sourceTree = "<group>"; };
		A533D82E25AA11F40046B7C8 /* Info.plist */ = {isa = PBXFileReference; lastKnownFileType = text.plist.xml; path = Info.plist; sourceTree = "<group>"; };
		A533D83A25AA12110046B7C8 /* XPCMail-Bridging-Header.h */ = {isa = PBXFileReference; lastKnownFileType = sourcecode.c.h; path = "XPCMail-Bridging-Header.h"; sourceTree = "<group>"; };
		A533D83B25AA12110046B7C8 /* XPCMailProtocol.swift */ = {isa = PBXFileReference; lastKnownFileType = sourcecode.swift; path = XPCMailProtocol.swift; sourceTree = "<group>"; };
		A533D84225AA126B0046B7C8 /* Mail.app */ = {isa = PBXFileReference; lastKnownFileType = wrapper.application; name = Mail.app; path = ../../../../../System/Applications/Mail.app; sourceTree = "<group>"; };
		A5457A8B26C1FB1400386738 /* NSImage+IGRExtension.swift */ = {isa = PBXFileReference; lastKnownFileType = sourcecode.swift; path = "NSImage+IGRExtension.swift"; sourceTree = "<group>"; };
		A54A1F792703769800176069 /* LoginListener.swift */ = {isa = PBXFileReference; lastKnownFileType = sourcecode.swift; path = LoginListener.swift; sourceTree = "<group>"; };
		A54E4A1726108E9600E7B1D4 /* XPCAuthentication.xpc */ = {isa = PBXFileReference; explicitFileType = "wrapper.xpc-service"; includeInIndex = 0; path = XPCAuthentication.xpc; sourceTree = BUILT_PRODUCTS_DIR; };
		A54E4A1F26108E9600E7B1D4 /* Info.plist */ = {isa = PBXFileReference; lastKnownFileType = text.plist.xml; path = Info.plist; sourceTree = "<group>"; };
		A54E4A2D26108ED300E7B1D4 /* XPCAuthenticationProtocol.swift */ = {isa = PBXFileReference; lastKnownFileType = sourcecode.swift; path = XPCAuthenticationProtocol.swift; sourceTree = "<group>"; };
		A54E4A562610AA3C00E7B1D4 /* main.swift */ = {isa = PBXFileReference; fileEncoding = 4; lastKnownFileType = sourcecode.swift; path = main.swift; sourceTree = "<group>"; };
		A54E4A572610AA3C00E7B1D4 /* XPCAuthentication.swift */ = {isa = PBXFileReference; fileEncoding = 4; lastKnownFileType = sourcecode.swift; path = XPCAuthentication.swift; sourceTree = "<group>"; };
		A56CFFBA27A48D6A00CB137B /* String+Regex.swift */ = {isa = PBXFileReference; lastKnownFileType = sourcecode.swift; path = "String+Regex.swift"; sourceTree = "<group>"; };
		A56D11E026DBEC7D00BEBEC2 /* UserDefault+IGRExtension.swift */ = {isa = PBXFileReference; lastKnownFileType = sourcecode.swift; path = "UserDefault+IGRExtension.swift"; sourceTree = "<group>"; };
		A56F1A7C278A29630066CA78 /* DispatchQueue+IGRExtension.swift */ = {isa = PBXFileReference; lastKnownFileType = sourcecode.swift; path = "DispatchQueue+IGRExtension.swift"; sourceTree = "<group>"; };
		A57FDCAE26DB99B600954ED7 /* en */ = {isa = PBXFileReference; lastKnownFileType = text.plist.strings; name = en; path = en.lproj/InfoPlist.strings; sourceTree = "<group>"; };
		A57FDCB026DB99B700954ED7 /* ru */ = {isa = PBXFileReference; lastKnownFileType = text.plist.strings; name = ru; path = ru.lproj/InfoPlist.strings; sourceTree = "<group>"; };
		A57FDCB126DB99B800954ED7 /* uk */ = {isa = PBXFileReference; lastKnownFileType = text.plist.strings; name = uk; path = uk.lproj/InfoPlist.strings; sourceTree = "<group>"; };
		A58D76A525A5E4A400EC3792 /* IGRPowerModel.h */ = {isa = PBXFileReference; lastKnownFileType = sourcecode.c.h; path = IGRPowerModel.h; sourceTree = "<group>"; };
		A58FC75326E2814E007674F6 /* Lock-Watcher-non-mas.app */ = {isa = PBXFileReference; explicitFileType = wrapper.application; includeInIndex = 0; path = "Lock-Watcher-non-mas.app"; sourceTree = BUILT_PRODUCTS_DIR; };
		A58FC76626E2870E007674F6 /* Preview.swift */ = {isa = PBXFileReference; lastKnownFileType = sourcecode.swift; path = Preview.swift; sourceTree = "<group>"; };
		A599EB2227AAF9DF003A69B5 /* SecurityAlertView.swift */ = {isa = PBXFileReference; lastKnownFileType = sourcecode.swift; path = SecurityAlertView.swift; sourceTree = "<group>"; };
		A599EB2827AB0B07003A69B5 /* SecurityUtil.swift */ = {isa = PBXFileReference; lastKnownFileType = sourcecode.swift; path = SecurityUtil.swift; sourceTree = "<group>"; };
		A599EB3027AB1259003A69B5 /* BaseView.swift */ = {isa = PBXFileReference; lastKnownFileType = sourcecode.swift; path = BaseView.swift; sourceTree = "<group>"; };
		A599EB3327AB1BF0003A69B5 /* policy.html */ = {isa = PBXFileReference; fileEncoding = 4; lastKnownFileType = text.html; path = policy.html; sourceTree = "<group>"; };
		A5A0788C26B9A78400A7D578 /* USBListener.swift */ = {isa = PBXFileReference; lastKnownFileType = sourcecode.swift; path = USBListener.swift; sourceTree = "<group>"; };
		A5AA31D62778961400A064B6 /* NotificationNotifier.swift */ = {isa = PBXFileReference; lastKnownFileType = sourcecode.swift; path = NotificationNotifier.swift; sourceTree = "<group>"; };
		A5AA31DE2778D5BF00A064B6 /* DetectSnapshotViews.swift */ = {isa = PBXFileReference; lastKnownFileType = sourcecode.swift; path = DetectSnapshotViews.swift; sourceTree = "<group>"; };
		A5AA31E12778D64400A064B6 /* SaveSnapshotViews.swift */ = {isa = PBXFileReference; lastKnownFileType = sourcecode.swift; path = SaveSnapshotViews.swift; sourceTree = "<group>"; };
		A5AA31E72778D6E600A064B6 /* InfoViews.swift */ = {isa = PBXFileReference; lastKnownFileType = sourcecode.swift; path = InfoViews.swift; sourceTree = "<group>"; };
		A5ACC7C627835BF800999CF0 /* NetworkUtil.swift */ = {isa = PBXFileReference; lastKnownFileType = sourcecode.swift; path = NetworkUtil.swift; sourceTree = "<group>"; };
		A5C3E73526C1EA7B003D0BF5 /* iCloudNotifier.swift */ = {isa = PBXFileReference; lastKnownFileType = sourcecode.swift; path = iCloudNotifier.swift; sourceTree = "<group>"; };
		A5C6DBEE25796A90009DE750 /* Lock-Watcher.app */ = {isa = PBXFileReference; explicitFileType = wrapper.application; includeInIndex = 0; path = "Lock-Watcher.app"; sourceTree = BUILT_PRODUCTS_DIR; };
		A5C6DBF125796A90009DE750 /* Lock_WatcherApp.swift */ = {isa = PBXFileReference; lastKnownFileType = sourcecode.swift; path = Lock_WatcherApp.swift; sourceTree = "<group>"; };
		A5C6DBF325796A90009DE750 /* SettingsView.swift */ = {isa = PBXFileReference; lastKnownFileType = sourcecode.swift; path = SettingsView.swift; sourceTree = "<group>"; };
		A5C6DC0025796A93009DE750 /* Lock-WatcherTests.xctest */ = {isa = PBXFileReference; explicitFileType = wrapper.cfbundle; includeInIndex = 0; path = "Lock-WatcherTests.xctest"; sourceTree = BUILT_PRODUCTS_DIR; };
		A5C6DC0425796A93009DE750 /* Lock_WatcherTests.swift */ = {isa = PBXFileReference; lastKnownFileType = sourcecode.swift; path = Lock_WatcherTests.swift; sourceTree = "<group>"; };
		A5C6DC0625796A93009DE750 /* Info.plist */ = {isa = PBXFileReference; lastKnownFileType = text.plist.xml; path = Info.plist; sourceTree = "<group>"; };
		A5C6DC0B25796A93009DE750 /* Lock-WatcherUITests.xctest */ = {isa = PBXFileReference; explicitFileType = wrapper.cfbundle; includeInIndex = 0; path = "Lock-WatcherUITests.xctest"; sourceTree = BUILT_PRODUCTS_DIR; };
		A5C6DC0F25796A93009DE750 /* Lock_WatcherUITests.swift */ = {isa = PBXFileReference; lastKnownFileType = sourcecode.swift; path = Lock_WatcherUITests.swift; sourceTree = "<group>"; };
		A5C6DC1125796A93009DE750 /* Info.plist */ = {isa = PBXFileReference; lastKnownFileType = text.plist.xml; path = Info.plist; sourceTree = "<group>"; };
		A5D23E2F27A1DFAE001C0370 /* FirstLaunchView.swift */ = {isa = PBXFileReference; lastKnownFileType = sourcecode.swift; path = FirstLaunchView.swift; sourceTree = "<group>"; };
		A5D23E3227A1E4BA001C0370 /* View+OpenWindow.swift */ = {isa = PBXFileReference; lastKnownFileType = sourcecode.swift; path = "View+OpenWindow.swift"; sourceTree = "<group>"; };
		A5E6D75225A5BB6B00EEA7DD /* XPCPower.xpc */ = {isa = PBXFileReference; explicitFileType = "wrapper.xpc-service"; includeInIndex = 0; path = XPCPower.xpc; sourceTree = BUILT_PRODUCTS_DIR; };
		A5E6D75525A5BB6C00EEA7DD /* XPCPower.h */ = {isa = PBXFileReference; lastKnownFileType = sourcecode.c.h; path = XPCPower.h; sourceTree = "<group>"; };
		A5E6D75625A5BB6C00EEA7DD /* XPCPower.m */ = {isa = PBXFileReference; lastKnownFileType = sourcecode.c.objc; path = XPCPower.m; sourceTree = "<group>"; };
		A5E6D75825A5BB6C00EEA7DD /* main.m */ = {isa = PBXFileReference; lastKnownFileType = sourcecode.c.objc; path = main.m; sourceTree = "<group>"; };
		A5E6D75A25A5BB6C00EEA7DD /* Info.plist */ = {isa = PBXFileReference; lastKnownFileType = text.plist.xml; path = Info.plist; sourceTree = "<group>"; };
		A5E6D76725A5BC1B00EEA7DD /* IOKit.framework */ = {isa = PBXFileReference; lastKnownFileType = wrapper.framework; name = IOKit.framework; path = System/Library/Frameworks/IOKit.framework; sourceTree = SDKROOT; };
		A5E6D76D25A5BC8A00EEA7DD /* XPCPower-Bridging-Header.h */ = {isa = PBXFileReference; lastKnownFileType = sourcecode.c.h; path = "XPCPower-Bridging-Header.h"; sourceTree = "<group>"; };
		A5E6D76E25A5BC8B00EEA7DD /* XPCPowerProtocol.swift */ = {isa = PBXFileReference; lastKnownFileType = sourcecode.swift; path = XPCPowerProtocol.swift; sourceTree = "<group>"; };
		A5E6D78125A5CBD300EEA7DD /* ThiefManager.swift */ = {isa = PBXFileReference; lastKnownFileType = sourcecode.swift; path = ThiefManager.swift; sourceTree = "<group>"; };
		A5E6D78725A5CC3600EEA7DD /* NotificationManager.swift */ = {isa = PBXFileReference; lastKnownFileType = sourcecode.swift; path = NotificationManager.swift; sourceTree = "<group>"; };
		A5E6D78D25A5CD2E00EEA7DD /* TrigerManager.swift */ = {isa = PBXFileReference; lastKnownFileType = sourcecode.swift; path = TrigerManager.swift; sourceTree = "<group>"; };
		A5E6D79425A5D13000EEA7DD /* BaseListener.swift */ = {isa = PBXFileReference; lastKnownFileType = sourcecode.swift; path = BaseListener.swift; sourceTree = "<group>"; };
		A5E6D79E25A5D1AE00EEA7DD /* PowerListener.swift */ = {isa = PBXFileReference; lastKnownFileType = sourcecode.swift; path = PowerListener.swift; sourceTree = "<group>"; };
		A5E6D7A525A5D1EB00EEA7DD /* AppSettings.swift */ = {isa = PBXFileReference; lastKnownFileType = sourcecode.swift; path = AppSettings.swift; sourceTree = "<group>"; };
		A5EFE8B726E2B587001FC4EA /* Date+IGRExtension.swift */ = {isa = PBXFileReference; lastKnownFileType = sourcecode.swift; path = "Date+IGRExtension.swift"; sourceTree = "<group>"; };
		A5F4B5412836C0D1001A2413 /* ExtendedDivider.swift */ = {isa = PBXFileReference; lastKnownFileType = sourcecode.swift; path = ExtendedDivider.swift; sourceTree = "<group>"; };
/* End PBXFileReference section */

/* Begin PBXFrameworksBuildPhase section */
		A533D82325AA11F40046B7C8 /* Frameworks */ = {
			isa = PBXFrameworksBuildPhase;
			buildActionMask = 2147483647;
			files = (
			);
			runOnlyForDeploymentPostprocessing = 0;
		};
		A54E4A1426108E9600E7B1D4 /* Frameworks */ = {
			isa = PBXFrameworksBuildPhase;
			buildActionMask = 2147483647;
			files = (
			);
			runOnlyForDeploymentPostprocessing = 0;
		};
		A58FC74426E2814E007674F6 /* Frameworks */ = {
			isa = PBXFrameworksBuildPhase;
			buildActionMask = 2147483647;
			files = (
				A58FC74526E2814E007674F6 /* LaunchAtLogin in Frameworks */,
				A58FC74626E2814E007674F6 /* PhotoSnap in Frameworks */,
				A58FC74726E2814E007674F6 /* EasyStash in Frameworks */,
				A58FC74826E2814E007674F6 /* SwiftyDropbox in Frameworks */,
				A599EB2F27AB0C09003A69B5 /* KeychainAccess in Frameworks */,
				A535F5D427B9166E0096D0C3 /* SimpleTracer in Frameworks */,
			);
			runOnlyForDeploymentPostprocessing = 0;
		};
		A5C6DBEB25796A90009DE750 /* Frameworks */ = {
			isa = PBXFrameworksBuildPhase;
			buildActionMask = 2147483647;
			files = (
				A533D7BC25A8FCC20046B7C8 /* LaunchAtLogin in Frameworks */,
				A5C6DC4625796CCB009DE750 /* PhotoSnap in Frameworks */,
				A519998426DA4AD400F482BC /* EasyStash in Frameworks */,
				A519997A26D92D4400F482BC /* SwiftyDropbox in Frameworks */,
				A599EB2D27AB0BE1003A69B5 /* KeychainAccess in Frameworks */,
				A535F5D227B9165F0096D0C3 /* SimpleTracer in Frameworks */,
			);
			runOnlyForDeploymentPostprocessing = 0;
		};
		A5C6DBFD25796A93009DE750 /* Frameworks */ = {
			isa = PBXFrameworksBuildPhase;
			buildActionMask = 2147483647;
			files = (
			);
			runOnlyForDeploymentPostprocessing = 0;
		};
		A5C6DC0825796A93009DE750 /* Frameworks */ = {
			isa = PBXFrameworksBuildPhase;
			buildActionMask = 2147483647;
			files = (
			);
			runOnlyForDeploymentPostprocessing = 0;
		};
		A5E6D74F25A5BB6B00EEA7DD /* Frameworks */ = {
			isa = PBXFrameworksBuildPhase;
			buildActionMask = 2147483647;
			files = (
				A5E6D76825A5BC1B00EEA7DD /* IOKit.framework in Frameworks */,
			);
			runOnlyForDeploymentPostprocessing = 0;
		};
/* End PBXFrameworksBuildPhase section */

/* Begin PBXGroup section */
		A5117E45278349C7001EC35F /* entitlements */ = {
			isa = PBXGroup;
			children = (
				A5117E46278349C7001EC35F /* XPCAuthentication.entitlements */,
				A5117E47278349C7001EC35F /* XPCPower-non-mas.entitlements */,
				A5117E48278349C7001EC35F /* Lock_Watcher.entitlements */,
				A5117E49278349C7001EC35F /* Lock_Watcher-non-mas.entitlements */,
				A5117E4A278349C7001EC35F /* XPCMail-non-mas.entitlements */,
				A5117E4B278349C7001EC35F /* XPCMail.entitlements */,
				A5117E4C278349C7001EC35F /* XPCPower.entitlements */,
				A5117E4D278349C7001EC35F /* XPCAuthentication-non-mas.entitlements */,
			);
			path = entitlements;
			sourceTree = "<group>";
		};
		A519999926DA764A00F482BC /* Resources */ = {
			isa = PBXGroup;
			children = (
				A599EB3327AB1BF0003A69B5 /* policy.html */,
				A5117E45278349C7001EC35F /* entitlements */,
				A519999A26DA764A00F482BC /* Localizable.strings */,
				A57FDCAF26DB99B600954ED7 /* InfoPlist.strings */,
				A519999D26DA764A00F482BC /* Assets.xcassets */,
				A51999A126DA764A00F482BC /* Info.plist */,
			);
			path = Resources;
			sourceTree = "<group>";
		};
		A533D7D225A9E23F0046B7C8 /* Utils */ = {
			isa = PBXGroup;
			children = (
				A533D7D325A9E31F0046B7C8 /* FileSystemUtil.swift */,
				A5ACC7C627835BF800999CF0 /* NetworkUtil.swift */,
				A599EB2827AB0B07003A69B5 /* SecurityUtil.swift */,
			);
			path = Utils;
			sourceTree = "<group>";
		};
		A533D80125AA0EF00046B7C8 /* Notifiers */ = {
			isa = PBXGroup;
			children = (
				A533D80225AA0F1A0046B7C8 /* MailNotifier.swift */,
				A5C3E73526C1EA7B003D0BF5 /* iCloudNotifier.swift */,
				A519997B26D92E6100F482BC /* DropboxNotifier.swift */,
				A5AA31D62778961400A064B6 /* NotificationNotifier.swift */,
			);
			path = Notifiers;
			sourceTree = "<group>";
		};
		A533D82725AA11F40046B7C8 /* XPCMail */ = {
			isa = PBXGroup;
			children = (
				A533D84225AA126B0046B7C8 /* Mail.app */,
				A533D82925AA11F40046B7C8 /* XPCMail.h */,
				A533D82A25AA11F40046B7C8 /* XPCMail.m */,
				A533D82C25AA11F40046B7C8 /* main.m */,
				A533D82E25AA11F40046B7C8 /* Info.plist */,
				A533D83B25AA12110046B7C8 /* XPCMailProtocol.swift */,
				A533D83A25AA12110046B7C8 /* XPCMail-Bridging-Header.h */,
			);
			path = XPCMail;
			sourceTree = "<group>";
		};
		A5457A8A26C1FAF200386738 /* Extensions */ = {
			isa = PBXGroup;
			children = (
				A5457A8B26C1FB1400386738 /* NSImage+IGRExtension.swift */,
				A56D11E026DBEC7D00BEBEC2 /* UserDefault+IGRExtension.swift */,
				A5EFE8B726E2B587001FC4EA /* Date+IGRExtension.swift */,
				A56F1A7C278A29630066CA78 /* DispatchQueue+IGRExtension.swift */,
				A5D23E3227A1E4BA001C0370 /* View+OpenWindow.swift */,
				A56CFFBA27A48D6A00CB137B /* String+Regex.swift */,
			);
			path = Extensions;
			sourceTree = "<group>";
		};
		A54E4A1826108E9600E7B1D4 /* XPCAuthentication */ = {
			isa = PBXGroup;
			children = (
				A54E4A562610AA3C00E7B1D4 /* main.swift */,
				A54E4A572610AA3C00E7B1D4 /* XPCAuthentication.swift */,
				A54E4A1F26108E9600E7B1D4 /* Info.plist */,
				A54E4A2D26108ED300E7B1D4 /* XPCAuthenticationProtocol.swift */,
			);
			path = XPCAuthentication;
			sourceTree = "<group>";
		};
		A5AA31DD2778D59300A064B6 /* CustomViews */ = {
			isa = PBXGroup;
			children = (
				A5AA31DE2778D5BF00A064B6 /* DetectSnapshotViews.swift */,
				A5AA31E12778D64400A064B6 /* SaveSnapshotViews.swift */,
				A5AA31E72778D6E600A064B6 /* InfoViews.swift */,
				A599EB2227AAF9DF003A69B5 /* SecurityAlertView.swift */,
				A599EB3027AB1259003A69B5 /* BaseView.swift */,
				A5258AC62831652B0034E32F /* FirstLaunchViews.swift */,
				A5F4B5412836C0D1001A2413 /* ExtendedDivider.swift */,
			);
			path = CustomViews;
			sourceTree = "<group>";
		};
		A5C6DBE525796A90009DE750 = {
			isa = PBXGroup;
			children = (
				A5C6DBF025796A90009DE750 /* Source */,
				A519999926DA764A00F482BC /* Resources */,
				A5C6DC0325796A93009DE750 /* Tests */,
				A5C6DC0E25796A93009DE750 /* UITests */,
				A5E6D75325A5BB6C00EEA7DD /* XPCPower */,
				A533D82725AA11F40046B7C8 /* XPCMail */,
				A54E4A1826108E9600E7B1D4 /* XPCAuthentication */,
				A5C6DBEF25796A90009DE750 /* Products */,
				A5E6D76625A5BC1B00EEA7DD /* Frameworks */,
			);
			sourceTree = "<group>";
		};
		A5C6DBEF25796A90009DE750 /* Products */ = {
			isa = PBXGroup;
			children = (
				A5C6DBEE25796A90009DE750 /* Lock-Watcher.app */,
				A5C6DC0025796A93009DE750 /* Lock-WatcherTests.xctest */,
				A5C6DC0B25796A93009DE750 /* Lock-WatcherUITests.xctest */,
				A5E6D75225A5BB6B00EEA7DD /* XPCPower.xpc */,
				A533D82625AA11F40046B7C8 /* XPCMail.xpc */,
				A54E4A1726108E9600E7B1D4 /* XPCAuthentication.xpc */,
				A58FC75326E2814E007674F6 /* Lock-Watcher-non-mas.app */,
			);
			name = Products;
			sourceTree = "<group>";
		};
		A5C6DBF025796A90009DE750 /* Source */ = {
			isa = PBXGroup;
			children = (
				A5C6DBF125796A90009DE750 /* Lock_WatcherApp.swift */,
				A5457A8A26C1FAF200386738 /* Extensions */,
				A533D80125AA0EF00046B7C8 /* Notifiers */,
				A533D7D225A9E23F0046B7C8 /* Utils */,
				A5E6D7A425A5D1C200EEA7DD /* Models */,
				A5E6D79325A5D11200EEA7DD /* Listeners */,
				A5E6D77C25A5CB8900EEA7DD /* Managers */,
				A5AA31DD2778D59300A064B6 /* CustomViews */,
				A5C6DBF325796A90009DE750 /* SettingsView.swift */,
				A5D23E2F27A1DFAE001C0370 /* FirstLaunchView.swift */,
				A58FC76626E2870E007674F6 /* Preview.swift */,
				A533D7B425A8F9A60046B7C8 /* EmptyView.swift */,
			);
			path = Source;
			sourceTree = "<group>";
		};
		A5C6DC0325796A93009DE750 /* Tests */ = {
			isa = PBXGroup;
			children = (
				A5C6DC0425796A93009DE750 /* Lock_WatcherTests.swift */,
				A5C6DC0625796A93009DE750 /* Info.plist */,
			);
			path = Tests;
			sourceTree = "<group>";
		};
		A5C6DC0E25796A93009DE750 /* UITests */ = {
			isa = PBXGroup;
			children = (
				A5C6DC0F25796A93009DE750 /* Lock_WatcherUITests.swift */,
				A5C6DC1125796A93009DE750 /* Info.plist */,
			);
			path = UITests;
			sourceTree = "<group>";
		};
		A5E6D75325A5BB6C00EEA7DD /* XPCPower */ = {
			isa = PBXGroup;
			children = (
				A5E6D75525A5BB6C00EEA7DD /* XPCPower.h */,
				A5E6D75625A5BB6C00EEA7DD /* XPCPower.m */,
				A58D76A525A5E4A400EC3792 /* IGRPowerModel.h */,
				A5E6D75825A5BB6C00EEA7DD /* main.m */,
				A5E6D75A25A5BB6C00EEA7DD /* Info.plist */,
				A5E6D76E25A5BC8B00EEA7DD /* XPCPowerProtocol.swift */,
				A5E6D76D25A5BC8A00EEA7DD /* XPCPower-Bridging-Header.h */,
			);
			path = XPCPower;
			sourceTree = "<group>";
		};
		A5E6D76625A5BC1B00EEA7DD /* Frameworks */ = {
			isa = PBXGroup;
			children = (
				A5E6D76725A5BC1B00EEA7DD /* IOKit.framework */,
			);
			name = Frameworks;
			sourceTree = "<group>";
		};
		A5E6D77C25A5CB8900EEA7DD /* Managers */ = {
			isa = PBXGroup;
			children = (
				A5E6D78125A5CBD300EEA7DD /* ThiefManager.swift */,
				A5E6D78725A5CC3600EEA7DD /* NotificationManager.swift */,
				A5E6D78D25A5CD2E00EEA7DD /* TrigerManager.swift */,
				A519998026DA41C700F482BC /* DatabaseManager.swift */,
			);
			path = Managers;
			sourceTree = "<group>";
		};
		A5E6D79325A5D11200EEA7DD /* Listeners */ = {
			isa = PBXGroup;
			children = (
				A5E6D79425A5D13000EEA7DD /* BaseListener.swift */,
				A5E6D79E25A5D1AE00EEA7DD /* PowerListener.swift */,
				A533D7C625A9D96A0046B7C8 /* WakeUpListener.swift */,
				A533D7CC25A9D9E30046B7C8 /* WrongPasswordListener.swift */,
				A5A0788C26B9A78400A7D578 /* USBListener.swift */,
				A54A1F792703769800176069 /* LoginListener.swift */,
			);
			path = Listeners;
			sourceTree = "<group>";
		};
		A5E6D7A425A5D1C200EEA7DD /* Models */ = {
			isa = PBXGroup;
			children = (
				A5E6D7A525A5D1EB00EEA7DD /* AppSettings.swift */,
				A533D7DD25A9EDA30046B7C8 /* ThiefDto.swift */,
				A519998526DA4BFB00F482BC /* DatabaseDto.swift */,
			);
			path = Models;
			sourceTree = "<group>";
		};
/* End PBXGroup section */

/* Begin PBXNativeTarget section */
		A533D82525AA11F40046B7C8 /* XPCMail */ = {
			isa = PBXNativeTarget;
			buildConfigurationList = A533D83225AA11F40046B7C8 /* Build configuration list for PBXNativeTarget "XPCMail" */;
			buildPhases = (
				A533D82425AA11F40046B7C8 /* Resources */,
				A533D82225AA11F40046B7C8 /* Sources */,
				A533D82325AA11F40046B7C8 /* Frameworks */,
			);
			buildRules = (
				A533D84925AA12AF0046B7C8 /* PBXBuildRule */,
			);
			dependencies = (
			);
			name = XPCMail;
			productName = XPCMail;
			productReference = A533D82625AA11F40046B7C8 /* XPCMail.xpc */;
			productType = "com.apple.product-type.xpc-service";
		};
		A54E4A1626108E9600E7B1D4 /* XPCAuthentication */ = {
			isa = PBXNativeTarget;
			buildConfigurationList = A54E4A2526108E9600E7B1D4 /* Build configuration list for PBXNativeTarget "XPCAuthentication" */;
			buildPhases = (
				A54E4A1326108E9600E7B1D4 /* Sources */,
				A54E4A1426108E9600E7B1D4 /* Frameworks */,
				A54E4A1526108E9600E7B1D4 /* Resources */,
			);
			buildRules = (
			);
			dependencies = (
			);
			name = XPCAuthentication;
			productName = XPCAuthentication;
			productReference = A54E4A1726108E9600E7B1D4 /* XPCAuthentication.xpc */;
			productType = "com.apple.product-type.xpc-service";
		};
		A58FC71E26E2814E007674F6 /* Lock-Watcher-non-mas */ = {
			isa = PBXNativeTarget;
			buildConfigurationList = A58FC75026E2814E007674F6 /* Build configuration list for PBXNativeTarget "Lock-Watcher-non-mas" */;
			buildPhases = (
				A58FC72B26E2814E007674F6 /* Sources */,
				A58FC74426E2814E007674F6 /* Frameworks */,
				A58FC74926E2814E007674F6 /* Resources */,
				A58FC74C26E2814E007674F6 /* Embed XPC Services */,
				A58FC74F26E2814E007674F6 /* ShellScript */,
			);
			buildRules = (
			);
			dependencies = (
				A58FC71F26E2814E007674F6 /* PBXTargetDependency */,
				A58FC72126E2814E007674F6 /* PBXTargetDependency */,
				A58FC75726E281AE007674F6 /* PBXTargetDependency */,
			);
			name = "Lock-Watcher-non-mas";
			packageProductDependencies = (
				A58FC72326E2814E007674F6 /* PhotoSnap */,
				A58FC72526E2814E007674F6 /* LaunchAtLogin */,
				A58FC72726E2814E007674F6 /* SwiftyDropbox */,
				A58FC72926E2814E007674F6 /* EasyStash */,
				A599EB2E27AB0C09003A69B5 /* KeychainAccess */,
				A535F5D327B9166E0096D0C3 /* SimpleTracer */,
			);
			productName = "Lock-Watcher";
			productReference = A58FC75326E2814E007674F6 /* Lock-Watcher-non-mas.app */;
			productType = "com.apple.product-type.application";
		};
		A5C6DBED25796A90009DE750 /* Lock-Watcher */ = {
			isa = PBXNativeTarget;
			buildConfigurationList = A5C6DC1425796A93009DE750 /* Build configuration list for PBXNativeTarget "Lock-Watcher" */;
			buildPhases = (
				A5C6DBEA25796A90009DE750 /* Sources */,
				A5C6DBEB25796A90009DE750 /* Frameworks */,
				A5C6DBEC25796A90009DE750 /* Resources */,
				A5E6D76125A5BB6C00EEA7DD /* Embed XPC Services */,
				A533D7C125A8FCD10046B7C8 /* ShellScript */,
			);
			buildRules = (
			);
			dependencies = (
				A5E6D75C25A5BB6C00EEA7DD /* PBXTargetDependency */,
			);
			name = "Lock-Watcher";
			packageProductDependencies = (
				A5C6DC4525796CCB009DE750 /* PhotoSnap */,
				A533D7BB25A8FCC20046B7C8 /* LaunchAtLogin */,
				A519997926D92D4400F482BC /* SwiftyDropbox */,
				A519998326DA4AD400F482BC /* EasyStash */,
				A599EB2C27AB0BE1003A69B5 /* KeychainAccess */,
				A535F5D127B9165F0096D0C3 /* SimpleTracer */,
			);
			productName = "Lock-Watcher";
			productReference = A5C6DBEE25796A90009DE750 /* Lock-Watcher.app */;
			productType = "com.apple.product-type.application";
		};
		A5C6DBFF25796A93009DE750 /* Lock-WatcherTests */ = {
			isa = PBXNativeTarget;
			buildConfigurationList = A5C6DC1725796A93009DE750 /* Build configuration list for PBXNativeTarget "Lock-WatcherTests" */;
			buildPhases = (
				A5C6DBFC25796A93009DE750 /* Sources */,
				A5C6DBFD25796A93009DE750 /* Frameworks */,
				A5C6DBFE25796A93009DE750 /* Resources */,
			);
			buildRules = (
			);
			dependencies = (
				A5C6DC0225796A93009DE750 /* PBXTargetDependency */,
			);
			name = "Lock-WatcherTests";
			productName = "Lock-WatcherTests";
			productReference = A5C6DC0025796A93009DE750 /* Lock-WatcherTests.xctest */;
			productType = "com.apple.product-type.bundle.unit-test";
		};
		A5C6DC0A25796A93009DE750 /* Lock-WatcherUITests */ = {
			isa = PBXNativeTarget;
			buildConfigurationList = A5C6DC1A25796A93009DE750 /* Build configuration list for PBXNativeTarget "Lock-WatcherUITests" */;
			buildPhases = (
				A5C6DC0725796A93009DE750 /* Sources */,
				A5C6DC0825796A93009DE750 /* Frameworks */,
				A5C6DC0925796A93009DE750 /* Resources */,
			);
			buildRules = (
			);
			dependencies = (
				A5C6DC0D25796A93009DE750 /* PBXTargetDependency */,
			);
			name = "Lock-WatcherUITests";
			productName = "Lock-WatcherUITests";
			productReference = A5C6DC0B25796A93009DE750 /* Lock-WatcherUITests.xctest */;
			productType = "com.apple.product-type.bundle.ui-testing";
		};
		A5E6D75125A5BB6B00EEA7DD /* XPCPower */ = {
			isa = PBXNativeTarget;
			buildConfigurationList = A5E6D75E25A5BB6C00EEA7DD /* Build configuration list for PBXNativeTarget "XPCPower" */;
			buildPhases = (
				A5E6D74E25A5BB6B00EEA7DD /* Sources */,
				A5E6D74F25A5BB6B00EEA7DD /* Frameworks */,
				A5E6D75025A5BB6B00EEA7DD /* Resources */,
			);
			buildRules = (
			);
			dependencies = (
			);
			name = XPCPower;
			productName = XPCPower;
			productReference = A5E6D75225A5BB6B00EEA7DD /* XPCPower.xpc */;
			productType = "com.apple.product-type.xpc-service";
		};
/* End PBXNativeTarget section */

/* Begin PBXProject section */
		A5C6DBE625796A90009DE750 /* Project object */ = {
			isa = PBXProject;
			attributes = {
				LastSwiftUpdateCheck = 1220;
				LastUpgradeCheck = 1300;
				ORGANIZATIONNAME = "IGR Soft";
				TargetAttributes = {
					A533D82525AA11F40046B7C8 = {
						CreatedOnToolsVersion = 12.3;
						LastSwiftMigration = 1230;
					};
					A54E4A1626108E9600E7B1D4 = {
						CreatedOnToolsVersion = 12.4;
						LastSwiftMigration = 1240;
					};
					A5C6DBED25796A90009DE750 = {
						CreatedOnToolsVersion = 12.2;
					};
					A5C6DBFF25796A93009DE750 = {
						CreatedOnToolsVersion = 12.2;
						TestTargetID = A5C6DBED25796A90009DE750;
					};
					A5C6DC0A25796A93009DE750 = {
						CreatedOnToolsVersion = 12.2;
						TestTargetID = A5C6DBED25796A90009DE750;
					};
					A5E6D75125A5BB6B00EEA7DD = {
						CreatedOnToolsVersion = 12.3;
						LastSwiftMigration = 1230;
					};
				};
			};
			buildConfigurationList = A5C6DBE925796A90009DE750 /* Build configuration list for PBXProject "Lock-Watcher" */;
			compatibilityVersion = "Xcode 13.0";
			developmentRegion = en;
			hasScannedForEncodings = 0;
			knownRegions = (
				en,
				ru,
				Base,
				uk,
			);
			mainGroup = A5C6DBE525796A90009DE750;
			packageReferences = (
				A5C6DC4425796CCB009DE750 /* XCRemoteSwiftPackageReference "PhotoSnap" */,
				A533D7BA25A8FCC20046B7C8 /* XCRemoteSwiftPackageReference "LaunchAtLogin" */,
				A519997826D92D4400F482BC /* XCRemoteSwiftPackageReference "SwiftyDropbox" */,
				A519998226DA4AD400F482BC /* XCRemoteSwiftPackageReference "EasyStash" */,
				A599EB2B27AB0BE1003A69B5 /* XCRemoteSwiftPackageReference "KeychainAccess" */,
				A535F5D027B9165F0096D0C3 /* XCRemoteSwiftPackageReference "SimpleTracer" */,
			);
			productRefGroup = A5C6DBEF25796A90009DE750 /* Products */;
			projectDirPath = "";
			projectRoot = "";
			targets = (
				A5C6DBED25796A90009DE750 /* Lock-Watcher */,
				A58FC71E26E2814E007674F6 /* Lock-Watcher-non-mas */,
				A54E4A1626108E9600E7B1D4 /* XPCAuthentication */,
				A5E6D75125A5BB6B00EEA7DD /* XPCPower */,
				A533D82525AA11F40046B7C8 /* XPCMail */,
				A5C6DBFF25796A93009DE750 /* Lock-WatcherTests */,
				A5C6DC0A25796A93009DE750 /* Lock-WatcherUITests */,
			);
		};
/* End PBXProject section */

/* Begin PBXResourcesBuildPhase section */
		A533D82425AA11F40046B7C8 /* Resources */ = {
			isa = PBXResourcesBuildPhase;
			buildActionMask = 2147483647;
			files = (
				A533D84325AA126B0046B7C8 /* Mail.app in Resources */,
			);
			runOnlyForDeploymentPostprocessing = 0;
		};
		A54E4A1526108E9600E7B1D4 /* Resources */ = {
			isa = PBXResourcesBuildPhase;
			buildActionMask = 2147483647;
			files = (
			);
			runOnlyForDeploymentPostprocessing = 0;
		};
		A58FC74926E2814E007674F6 /* Resources */ = {
			isa = PBXResourcesBuildPhase;
			buildActionMask = 2147483647;
			files = (
				A58FC74A26E2814E007674F6 /* Assets.xcassets in Resources */,
				A58FC74B26E2814E007674F6 /* Localizable.strings in Resources */,
				A599EB3527AB1BF0003A69B5 /* policy.html in Resources */,
			);
			runOnlyForDeploymentPostprocessing = 0;
		};
		A5C6DBEC25796A90009DE750 /* Resources */ = {
			isa = PBXResourcesBuildPhase;
			buildActionMask = 2147483647;
			files = (
				A51999A326DA764A00F482BC /* Assets.xcassets in Resources */,
				A51999A226DA764A00F482BC /* Localizable.strings in Resources */,
				A599EB3427AB1BF0003A69B5 /* policy.html in Resources */,
			);
			runOnlyForDeploymentPostprocessing = 0;
		};
		A5C6DBFE25796A93009DE750 /* Resources */ = {
			isa = PBXResourcesBuildPhase;
			buildActionMask = 2147483647;
			files = (
			);
			runOnlyForDeploymentPostprocessing = 0;
		};
		A5C6DC0925796A93009DE750 /* Resources */ = {
			isa = PBXResourcesBuildPhase;
			buildActionMask = 2147483647;
			files = (
			);
			runOnlyForDeploymentPostprocessing = 0;
		};
		A5E6D75025A5BB6B00EEA7DD /* Resources */ = {
			isa = PBXResourcesBuildPhase;
			buildActionMask = 2147483647;
			files = (
			);
			runOnlyForDeploymentPostprocessing = 0;
		};
/* End PBXResourcesBuildPhase section */

/* Begin PBXShellScriptBuildPhase section */
		A533D7C125A8FCD10046B7C8 /* ShellScript */ = {
			isa = PBXShellScriptBuildPhase;
			buildActionMask = 2147483647;
			files = (
			);
			inputFileListPaths = (
			);
			inputPaths = (
			);
			outputFileListPaths = (
			);
			outputPaths = (
			);
			runOnlyForDeploymentPostprocessing = 0;
			shellPath = /bin/sh;
			shellScript = "\"${BUILT_PRODUCTS_DIR}/LaunchAtLogin_LaunchAtLogin.bundle/Contents/Resources/copy-helper-swiftpm.sh\"\n";
		};
		A58FC74F26E2814E007674F6 /* ShellScript */ = {
			isa = PBXShellScriptBuildPhase;
			buildActionMask = 2147483647;
			files = (
			);
			inputFileListPaths = (
			);
			inputPaths = (
			);
			outputFileListPaths = (
			);
			outputPaths = (
			);
			runOnlyForDeploymentPostprocessing = 0;
			shellPath = /bin/sh;
			shellScript = "\"${BUILT_PRODUCTS_DIR}/LaunchAtLogin_LaunchAtLogin.bundle/Contents/Resources/copy-helper-swiftpm.sh\"\n";
		};
/* End PBXShellScriptBuildPhase section */

/* Begin PBXSourcesBuildPhase section */
		A533D82225AA11F40046B7C8 /* Sources */ = {
			isa = PBXSourcesBuildPhase;
			buildActionMask = 2147483647;
			files = (
				A533D82D25AA11F40046B7C8 /* main.m in Sources */,
				A533D83C25AA12110046B7C8 /* XPCMailProtocol.swift in Sources */,
				A533D82B25AA11F40046B7C8 /* XPCMail.m in Sources */,
			);
			runOnlyForDeploymentPostprocessing = 0;
		};
		A54E4A1326108E9600E7B1D4 /* Sources */ = {
			isa = PBXSourcesBuildPhase;
			buildActionMask = 2147483647;
			files = (
				A54E4A582610AA3D00E7B1D4 /* main.swift in Sources */,
				A54E4A592610AA3D00E7B1D4 /* XPCAuthentication.swift in Sources */,
				A54E4A2F26108ED300E7B1D4 /* XPCAuthenticationProtocol.swift in Sources */,
			);
			runOnlyForDeploymentPostprocessing = 0;
		};
		A58FC72B26E2814E007674F6 /* Sources */ = {
			isa = PBXSourcesBuildPhase;
			buildActionMask = 2147483647;
			files = (
				A58FC72C26E2814E007674F6 /* DatabaseDto.swift in Sources */,
				A599EB2427AAF9DF003A69B5 /* SecurityAlertView.swift in Sources */,
				A5D23E3127A1DFAE001C0370 /* FirstLaunchView.swift in Sources */,
				A58FC72D26E2814E007674F6 /* XPCMailProtocol.swift in Sources */,
				A58FC72E26E2814E007674F6 /* WrongPasswordListener.swift in Sources */,
				A58FC72F26E2814E007674F6 /* BaseListener.swift in Sources */,
				A5AA31E92778D6E600A064B6 /* InfoViews.swift in Sources */,
				A599EB3227AB1259003A69B5 /* BaseView.swift in Sources */,
				A58FC73026E2814E007674F6 /* USBListener.swift in Sources */,
				A54A1F7B2703769800176069 /* LoginListener.swift in Sources */,
				A5258AC82831652B0034E32F /* FirstLaunchViews.swift in Sources */,
				A5D23E3427A1E4BA001C0370 /* View+OpenWindow.swift in Sources */,
				A58FC73126E2814E007674F6 /* FileSystemUtil.swift in Sources */,
				A58FC73226E2814E007674F6 /* SettingsView.swift in Sources */,
				A599EB2A27AB0B07003A69B5 /* SecurityUtil.swift in Sources */,
				A5AA31D82778961400A064B6 /* NotificationNotifier.swift in Sources */,
				A58FC73326E2814E007674F6 /* UserDefault+IGRExtension.swift in Sources */,
				A56F1A7E278A29630066CA78 /* DispatchQueue+IGRExtension.swift in Sources */,
				A58FC73426E2814E007674F6 /* ThiefDto.swift in Sources */,
				A5AA31E32778D64400A064B6 /* SaveSnapshotViews.swift in Sources */,
				A5F4B5432836C0D1001A2413 /* ExtendedDivider.swift in Sources */,
				A58FC73526E2814E007674F6 /* PowerListener.swift in Sources */,
				A58FC73626E2814E007674F6 /* TrigerManager.swift in Sources */,
				A58FC73726E2814E007674F6 /* NSImage+IGRExtension.swift in Sources */,
				A58FC73826E2814E007674F6 /* AppSettings.swift in Sources */,
				A58FC73926E2814E007674F6 /* Lock_WatcherApp.swift in Sources */,
				A58FC73A26E2814E007674F6 /* iCloudNotifier.swift in Sources */,
				A5ACC7C827835BF800999CF0 /* NetworkUtil.swift in Sources */,
				A58FC73B26E2814E007674F6 /* EmptyView.swift in Sources */,
				A5EFE8B926E2B587001FC4EA /* Date+IGRExtension.swift in Sources */,
				A58FC73C26E2814E007674F6 /* XPCAuthenticationProtocol.swift in Sources */,
				A58FC73D26E2814E007674F6 /* NotificationManager.swift in Sources */,
				A56CFFBC27A48D6A00CB137B /* String+Regex.swift in Sources */,
				A58FC73E26E2814E007674F6 /* ThiefManager.swift in Sources */,
				A58FC73F26E2814E007674F6 /* DatabaseManager.swift in Sources */,
				A58FC76826E2870E007674F6 /* Preview.swift in Sources */,
				A58FC74026E2814E007674F6 /* XPCPowerProtocol.swift in Sources */,
				A5AA31E02778D5BF00A064B6 /* DetectSnapshotViews.swift in Sources */,
				A58FC74126E2814E007674F6 /* WakeUpListener.swift in Sources */,
				A58FC76326E282C7007674F6 /* MailNotifier.swift in Sources */,
				A58FC74226E2814E007674F6 /* DropboxNotifier.swift in Sources */,
			);
			runOnlyForDeploymentPostprocessing = 0;
		};
		A5C6DBEA25796A90009DE750 /* Sources */ = {
			isa = PBXSourcesBuildPhase;
			buildActionMask = 2147483647;
			files = (
				A519998626DA4BFB00F482BC /* DatabaseDto.swift in Sources */,
				A599EB2327AAF9DF003A69B5 /* SecurityAlertView.swift in Sources */,
				A5D23E3027A1DFAE001C0370 /* FirstLaunchView.swift in Sources */,
				A533D85425AA1BB60046B7C8 /* XPCMailProtocol.swift in Sources */,
				A5E6D79525A5D13000EEA7DD /* BaseListener.swift in Sources */,
				A5A0788D26B9A78400A7D578 /* USBListener.swift in Sources */,
				A5AA31E82778D6E600A064B6 /* InfoViews.swift in Sources */,
				A599EB3127AB1259003A69B5 /* BaseView.swift in Sources */,
				A533D7D425A9E31F0046B7C8 /* FileSystemUtil.swift in Sources */,
				A5C6DBF425796A90009DE750 /* SettingsView.swift in Sources */,
				A5258AC72831652B0034E32F /* FirstLaunchViews.swift in Sources */,
				A5D23E3327A1E4BA001C0370 /* View+OpenWindow.swift in Sources */,
				A56D11E126DBEC7D00BEBEC2 /* UserDefault+IGRExtension.swift in Sources */,
				A533D7DE25A9EDA30046B7C8 /* ThiefDto.swift in Sources */,
				A599EB2927AB0B07003A69B5 /* SecurityUtil.swift in Sources */,
				A5AA31D72778961400A064B6 /* NotificationNotifier.swift in Sources */,
				A5E6D79F25A5D1AE00EEA7DD /* PowerListener.swift in Sources */,
				A56F1A7D278A29630066CA78 /* DispatchQueue+IGRExtension.swift in Sources */,
				A5E6D78E25A5CD2E00EEA7DD /* TrigerManager.swift in Sources */,
				A5AA31E22778D64400A064B6 /* SaveSnapshotViews.swift in Sources */,
				A5F4B5422836C0D1001A2413 /* ExtendedDivider.swift in Sources */,
				A5EFE8B826E2B587001FC4EA /* Date+IGRExtension.swift in Sources */,
				A58FC76726E2870E007674F6 /* Preview.swift in Sources */,
				A541188127649FC4007C6AB8 /* MailNotifier.swift in Sources */,
				A5457A8C26C1FB1400386738 /* NSImage+IGRExtension.swift in Sources */,
				A5E6D7A625A5D1EB00EEA7DD /* AppSettings.swift in Sources */,
				A5C6DBF225796A90009DE750 /* Lock_WatcherApp.swift in Sources */,
				A5ACC7C727835BF800999CF0 /* NetworkUtil.swift in Sources */,
				A5C3E73626C1EA7B003D0BF5 /* iCloudNotifier.swift in Sources */,
				A533D7B525A8F9A60046B7C8 /* EmptyView.swift in Sources */,
				A54E4A2E26108ED300E7B1D4 /* XPCAuthenticationProtocol.swift in Sources */,
				A541188027649FB2007C6AB8 /* WrongPasswordListener.swift in Sources */,
				A56CFFBB27A48D6A00CB137B /* String+Regex.swift in Sources */,
				A5E6D78825A5CC3600EEA7DD /* NotificationManager.swift in Sources */,
				A54A1F7A2703769800176069 /* LoginListener.swift in Sources */,
				A5E6D78225A5CBD300EEA7DD /* ThiefManager.swift in Sources */,
				A519998126DA41C700F482BC /* DatabaseManager.swift in Sources */,
				A5AA31DF2778D5BF00A064B6 /* DetectSnapshotViews.swift in Sources */,
				A58D768925A5DDBF00EC3792 /* XPCPowerProtocol.swift in Sources */,
				A533D7C725A9D96A0046B7C8 /* WakeUpListener.swift in Sources */,
				A519997C26D92E6100F482BC /* DropboxNotifier.swift in Sources */,
			);
			runOnlyForDeploymentPostprocessing = 0;
		};
		A5C6DBFC25796A93009DE750 /* Sources */ = {
			isa = PBXSourcesBuildPhase;
			buildActionMask = 2147483647;
			files = (
				A5C6DC0525796A93009DE750 /* Lock_WatcherTests.swift in Sources */,
			);
			runOnlyForDeploymentPostprocessing = 0;
		};
		A5C6DC0725796A93009DE750 /* Sources */ = {
			isa = PBXSourcesBuildPhase;
			buildActionMask = 2147483647;
			files = (
				A5C6DC1025796A93009DE750 /* Lock_WatcherUITests.swift in Sources */,
			);
			runOnlyForDeploymentPostprocessing = 0;
		};
		A5E6D74E25A5BB6B00EEA7DD /* Sources */ = {
			isa = PBXSourcesBuildPhase;
			buildActionMask = 2147483647;
			files = (
				A5E6D75925A5BB6C00EEA7DD /* main.m in Sources */,
				A5E6D75725A5BB6C00EEA7DD /* XPCPower.m in Sources */,
				A5E6D76F25A5BC8B00EEA7DD /* XPCPowerProtocol.swift in Sources */,
			);
			runOnlyForDeploymentPostprocessing = 0;
		};
/* End PBXSourcesBuildPhase section */

/* Begin PBXTargetDependency section */
		A58FC71F26E2814E007674F6 /* PBXTargetDependency */ = {
			isa = PBXTargetDependency;
			target = A5E6D75125A5BB6B00EEA7DD /* XPCPower */;
			targetProxy = A58FC72026E2814E007674F6 /* PBXContainerItemProxy */;
		};
		A58FC72126E2814E007674F6 /* PBXTargetDependency */ = {
			isa = PBXTargetDependency;
			target = A54E4A1626108E9600E7B1D4 /* XPCAuthentication */;
			targetProxy = A58FC72226E2814E007674F6 /* PBXContainerItemProxy */;
		};
		A58FC75726E281AE007674F6 /* PBXTargetDependency */ = {
			isa = PBXTargetDependency;
			target = A533D82525AA11F40046B7C8 /* XPCMail */;
			targetProxy = A58FC75626E281AE007674F6 /* PBXContainerItemProxy */;
		};
		A5C6DC0225796A93009DE750 /* PBXTargetDependency */ = {
			isa = PBXTargetDependency;
			target = A5C6DBED25796A90009DE750 /* Lock-Watcher */;
			targetProxy = A5C6DC0125796A93009DE750 /* PBXContainerItemProxy */;
		};
		A5C6DC0D25796A93009DE750 /* PBXTargetDependency */ = {
			isa = PBXTargetDependency;
			target = A5C6DBED25796A90009DE750 /* Lock-Watcher */;
			targetProxy = A5C6DC0C25796A93009DE750 /* PBXContainerItemProxy */;
		};
		A5E6D75C25A5BB6C00EEA7DD /* PBXTargetDependency */ = {
			isa = PBXTargetDependency;
			target = A5E6D75125A5BB6B00EEA7DD /* XPCPower */;
			targetProxy = A5E6D75B25A5BB6C00EEA7DD /* PBXContainerItemProxy */;
		};
/* End PBXTargetDependency section */

/* Begin PBXVariantGroup section */
		A519999A26DA764A00F482BC /* Localizable.strings */ = {
			isa = PBXVariantGroup;
			children = (
				A519999B26DA764A00F482BC /* en */,
				A519999E26DA764A00F482BC /* Base */,
				A519999F26DA764A00F482BC /* ru */,
				A51999A626DA771600F482BC /* uk */,
			);
			name = Localizable.strings;
			sourceTree = "<group>";
		};
		A57FDCAF26DB99B600954ED7 /* InfoPlist.strings */ = {
			isa = PBXVariantGroup;
			children = (
				A57FDCAE26DB99B600954ED7 /* en */,
				A57FDCB026DB99B700954ED7 /* ru */,
				A57FDCB126DB99B800954ED7 /* uk */,
			);
			name = InfoPlist.strings;
			sourceTree = "<group>";
		};
/* End PBXVariantGroup section */

/* Begin XCBuildConfiguration section */
		A533D83325AA11F40046B7C8 /* Debug */ = {
			isa = XCBuildConfiguration;
			buildSettings = {
				CLANG_ENABLE_MODULES = YES;
				CODE_SIGN_ENTITLEMENTS = Resources/entitlements/XPCMail.entitlements;
				CODE_SIGN_IDENTITY = "Apple Development";
				CODE_SIGN_STYLE = Automatic;
				COMBINE_HIDPI_IMAGES = YES;
				DEVELOPMENT_TEAM = DMP42GVPJ3;
				ENABLE_HARDENED_RUNTIME = YES;
				INFOPLIST_FILE = XPCMail/Info.plist;
				LD_RUNPATH_SEARCH_PATHS = (
					"$(inherited)",
					"@executable_path/../Frameworks",
					"@loader_path/../Frameworks",
				);
				PRODUCT_BUNDLE_IDENTIFIER = com.igrsoft.XPCMail;
				PRODUCT_NAME = "$(TARGET_NAME)";
				SKIP_INSTALL = YES;
				SWIFT_OBJC_BRIDGING_HEADER = "XPCMail/XPCMail-Bridging-Header.h";
				SWIFT_OPTIMIZATION_LEVEL = "-Onone";
				SWIFT_VERSION = 5.0;
			};
			name = Debug;
		};
		A533D83425AA11F40046B7C8 /* Release */ = {
			isa = XCBuildConfiguration;
			buildSettings = {
				CLANG_ENABLE_MODULES = YES;
				CODE_SIGN_ENTITLEMENTS = Resources/entitlements/XPCMail.entitlements;
				CODE_SIGN_IDENTITY = "Apple Development";
				CODE_SIGN_STYLE = Automatic;
				COMBINE_HIDPI_IMAGES = YES;
				DEVELOPMENT_TEAM = DMP42GVPJ3;
				ENABLE_HARDENED_RUNTIME = YES;
				INFOPLIST_FILE = XPCMail/Info.plist;
				LD_RUNPATH_SEARCH_PATHS = (
					"$(inherited)",
					"@executable_path/../Frameworks",
					"@loader_path/../Frameworks",
				);
				PRODUCT_BUNDLE_IDENTIFIER = com.igrsoft.XPCMail;
				PRODUCT_NAME = "$(TARGET_NAME)";
				SKIP_INSTALL = YES;
				SWIFT_OBJC_BRIDGING_HEADER = "XPCMail/XPCMail-Bridging-Header.h";
				SWIFT_VERSION = 5.0;
			};
			name = Release;
		};
		A54E4A2326108E9600E7B1D4 /* Debug */ = {
			isa = XCBuildConfiguration;
			buildSettings = {
				CLANG_ENABLE_MODULES = YES;
				CODE_SIGN_ENTITLEMENTS = Resources/entitlements/XPCAuthentication.entitlements;
				CODE_SIGN_IDENTITY = "Apple Development";
				CODE_SIGN_STYLE = Automatic;
				COMBINE_HIDPI_IMAGES = YES;
				DEVELOPMENT_TEAM = DMP42GVPJ3;
				ENABLE_HARDENED_RUNTIME = YES;
				INFOPLIST_FILE = XPCAuthentication/Info.plist;
				LD_RUNPATH_SEARCH_PATHS = (
					"$(inherited)",
					"@executable_path/../Frameworks",
					"@loader_path/../Frameworks",
				);
				PRODUCT_BUNDLE_IDENTIFIER = com.igrsoft.XPCAuthentication;
				PRODUCT_NAME = "$(TARGET_NAME)";
				SKIP_INSTALL = YES;
				SWIFT_OPTIMIZATION_LEVEL = "-Onone";
				SWIFT_VERSION = 5.0;
			};
			name = Debug;
		};
		A54E4A2426108E9600E7B1D4 /* Release */ = {
			isa = XCBuildConfiguration;
			buildSettings = {
				CLANG_ENABLE_MODULES = YES;
				CODE_SIGN_ENTITLEMENTS = Resources/entitlements/XPCAuthentication.entitlements;
				CODE_SIGN_IDENTITY = "Apple Development";
				CODE_SIGN_STYLE = Automatic;
				COMBINE_HIDPI_IMAGES = YES;
				DEVELOPMENT_TEAM = DMP42GVPJ3;
				ENABLE_HARDENED_RUNTIME = YES;
				INFOPLIST_FILE = XPCAuthentication/Info.plist;
				LD_RUNPATH_SEARCH_PATHS = (
					"$(inherited)",
					"@executable_path/../Frameworks",
					"@loader_path/../Frameworks",
				);
				PRODUCT_BUNDLE_IDENTIFIER = com.igrsoft.XPCAuthentication;
				PRODUCT_NAME = "$(TARGET_NAME)";
				SKIP_INSTALL = YES;
				SWIFT_VERSION = 5.0;
			};
			name = Release;
		};
		A58FC75126E2814E007674F6 /* Debug */ = {
			isa = XCBuildConfiguration;
			buildSettings = {
				ALWAYS_EMBED_SWIFT_STANDARD_LIBRARIES = YES;
				ASSETCATALOG_COMPILER_APPICON_NAME = AppIcon;
				ASSETCATALOG_COMPILER_GLOBAL_ACCENT_COLOR_NAME = AccentColor;
				CODE_SIGN_ENTITLEMENTS = "Resources/entitlements/Lock_Watcher-non-mas.entitlements";
				CODE_SIGN_IDENTITY = "Apple Development";
				CODE_SIGN_STYLE = Automatic;
				COMBINE_HIDPI_IMAGES = YES;
				DEVELOPMENT_TEAM = DMP42GVPJ3;
				ENABLE_HARDENED_RUNTIME = YES;
				ENABLE_PREVIEWS = YES;
				INFOPLIST_FILE = "$(SRCROOT)/Resources/Info.plist";
				LD_RUNPATH_SEARCH_PATHS = (
					"$(inherited)",
					"@executable_path/../Frameworks",
				);
				OTHER_SWIFT_FLAGS = "-D NON_MAS_CONFIG";
				PRODUCT_BUNDLE_IDENTIFIER = "com.igrsoft.Lock-Watcher";
				PRODUCT_NAME = "$(TARGET_NAME)";
				SWIFT_VERSION = 5.0;
			};
			name = Debug;
		};
		A58FC75226E2814E007674F6 /* Release */ = {
			isa = XCBuildConfiguration;
			buildSettings = {
				ALWAYS_EMBED_SWIFT_STANDARD_LIBRARIES = YES;
				ASSETCATALOG_COMPILER_APPICON_NAME = AppIcon;
				ASSETCATALOG_COMPILER_GLOBAL_ACCENT_COLOR_NAME = AccentColor;
				CODE_SIGN_ENTITLEMENTS = "Resources/entitlements/Lock_Watcher-non-mas.entitlements";
				CODE_SIGN_IDENTITY = "Apple Development";
				CODE_SIGN_STYLE = Automatic;
				COMBINE_HIDPI_IMAGES = YES;
				DEVELOPMENT_TEAM = DMP42GVPJ3;
				ENABLE_HARDENED_RUNTIME = YES;
				ENABLE_PREVIEWS = YES;
				INFOPLIST_FILE = "$(SRCROOT)/Resources/Info.plist";
				LD_RUNPATH_SEARCH_PATHS = (
					"$(inherited)",
					"@executable_path/../Frameworks",
				);
				OTHER_SWIFT_FLAGS = "-D NON_MAS_CONFIG";
				PRODUCT_BUNDLE_IDENTIFIER = "com.igrsoft.Lock-Watcher";
				PRODUCT_NAME = "$(TARGET_NAME)";
				SWIFT_VERSION = 5.0;
			};
			name = Release;
		};
		A58FC75B26E2826D007674F6 /* Release-non-mas */ = {
			isa = XCBuildConfiguration;
			buildSettings = {
				ALWAYS_SEARCH_USER_PATHS = NO;
				CLANG_ANALYZER_LOCALIZABILITY_NONLOCALIZED = YES;
				CLANG_ANALYZER_NONNULL = YES;
				CLANG_ANALYZER_NUMBER_OBJECT_CONVERSION = YES_AGGRESSIVE;
				CLANG_CXX_LANGUAGE_STANDARD = "gnu++14";
				CLANG_CXX_LIBRARY = "libc++";
				CLANG_ENABLE_MODULES = YES;
				CLANG_ENABLE_OBJC_ARC = YES;
				CLANG_ENABLE_OBJC_WEAK = YES;
				CLANG_WARN_BLOCK_CAPTURE_AUTORELEASING = YES;
				CLANG_WARN_BOOL_CONVERSION = YES;
				CLANG_WARN_COMMA = YES;
				CLANG_WARN_CONSTANT_CONVERSION = YES;
				CLANG_WARN_DEPRECATED_OBJC_IMPLEMENTATIONS = YES;
				CLANG_WARN_DIRECT_OBJC_ISA_USAGE = YES_ERROR;
				CLANG_WARN_DOCUMENTATION_COMMENTS = YES;
				CLANG_WARN_EMPTY_BODY = YES;
				CLANG_WARN_ENUM_CONVERSION = YES;
				CLANG_WARN_INFINITE_RECURSION = YES;
				CLANG_WARN_INT_CONVERSION = YES;
				CLANG_WARN_NON_LITERAL_NULL_CONVERSION = YES;
				CLANG_WARN_OBJC_IMPLICIT_RETAIN_SELF = YES;
				CLANG_WARN_OBJC_LITERAL_CONVERSION = YES;
				CLANG_WARN_OBJC_ROOT_CLASS = YES_ERROR;
				CLANG_WARN_QUOTED_INCLUDE_IN_FRAMEWORK_HEADER = YES;
				CLANG_WARN_RANGE_LOOP_ANALYSIS = YES;
				CLANG_WARN_STRICT_PROTOTYPES = YES;
				CLANG_WARN_SUSPICIOUS_MOVE = YES;
				CLANG_WARN_UNGUARDED_AVAILABILITY = YES_AGGRESSIVE;
				CLANG_WARN_UNREACHABLE_CODE = YES;
				CLANG_WARN__DUPLICATE_METHOD_MATCH = YES;
				COPY_PHASE_STRIP = NO;
				CURRENT_PROJECT_VERSION = 112;
				DEBUG_INFORMATION_FORMAT = "dwarf-with-dsym";
				ENABLE_NS_ASSERTIONS = NO;
				ENABLE_STRICT_OBJC_MSGSEND = YES;
				GCC_C_LANGUAGE_STANDARD = gnu11;
				GCC_NO_COMMON_BLOCKS = YES;
				GCC_WARN_64_TO_32_BIT_CONVERSION = YES;
				GCC_WARN_ABOUT_RETURN_TYPE = YES_ERROR;
				GCC_WARN_UNDECLARED_SELECTOR = YES;
				GCC_WARN_UNINITIALIZED_AUTOS = YES_AGGRESSIVE;
				GCC_WARN_UNUSED_FUNCTION = YES;
				GCC_WARN_UNUSED_VARIABLE = YES;
				ITSAppUsesNonExemptEncryption = NO;
				MACOSX_DEPLOYMENT_TARGET = 12.0;
				MARKETING_VERSION = 1.0.0;
				MTL_ENABLE_DEBUG_INFO = NO;
				MTL_FAST_MATH = YES;
				SDKROOT = macosx;
				SWIFT_COMPILATION_MODE = wholemodule;
				SWIFT_EMIT_LOC_STRINGS = YES;
				SWIFT_OPTIMIZATION_LEVEL = "-O";
			};
			name = "Release-non-mas";
		};
		A58FC75C26E2826D007674F6 /* Release-non-mas */ = {
			isa = XCBuildConfiguration;
			buildSettings = {
				ALWAYS_EMBED_SWIFT_STANDARD_LIBRARIES = YES;
				ASSETCATALOG_COMPILER_APPICON_NAME = AppIcon;
				ASSETCATALOG_COMPILER_GLOBAL_ACCENT_COLOR_NAME = AccentColor;
				CODE_SIGN_ENTITLEMENTS = Resources/entitlements/Lock_Watcher.entitlements;
				CODE_SIGN_IDENTITY = "Apple Development";
				CODE_SIGN_STYLE = Automatic;
				COMBINE_HIDPI_IMAGES = YES;
				DEVELOPMENT_TEAM = DMP42GVPJ3;
				ENABLE_HARDENED_RUNTIME = YES;
				ENABLE_PREVIEWS = YES;
				INFOPLIST_FILE = "$(SRCROOT)/Resources/Info.plist";
				LD_RUNPATH_SEARCH_PATHS = (
					"$(inherited)",
					"@executable_path/../Frameworks",
				);
				PRODUCT_BUNDLE_IDENTIFIER = "com.igrsoft.Lock-Watcher";
				PRODUCT_NAME = "$(TARGET_NAME)";
				SWIFT_VERSION = 5.0;
			};
			name = "Release-non-mas";
		};
		A58FC75D26E2826D007674F6 /* Release-non-mas */ = {
			isa = XCBuildConfiguration;
			buildSettings = {
				ALWAYS_EMBED_SWIFT_STANDARD_LIBRARIES = YES;
				BUNDLE_LOADER = "$(TEST_HOST)";
				CODE_SIGN_STYLE = Automatic;
				COMBINE_HIDPI_IMAGES = YES;
				DEVELOPMENT_TEAM = DMP42GVPJ3;
				INFOPLIST_FILE = "Lock-WatcherTests/Info.plist";
				LD_RUNPATH_SEARCH_PATHS = (
					"$(inherited)",
					"@executable_path/../Frameworks",
					"@loader_path/../Frameworks",
				);
				PRODUCT_BUNDLE_IDENTIFIER = "com.igrsoft.Lock-WatcherTests";
				PRODUCT_NAME = "$(TARGET_NAME)";
				SWIFT_VERSION = 5.0;
				TEST_HOST = "$(BUILT_PRODUCTS_DIR)/Lock-Watcher.app/Contents/MacOS/Lock-Watcher";
			};
			name = "Release-non-mas";
		};
		A58FC75E26E2826D007674F6 /* Release-non-mas */ = {
			isa = XCBuildConfiguration;
			buildSettings = {
				ALWAYS_EMBED_SWIFT_STANDARD_LIBRARIES = YES;
				CODE_SIGN_STYLE = Automatic;
				COMBINE_HIDPI_IMAGES = YES;
				DEVELOPMENT_TEAM = DMP42GVPJ3;
				INFOPLIST_FILE = "Lock-WatcherUITests/Info.plist";
				LD_RUNPATH_SEARCH_PATHS = (
					"$(inherited)",
					"@executable_path/../Frameworks",
					"@loader_path/../Frameworks",
				);
				PRODUCT_BUNDLE_IDENTIFIER = "com.igrsoft.Lock-WatcherUITests";
				PRODUCT_NAME = "$(TARGET_NAME)";
				SWIFT_VERSION = 5.0;
				TEST_TARGET_NAME = "Lock-Watcher";
			};
			name = "Release-non-mas";
		};
		A58FC75F26E2826D007674F6 /* Release-non-mas */ = {
			isa = XCBuildConfiguration;
			buildSettings = {
				CLANG_ENABLE_MODULES = YES;
				CODE_SIGN_ENTITLEMENTS = "Resources/entitlements/XPCPower-non-mas.entitlements";
				CODE_SIGN_IDENTITY = "Apple Development";
				CODE_SIGN_STYLE = Automatic;
				COMBINE_HIDPI_IMAGES = YES;
				DEVELOPMENT_TEAM = DMP42GVPJ3;
				ENABLE_HARDENED_RUNTIME = YES;
				INFOPLIST_FILE = XPCPower/Info.plist;
				LD_RUNPATH_SEARCH_PATHS = (
					"$(inherited)",
					"@executable_path/../Frameworks",
					"@loader_path/../Frameworks",
				);
				PRODUCT_BUNDLE_IDENTIFIER = com.igrsoft.XPCPower;
				PRODUCT_NAME = "$(TARGET_NAME)";
				SKIP_INSTALL = YES;
				SWIFT_OBJC_BRIDGING_HEADER = "XPCPower/XPCPower-Bridging-Header.h";
				SWIFT_VERSION = 5.0;
			};
			name = "Release-non-mas";
		};
		A58FC76026E2826D007674F6 /* Release-non-mas */ = {
			isa = XCBuildConfiguration;
			buildSettings = {
				CLANG_ENABLE_MODULES = YES;
				CODE_SIGN_ENTITLEMENTS = "Resources/entitlements/XPCMail-non-mas.entitlements";
				CODE_SIGN_IDENTITY = "Apple Development";
				CODE_SIGN_STYLE = Automatic;
				COMBINE_HIDPI_IMAGES = YES;
				DEVELOPMENT_TEAM = DMP42GVPJ3;
				ENABLE_HARDENED_RUNTIME = YES;
				INFOPLIST_FILE = XPCMail/Info.plist;
				LD_RUNPATH_SEARCH_PATHS = (
					"$(inherited)",
					"@executable_path/../Frameworks",
					"@loader_path/../Frameworks",
				);
				PRODUCT_BUNDLE_IDENTIFIER = com.igrsoft.XPCMail;
				PRODUCT_NAME = "$(TARGET_NAME)";
				SKIP_INSTALL = YES;
				SWIFT_OBJC_BRIDGING_HEADER = "XPCMail/XPCMail-Bridging-Header.h";
				SWIFT_VERSION = 5.0;
			};
			name = "Release-non-mas";
		};
		A58FC76126E2826D007674F6 /* Release-non-mas */ = {
			isa = XCBuildConfiguration;
			buildSettings = {
				CLANG_ENABLE_MODULES = YES;
				CODE_SIGN_ENTITLEMENTS = "Resources/entitlements/XPCAuthentication-non-mas.entitlements";
				CODE_SIGN_IDENTITY = "Apple Development";
				CODE_SIGN_STYLE = Automatic;
				COMBINE_HIDPI_IMAGES = YES;
				DEVELOPMENT_TEAM = DMP42GVPJ3;
				ENABLE_HARDENED_RUNTIME = YES;
				INFOPLIST_FILE = XPCAuthentication/Info.plist;
				LD_RUNPATH_SEARCH_PATHS = (
					"$(inherited)",
					"@executable_path/../Frameworks",
					"@loader_path/../Frameworks",
				);
				PRODUCT_BUNDLE_IDENTIFIER = com.igrsoft.XPCAuthentication;
				PRODUCT_NAME = "$(TARGET_NAME)";
				SKIP_INSTALL = YES;
				SWIFT_VERSION = 5.0;
			};
			name = "Release-non-mas";
		};
		A58FC76226E2826D007674F6 /* Release-non-mas */ = {
			isa = XCBuildConfiguration;
			buildSettings = {
				ALWAYS_EMBED_SWIFT_STANDARD_LIBRARIES = YES;
				ASSETCATALOG_COMPILER_APPICON_NAME = AppIcon;
				ASSETCATALOG_COMPILER_GLOBAL_ACCENT_COLOR_NAME = AccentColor;
				CODE_SIGN_ENTITLEMENTS = "Resources/entitlements/Lock_Watcher-non-mas.entitlements";
				CODE_SIGN_IDENTITY = "Apple Development";
				CODE_SIGN_STYLE = Automatic;
				COMBINE_HIDPI_IMAGES = YES;
				DEVELOPMENT_TEAM = DMP42GVPJ3;
				ENABLE_HARDENED_RUNTIME = YES;
				ENABLE_PREVIEWS = YES;
				INFOPLIST_FILE = "$(SRCROOT)/Resources/Info.plist";
				LD_RUNPATH_SEARCH_PATHS = (
					"$(inherited)",
					"@executable_path/../Frameworks",
				);
				OTHER_SWIFT_FLAGS = "-D NON_MAS_CONFIG";
				PRODUCT_BUNDLE_IDENTIFIER = "com.igrsoft.Lock-Watcher";
				PRODUCT_NAME = "$(TARGET_NAME)";
				SWIFT_VERSION = 5.0;
			};
			name = "Release-non-mas";
		};
		A5C6DC1225796A93009DE750 /* Debug */ = {
			isa = XCBuildConfiguration;
			buildSettings = {
				ALWAYS_SEARCH_USER_PATHS = NO;
				CLANG_ANALYZER_LOCALIZABILITY_NONLOCALIZED = YES;
				CLANG_ANALYZER_NONNULL = YES;
				CLANG_ANALYZER_NUMBER_OBJECT_CONVERSION = YES_AGGRESSIVE;
				CLANG_CXX_LANGUAGE_STANDARD = "gnu++14";
				CLANG_CXX_LIBRARY = "libc++";
				CLANG_ENABLE_MODULES = YES;
				CLANG_ENABLE_OBJC_ARC = YES;
				CLANG_ENABLE_OBJC_WEAK = YES;
				CLANG_WARN_BLOCK_CAPTURE_AUTORELEASING = YES;
				CLANG_WARN_BOOL_CONVERSION = YES;
				CLANG_WARN_COMMA = YES;
				CLANG_WARN_CONSTANT_CONVERSION = YES;
				CLANG_WARN_DEPRECATED_OBJC_IMPLEMENTATIONS = YES;
				CLANG_WARN_DIRECT_OBJC_ISA_USAGE = YES_ERROR;
				CLANG_WARN_DOCUMENTATION_COMMENTS = YES;
				CLANG_WARN_EMPTY_BODY = YES;
				CLANG_WARN_ENUM_CONVERSION = YES;
				CLANG_WARN_INFINITE_RECURSION = YES;
				CLANG_WARN_INT_CONVERSION = YES;
				CLANG_WARN_NON_LITERAL_NULL_CONVERSION = YES;
				CLANG_WARN_OBJC_IMPLICIT_RETAIN_SELF = YES;
				CLANG_WARN_OBJC_LITERAL_CONVERSION = YES;
				CLANG_WARN_OBJC_ROOT_CLASS = YES_ERROR;
				CLANG_WARN_QUOTED_INCLUDE_IN_FRAMEWORK_HEADER = YES;
				CLANG_WARN_RANGE_LOOP_ANALYSIS = YES;
				CLANG_WARN_STRICT_PROTOTYPES = YES;
				CLANG_WARN_SUSPICIOUS_MOVE = YES;
				CLANG_WARN_UNGUARDED_AVAILABILITY = YES_AGGRESSIVE;
				CLANG_WARN_UNREACHABLE_CODE = YES;
				CLANG_WARN__DUPLICATE_METHOD_MATCH = YES;
				COPY_PHASE_STRIP = NO;
				CURRENT_PROJECT_VERSION = 112;
				DEBUG_INFORMATION_FORMAT = dwarf;
				ENABLE_STRICT_OBJC_MSGSEND = YES;
				ENABLE_TESTABILITY = YES;
				GCC_C_LANGUAGE_STANDARD = gnu11;
				GCC_DYNAMIC_NO_PIC = NO;
				GCC_NO_COMMON_BLOCKS = YES;
				GCC_OPTIMIZATION_LEVEL = 0;
				GCC_PREPROCESSOR_DEFINITIONS = (
					"DEBUG=1",
					"$(inherited)",
				);
				GCC_WARN_64_TO_32_BIT_CONVERSION = YES;
				GCC_WARN_ABOUT_RETURN_TYPE = YES_ERROR;
				GCC_WARN_UNDECLARED_SELECTOR = YES;
				GCC_WARN_UNINITIALIZED_AUTOS = YES_AGGRESSIVE;
				GCC_WARN_UNUSED_FUNCTION = YES;
				GCC_WARN_UNUSED_VARIABLE = YES;
				ITSAppUsesNonExemptEncryption = NO;
				MACOSX_DEPLOYMENT_TARGET = 12.0;
				MARKETING_VERSION = 1.0.0;
				MTL_ENABLE_DEBUG_INFO = INCLUDE_SOURCE;
				MTL_FAST_MATH = YES;
				ONLY_ACTIVE_ARCH = YES;
				SDKROOT = macosx;
				SWIFT_ACTIVE_COMPILATION_CONDITIONS = DEBUG;
				SWIFT_EMIT_LOC_STRINGS = YES;
				SWIFT_OPTIMIZATION_LEVEL = "-Onone";
			};
			name = Debug;
		};
		A5C6DC1325796A93009DE750 /* Release */ = {
			isa = XCBuildConfiguration;
			buildSettings = {
				ALWAYS_SEARCH_USER_PATHS = NO;
				CLANG_ANALYZER_LOCALIZABILITY_NONLOCALIZED = YES;
				CLANG_ANALYZER_NONNULL = YES;
				CLANG_ANALYZER_NUMBER_OBJECT_CONVERSION = YES_AGGRESSIVE;
				CLANG_CXX_LANGUAGE_STANDARD = "gnu++14";
				CLANG_CXX_LIBRARY = "libc++";
				CLANG_ENABLE_MODULES = YES;
				CLANG_ENABLE_OBJC_ARC = YES;
				CLANG_ENABLE_OBJC_WEAK = YES;
				CLANG_WARN_BLOCK_CAPTURE_AUTORELEASING = YES;
				CLANG_WARN_BOOL_CONVERSION = YES;
				CLANG_WARN_COMMA = YES;
				CLANG_WARN_CONSTANT_CONVERSION = YES;
				CLANG_WARN_DEPRECATED_OBJC_IMPLEMENTATIONS = YES;
				CLANG_WARN_DIRECT_OBJC_ISA_USAGE = YES_ERROR;
				CLANG_WARN_DOCUMENTATION_COMMENTS = YES;
				CLANG_WARN_EMPTY_BODY = YES;
				CLANG_WARN_ENUM_CONVERSION = YES;
				CLANG_WARN_INFINITE_RECURSION = YES;
				CLANG_WARN_INT_CONVERSION = YES;
				CLANG_WARN_NON_LITERAL_NULL_CONVERSION = YES;
				CLANG_WARN_OBJC_IMPLICIT_RETAIN_SELF = YES;
				CLANG_WARN_OBJC_LITERAL_CONVERSION = YES;
				CLANG_WARN_OBJC_ROOT_CLASS = YES_ERROR;
				CLANG_WARN_QUOTED_INCLUDE_IN_FRAMEWORK_HEADER = YES;
				CLANG_WARN_RANGE_LOOP_ANALYSIS = YES;
				CLANG_WARN_STRICT_PROTOTYPES = YES;
				CLANG_WARN_SUSPICIOUS_MOVE = YES;
				CLANG_WARN_UNGUARDED_AVAILABILITY = YES_AGGRESSIVE;
				CLANG_WARN_UNREACHABLE_CODE = YES;
				CLANG_WARN__DUPLICATE_METHOD_MATCH = YES;
				COPY_PHASE_STRIP = NO;
				CURRENT_PROJECT_VERSION = 112;
				DEBUG_INFORMATION_FORMAT = "dwarf-with-dsym";
				ENABLE_NS_ASSERTIONS = NO;
				ENABLE_STRICT_OBJC_MSGSEND = YES;
				GCC_C_LANGUAGE_STANDARD = gnu11;
				GCC_NO_COMMON_BLOCKS = YES;
				GCC_WARN_64_TO_32_BIT_CONVERSION = YES;
				GCC_WARN_ABOUT_RETURN_TYPE = YES_ERROR;
				GCC_WARN_UNDECLARED_SELECTOR = YES;
				GCC_WARN_UNINITIALIZED_AUTOS = YES_AGGRESSIVE;
				GCC_WARN_UNUSED_FUNCTION = YES;
				GCC_WARN_UNUSED_VARIABLE = YES;
				ITSAppUsesNonExemptEncryption = NO;
				MACOSX_DEPLOYMENT_TARGET = 12.0;
				MARKETING_VERSION = 1.0.0;
				MTL_ENABLE_DEBUG_INFO = NO;
				MTL_FAST_MATH = YES;
				SDKROOT = macosx;
				SWIFT_COMPILATION_MODE = wholemodule;
				SWIFT_EMIT_LOC_STRINGS = YES;
				SWIFT_OPTIMIZATION_LEVEL = "-O";
			};
			name = Release;
		};
		A5C6DC1525796A93009DE750 /* Debug */ = {
			isa = XCBuildConfiguration;
			buildSettings = {
				ALWAYS_EMBED_SWIFT_STANDARD_LIBRARIES = YES;
				ASSETCATALOG_COMPILER_APPICON_NAME = AppIcon;
				ASSETCATALOG_COMPILER_GLOBAL_ACCENT_COLOR_NAME = AccentColor;
				CODE_SIGN_ENTITLEMENTS = Resources/entitlements/Lock_Watcher.entitlements;
				CODE_SIGN_IDENTITY = "Apple Development";
				CODE_SIGN_STYLE = Automatic;
				COMBINE_HIDPI_IMAGES = YES;
				DEVELOPMENT_TEAM = DMP42GVPJ3;
				ENABLE_HARDENED_RUNTIME = YES;
				ENABLE_PREVIEWS = YES;
				INFOPLIST_FILE = "$(SRCROOT)/Resources/Info.plist";
				LD_RUNPATH_SEARCH_PATHS = (
					"$(inherited)",
					"@executable_path/../Frameworks",
				);
				PRODUCT_BUNDLE_IDENTIFIER = "com.igrsoft.Lock-Watcher";
				PRODUCT_NAME = "$(TARGET_NAME)";
				SWIFT_VERSION = 5.0;
			};
			name = Debug;
		};
		A5C6DC1625796A93009DE750 /* Release */ = {
			isa = XCBuildConfiguration;
			buildSettings = {
				ALWAYS_EMBED_SWIFT_STANDARD_LIBRARIES = YES;
				ASSETCATALOG_COMPILER_APPICON_NAME = AppIcon;
				ASSETCATALOG_COMPILER_GLOBAL_ACCENT_COLOR_NAME = AccentColor;
				CODE_SIGN_ENTITLEMENTS = Resources/entitlements/Lock_Watcher.entitlements;
				CODE_SIGN_IDENTITY = "Apple Development";
				CODE_SIGN_STYLE = Automatic;
				COMBINE_HIDPI_IMAGES = YES;
				DEVELOPMENT_TEAM = DMP42GVPJ3;
				ENABLE_HARDENED_RUNTIME = YES;
				ENABLE_PREVIEWS = YES;
				INFOPLIST_FILE = "$(SRCROOT)/Resources/Info.plist";
				LD_RUNPATH_SEARCH_PATHS = (
					"$(inherited)",
					"@executable_path/../Frameworks",
				);
				PRODUCT_BUNDLE_IDENTIFIER = "com.igrsoft.Lock-Watcher";
				PRODUCT_NAME = "$(TARGET_NAME)";
				SWIFT_VERSION = 5.0;
			};
			name = Release;
		};
		A5C6DC1825796A93009DE750 /* Debug */ = {
			isa = XCBuildConfiguration;
			buildSettings = {
				ALWAYS_EMBED_SWIFT_STANDARD_LIBRARIES = YES;
				BUNDLE_LOADER = "$(TEST_HOST)";
				CODE_SIGN_STYLE = Automatic;
				COMBINE_HIDPI_IMAGES = YES;
				DEVELOPMENT_TEAM = DMP42GVPJ3;
				INFOPLIST_FILE = "Lock-WatcherTests/Info.plist";
				LD_RUNPATH_SEARCH_PATHS = (
					"$(inherited)",
					"@executable_path/../Frameworks",
					"@loader_path/../Frameworks",
				);
				PRODUCT_BUNDLE_IDENTIFIER = "com.igrsoft.Lock-WatcherTests";
				PRODUCT_NAME = "$(TARGET_NAME)";
				SWIFT_VERSION = 5.0;
				TEST_HOST = "$(BUILT_PRODUCTS_DIR)/Lock-Watcher.app/Contents/MacOS/Lock-Watcher";
			};
			name = Debug;
		};
		A5C6DC1925796A93009DE750 /* Release */ = {
			isa = XCBuildConfiguration;
			buildSettings = {
				ALWAYS_EMBED_SWIFT_STANDARD_LIBRARIES = YES;
				BUNDLE_LOADER = "$(TEST_HOST)";
				CODE_SIGN_STYLE = Automatic;
				COMBINE_HIDPI_IMAGES = YES;
				DEVELOPMENT_TEAM = DMP42GVPJ3;
				INFOPLIST_FILE = "Lock-WatcherTests/Info.plist";
				LD_RUNPATH_SEARCH_PATHS = (
					"$(inherited)",
					"@executable_path/../Frameworks",
					"@loader_path/../Frameworks",
				);
				PRODUCT_BUNDLE_IDENTIFIER = "com.igrsoft.Lock-WatcherTests";
				PRODUCT_NAME = "$(TARGET_NAME)";
				SWIFT_VERSION = 5.0;
				TEST_HOST = "$(BUILT_PRODUCTS_DIR)/Lock-Watcher.app/Contents/MacOS/Lock-Watcher";
			};
			name = Release;
		};
		A5C6DC1B25796A93009DE750 /* Debug */ = {
			isa = XCBuildConfiguration;
			buildSettings = {
				ALWAYS_EMBED_SWIFT_STANDARD_LIBRARIES = YES;
				CODE_SIGN_STYLE = Automatic;
				COMBINE_HIDPI_IMAGES = YES;
				DEVELOPMENT_TEAM = DMP42GVPJ3;
				INFOPLIST_FILE = "Lock-WatcherUITests/Info.plist";
				LD_RUNPATH_SEARCH_PATHS = (
					"$(inherited)",
					"@executable_path/../Frameworks",
					"@loader_path/../Frameworks",
				);
				PRODUCT_BUNDLE_IDENTIFIER = "com.igrsoft.Lock-WatcherUITests";
				PRODUCT_NAME = "$(TARGET_NAME)";
				SWIFT_VERSION = 5.0;
				TEST_TARGET_NAME = "Lock-Watcher";
			};
			name = Debug;
		};
		A5C6DC1C25796A93009DE750 /* Release */ = {
			isa = XCBuildConfiguration;
			buildSettings = {
				ALWAYS_EMBED_SWIFT_STANDARD_LIBRARIES = YES;
				CODE_SIGN_STYLE = Automatic;
				COMBINE_HIDPI_IMAGES = YES;
				DEVELOPMENT_TEAM = DMP42GVPJ3;
				INFOPLIST_FILE = "Lock-WatcherUITests/Info.plist";
				LD_RUNPATH_SEARCH_PATHS = (
					"$(inherited)",
					"@executable_path/../Frameworks",
					"@loader_path/../Frameworks",
				);
				PRODUCT_BUNDLE_IDENTIFIER = "com.igrsoft.Lock-WatcherUITests";
				PRODUCT_NAME = "$(TARGET_NAME)";
				SWIFT_VERSION = 5.0;
				TEST_TARGET_NAME = "Lock-Watcher";
			};
			name = Release;
		};
		A5E6D75F25A5BB6C00EEA7DD /* Debug */ = {
			isa = XCBuildConfiguration;
			buildSettings = {
				CLANG_ENABLE_MODULES = YES;
				CODE_SIGN_ENTITLEMENTS = Resources/entitlements/XPCPower.entitlements;
				CODE_SIGN_IDENTITY = "Apple Development";
				CODE_SIGN_STYLE = Automatic;
				COMBINE_HIDPI_IMAGES = YES;
				DEVELOPMENT_TEAM = DMP42GVPJ3;
				ENABLE_HARDENED_RUNTIME = YES;
				INFOPLIST_FILE = XPCPower/Info.plist;
				LD_RUNPATH_SEARCH_PATHS = (
					"$(inherited)",
					"@executable_path/../Frameworks",
					"@loader_path/../Frameworks",
				);
				PRODUCT_BUNDLE_IDENTIFIER = com.igrsoft.XPCPower;
				PRODUCT_NAME = "$(TARGET_NAME)";
				SKIP_INSTALL = YES;
				SWIFT_OBJC_BRIDGING_HEADER = "XPCPower/XPCPower-Bridging-Header.h";
				SWIFT_OPTIMIZATION_LEVEL = "-Onone";
				SWIFT_VERSION = 5.0;
			};
			name = Debug;
		};
		A5E6D76025A5BB6C00EEA7DD /* Release */ = {
			isa = XCBuildConfiguration;
			buildSettings = {
				CLANG_ENABLE_MODULES = YES;
				CODE_SIGN_ENTITLEMENTS = Resources/entitlements/XPCPower.entitlements;
				CODE_SIGN_IDENTITY = "Apple Development";
				CODE_SIGN_STYLE = Automatic;
				COMBINE_HIDPI_IMAGES = YES;
				DEVELOPMENT_TEAM = DMP42GVPJ3;
				ENABLE_HARDENED_RUNTIME = YES;
				INFOPLIST_FILE = XPCPower/Info.plist;
				LD_RUNPATH_SEARCH_PATHS = (
					"$(inherited)",
					"@executable_path/../Frameworks",
					"@loader_path/../Frameworks",
				);
				PRODUCT_BUNDLE_IDENTIFIER = com.igrsoft.XPCPower;
				PRODUCT_NAME = "$(TARGET_NAME)";
				SKIP_INSTALL = YES;
				SWIFT_OBJC_BRIDGING_HEADER = "XPCPower/XPCPower-Bridging-Header.h";
				SWIFT_VERSION = 5.0;
			};
			name = Release;
		};
/* End XCBuildConfiguration section */

/* Begin XCConfigurationList section */
		A533D83225AA11F40046B7C8 /* Build configuration list for PBXNativeTarget "XPCMail" */ = {
			isa = XCConfigurationList;
			buildConfigurations = (
				A533D83325AA11F40046B7C8 /* Debug */,
				A533D83425AA11F40046B7C8 /* Release */,
				A58FC76026E2826D007674F6 /* Release-non-mas */,
			);
			defaultConfigurationIsVisible = 0;
			defaultConfigurationName = Release;
		};
		A54E4A2526108E9600E7B1D4 /* Build configuration list for PBXNativeTarget "XPCAuthentication" */ = {
			isa = XCConfigurationList;
			buildConfigurations = (
				A54E4A2326108E9600E7B1D4 /* Debug */,
				A54E4A2426108E9600E7B1D4 /* Release */,
				A58FC76126E2826D007674F6 /* Release-non-mas */,
			);
			defaultConfigurationIsVisible = 0;
			defaultConfigurationName = Release;
		};
		A58FC75026E2814E007674F6 /* Build configuration list for PBXNativeTarget "Lock-Watcher-non-mas" */ = {
			isa = XCConfigurationList;
			buildConfigurations = (
				A58FC75126E2814E007674F6 /* Debug */,
				A58FC75226E2814E007674F6 /* Release */,
				A58FC76226E2826D007674F6 /* Release-non-mas */,
			);
			defaultConfigurationIsVisible = 0;
			defaultConfigurationName = Release;
		};
		A5C6DBE925796A90009DE750 /* Build configuration list for PBXProject "Lock-Watcher" */ = {
			isa = XCConfigurationList;
			buildConfigurations = (
				A5C6DC1225796A93009DE750 /* Debug */,
				A5C6DC1325796A93009DE750 /* Release */,
				A58FC75B26E2826D007674F6 /* Release-non-mas */,
			);
			defaultConfigurationIsVisible = 0;
			defaultConfigurationName = Release;
		};
		A5C6DC1425796A93009DE750 /* Build configuration list for PBXNativeTarget "Lock-Watcher" */ = {
			isa = XCConfigurationList;
			buildConfigurations = (
				A5C6DC1525796A93009DE750 /* Debug */,
				A5C6DC1625796A93009DE750 /* Release */,
				A58FC75C26E2826D007674F6 /* Release-non-mas */,
			);
			defaultConfigurationIsVisible = 0;
			defaultConfigurationName = Release;
		};
		A5C6DC1725796A93009DE750 /* Build configuration list for PBXNativeTarget "Lock-WatcherTests" */ = {
			isa = XCConfigurationList;
			buildConfigurations = (
				A5C6DC1825796A93009DE750 /* Debug */,
				A5C6DC1925796A93009DE750 /* Release */,
				A58FC75D26E2826D007674F6 /* Release-non-mas */,
			);
			defaultConfigurationIsVisible = 0;
			defaultConfigurationName = Release;
		};
		A5C6DC1A25796A93009DE750 /* Build configuration list for PBXNativeTarget "Lock-WatcherUITests" */ = {
			isa = XCConfigurationList;
			buildConfigurations = (
				A5C6DC1B25796A93009DE750 /* Debug */,
				A5C6DC1C25796A93009DE750 /* Release */,
				A58FC75E26E2826D007674F6 /* Release-non-mas */,
			);
			defaultConfigurationIsVisible = 0;
			defaultConfigurationName = Release;
		};
		A5E6D75E25A5BB6C00EEA7DD /* Build configuration list for PBXNativeTarget "XPCPower" */ = {
			isa = XCConfigurationList;
			buildConfigurations = (
				A5E6D75F25A5BB6C00EEA7DD /* Debug */,
				A5E6D76025A5BB6C00EEA7DD /* Release */,
				A58FC75F26E2826D007674F6 /* Release-non-mas */,
			);
			defaultConfigurationIsVisible = 0;
			defaultConfigurationName = Release;
		};
/* End XCConfigurationList section */

/* Begin XCRemoteSwiftPackageReference section */
		A519997826D92D4400F482BC /* XCRemoteSwiftPackageReference "SwiftyDropbox" */ = {
			isa = XCRemoteSwiftPackageReference;
			repositoryURL = "https://github.com/dropbox/SwiftyDropbox.git";
			requirement = {
				kind = upToNextMajorVersion;
				minimumVersion = 8.2.1;
			};
		};
		A519998226DA4AD400F482BC /* XCRemoteSwiftPackageReference "EasyStash" */ = {
			isa = XCRemoteSwiftPackageReference;
			repositoryURL = "https://github.com/onmyway133/EasyStash";
			requirement = {
				kind = upToNextMajorVersion;
				minimumVersion = 1.1.8;
			};
		};
		A533D7BA25A8FCC20046B7C8 /* XCRemoteSwiftPackageReference "LaunchAtLogin" */ = {
			isa = XCRemoteSwiftPackageReference;
			repositoryURL = "https://github.com/sindresorhus/LaunchAtLogin";
			requirement = {
				kind = upToNextMajorVersion;
				minimumVersion = 4.2.0;
			};
		};
		A535F5D027B9165F0096D0C3 /* XCRemoteSwiftPackageReference "SimpleTracer" */ = {
			isa = XCRemoteSwiftPackageReference;
			repositoryURL = "https://github.com/IGRSoft/SimpleTracer";
			requirement = {
				kind = upToNextMajorVersion;
				minimumVersion = 0.1.1;
			};
		};
		A58FC72426E2814E007674F6 /* XCRemoteSwiftPackageReference "PhotoSnap" */ = {
			isa = XCRemoteSwiftPackageReference;
			repositoryURL = "https://github.com/IGRSoft/PhotoSnap.git";
			requirement = {
				kind = upToNextMinorVersion;
				minimumVersion = 0.2.0;
			};
		};
		A58FC72626E2814E007674F6 /* XCRemoteSwiftPackageReference "LaunchAtLogin" */ = {
			isa = XCRemoteSwiftPackageReference;
			repositoryURL = "https://github.com/sindresorhus/LaunchAtLogin";
			requirement = {
				kind = upToNextMajorVersion;
				minimumVersion = 4.0.0;
			};
		};
		A58FC72826E2814E007674F6 /* XCRemoteSwiftPackageReference "SwiftyDropbox" */ = {
			isa = XCRemoteSwiftPackageReference;
			repositoryURL = "https://github.com/dropbox/SwiftyDropbox.git";
			requirement = {
				kind = upToNextMajorVersion;
				minimumVersion = 8.1.0;
			};
		};
		A58FC72A26E2814E007674F6 /* XCRemoteSwiftPackageReference "EasyStash" */ = {
			isa = XCRemoteSwiftPackageReference;
			repositoryURL = "https://github.com/onmyway133/EasyStash";
			requirement = {
				kind = upToNextMajorVersion;
				minimumVersion = 1.1.8;
			};
		};
		A599EB2B27AB0BE1003A69B5 /* XCRemoteSwiftPackageReference "KeychainAccess" */ = {
			isa = XCRemoteSwiftPackageReference;
			repositoryURL = "https://github.com/kishikawakatsumi/KeychainAccess";
			requirement = {
				kind = upToNextMajorVersion;
				minimumVersion = 4.2.2;
			};
		};
		A5C6DC4425796CCB009DE750 /* XCRemoteSwiftPackageReference "PhotoSnap" */ = {
			isa = XCRemoteSwiftPackageReference;
			repositoryURL = "https://github.com/IGRSoft/PhotoSnap.git";
			requirement = {
				kind = upToNextMinorVersion;
				minimumVersion = 0.2.1;
			};
		};
/* End XCRemoteSwiftPackageReference section */

/* Begin XCSwiftPackageProductDependency section */
		A519997926D92D4400F482BC /* SwiftyDropbox */ = {
			isa = XCSwiftPackageProductDependency;
			package = A519997826D92D4400F482BC /* XCRemoteSwiftPackageReference "SwiftyDropbox" */;
			productName = SwiftyDropbox;
		};
		A519998326DA4AD400F482BC /* EasyStash */ = {
			isa = XCSwiftPackageProductDependency;
			package = A519998226DA4AD400F482BC /* XCRemoteSwiftPackageReference "EasyStash" */;
			productName = EasyStash;
		};
		A533D7BB25A8FCC20046B7C8 /* LaunchAtLogin */ = {
			isa = XCSwiftPackageProductDependency;
			package = A533D7BA25A8FCC20046B7C8 /* XCRemoteSwiftPackageReference "LaunchAtLogin" */;
			productName = LaunchAtLogin;
		};
		A535F5D127B9165F0096D0C3 /* SimpleTracer */ = {
			isa = XCSwiftPackageProductDependency;
			package = A535F5D027B9165F0096D0C3 /* XCRemoteSwiftPackageReference "SimpleTracer" */;
			productName = SimpleTracer;
		};
		A535F5D327B9166E0096D0C3 /* SimpleTracer */ = {
			isa = XCSwiftPackageProductDependency;
			package = A535F5D027B9165F0096D0C3 /* XCRemoteSwiftPackageReference "SimpleTracer" */;
			productName = SimpleTracer;
		};
		A58FC72326E2814E007674F6 /* PhotoSnap */ = {
			isa = XCSwiftPackageProductDependency;
			package = A58FC72426E2814E007674F6 /* XCRemoteSwiftPackageReference "PhotoSnap" */;
			productName = PhotoSnap;
		};
		A58FC72526E2814E007674F6 /* LaunchAtLogin */ = {
			isa = XCSwiftPackageProductDependency;
			package = A58FC72626E2814E007674F6 /* XCRemoteSwiftPackageReference "LaunchAtLogin" */;
			productName = LaunchAtLogin;
		};
		A58FC72726E2814E007674F6 /* SwiftyDropbox */ = {
			isa = XCSwiftPackageProductDependency;
			package = A58FC72826E2814E007674F6 /* XCRemoteSwiftPackageReference "SwiftyDropbox" */;
			productName = SwiftyDropbox;
		};
		A58FC72926E2814E007674F6 /* EasyStash */ = {
			isa = XCSwiftPackageProductDependency;
			package = A58FC72A26E2814E007674F6 /* XCRemoteSwiftPackageReference "EasyStash" */;
			productName = EasyStash;
		};
		A599EB2C27AB0BE1003A69B5 /* KeychainAccess */ = {
			isa = XCSwiftPackageProductDependency;
			package = A599EB2B27AB0BE1003A69B5 /* XCRemoteSwiftPackageReference "KeychainAccess" */;
			productName = KeychainAccess;
		};
		A599EB2E27AB0C09003A69B5 /* KeychainAccess */ = {
			isa = XCSwiftPackageProductDependency;
			package = A599EB2B27AB0BE1003A69B5 /* XCRemoteSwiftPackageReference "KeychainAccess" */;
			productName = KeychainAccess;
		};
		A5C6DC4525796CCB009DE750 /* PhotoSnap */ = {
			isa = XCSwiftPackageProductDependency;
			package = A5C6DC4425796CCB009DE750 /* XCRemoteSwiftPackageReference "PhotoSnap" */;
			productName = PhotoSnap;
		};
/* End XCSwiftPackageProductDependency section */
	};
	rootObject = A5C6DBE625796A90009DE750 /* Project object */;
}
