// !$*UTF8*$!
{
	archiveVersion = 1;
	classes = {
	};
	objectVersion = 52;
	objects = {

/* Begin PBXBuildFile section */
		A5C6DBF225796A90009DE750 /* Lock_WatcherApp.swift in Sources */ = {isa = PBXBuildFile; fileRef = A5C6DBF125796A90009DE750 /* Lock_WatcherApp.swift */; };
		A5C6DBF425796A90009DE750 /* ContentView.swift in Sources */ = {isa = PBXBuildFile; fileRef = A5C6DBF325796A90009DE750 /* ContentView.swift */; };
		A5C6DC0525796A93009DE750 /* Lock_WatcherTests.swift in Sources */ = {isa = PBXBuildFile; fileRef = A5C6DC0425796A93009DE750 /* Lock_WatcherTests.swift */; };
		A5C6DC1025796A93009DE750 /* Lock_WatcherUITests.swift in Sources */ = {isa = PBXBuildFile; fileRef = A5C6DC0F25796A93009DE750 /* Lock_WatcherUITests.swift */; };
		A5C6DC3225796B80009DE750 /* Assets.xcassets in Resources */ = {isa = PBXBuildFile; fileRef = A5C6DC2E25796B80009DE750 /* Assets.xcassets */; };
		A5C6DC3325796B80009DE750 /* Preview Assets.xcassets in Resources */ = {isa = PBXBuildFile; fileRef = A5C6DC3025796B80009DE750 /* Preview Assets.xcassets */; };
		A5C6DC4625796CCB009DE750 /* PhotoSnap in Frameworks */ = {isa = PBXBuildFile; productRef = A5C6DC4525796CCB009DE750 /* PhotoSnap */; };
/* End PBXBuildFile section */

/* Begin PBXContainerItemProxy section */
		A5C6DC0125796A93009DE750 /* PBXContainerItemProxy */ = {
			isa = PBXContainerItemProxy;
			containerPortal = A5C6DBE625796A90009DE750 /* Project object */;
			proxyType = 1;
			remoteGlobalIDString = A5C6DBED25796A90009DE750;
			remoteInfo = "Lock-Watcher";
		};
		A5C6DC0C25796A93009DE750 /* PBXContainerItemProxy */ = {
			isa = PBXContainerItemProxy;
			containerPortal = A5C6DBE625796A90009DE750 /* Project object */;
			proxyType = 1;
			remoteGlobalIDString = A5C6DBED25796A90009DE750;
			remoteInfo = "Lock-Watcher";
		};
/* End PBXContainerItemProxy section */

/* Begin PBXFileReference section */
		A5C6DBEE25796A90009DE750 /* Lock-Watcher.app */ = {isa = PBXFileReference; explicitFileType = wrapper.application; includeInIndex = 0; path = "Lock-Watcher.app"; sourceTree = BUILT_PRODUCTS_DIR; };
		A5C6DBF125796A90009DE750 /* Lock_WatcherApp.swift */ = {isa = PBXFileReference; lastKnownFileType = sourcecode.swift; path = Lock_WatcherApp.swift; sourceTree = "<group>"; };
		A5C6DBF325796A90009DE750 /* ContentView.swift */ = {isa = PBXFileReference; lastKnownFileType = sourcecode.swift; path = ContentView.swift; sourceTree = "<group>"; };
		A5C6DC0025796A93009DE750 /* Lock-WatcherTests.xctest */ = {isa = PBXFileReference; explicitFileType = wrapper.cfbundle; includeInIndex = 0; path = "Lock-WatcherTests.xctest"; sourceTree = BUILT_PRODUCTS_DIR; };
		A5C6DC0425796A93009DE750 /* Lock_WatcherTests.swift */ = {isa = PBXFileReference; lastKnownFileType = sourcecode.swift; path = Lock_WatcherTests.swift; sourceTree = "<group>"; };
		A5C6DC0625796A93009DE750 /* Info.plist */ = {isa = PBXFileReference; lastKnownFileType = text.plist.xml; path = Info.plist; sourceTree = "<group>"; };
		A5C6DC0B25796A93009DE750 /* Lock-WatcherUITests.xctest */ = {isa = PBXFileReference; explicitFileType = wrapper.cfbundle; includeInIndex = 0; path = "Lock-WatcherUITests.xctest"; sourceTree = BUILT_PRODUCTS_DIR; };
		A5C6DC0F25796A93009DE750 /* Lock_WatcherUITests.swift */ = {isa = PBXFileReference; lastKnownFileType = sourcecode.swift; path = Lock_WatcherUITests.swift; sourceTree = "<group>"; };
		A5C6DC1125796A93009DE750 /* Info.plist */ = {isa = PBXFileReference; lastKnownFileType = text.plist.xml; path = Info.plist; sourceTree = "<group>"; };
		A5C6DC2D25796B80009DE750 /* Lock_Watcher.entitlements */ = {isa = PBXFileReference; fileEncoding = 4; lastKnownFileType = text.plist.entitlements; path = Lock_Watcher.entitlements; sourceTree = "<group>"; };
		A5C6DC2E25796B80009DE750 /* Assets.xcassets */ = {isa = PBXFileReference; lastKnownFileType = folder.assetcatalog; path = Assets.xcassets; sourceTree = "<group>"; };
		A5C6DC3025796B80009DE750 /* Preview Assets.xcassets */ = {isa = PBXFileReference; lastKnownFileType = folder.assetcatalog; path = "Preview Assets.xcassets"; sourceTree = "<group>"; };
		A5C6DC3125796B80009DE750 /* Info.plist */ = {isa = PBXFileReference; fileEncoding = 4; lastKnownFileType = text.plist.xml; path = Info.plist; sourceTree = "<group>"; };
/* End PBXFileReference section */

/* Begin PBXFrameworksBuildPhase section */
		A5C6DBEB25796A90009DE750 /* Frameworks */ = {
			isa = PBXFrameworksBuildPhase;
			buildActionMask = 2147483647;
			files = (
				A5C6DC4625796CCB009DE750 /* PhotoSnap in Frameworks */,
			);
			runOnlyForDeploymentPostprocessing = 0;
		};
		A5C6DBFD25796A93009DE750 /* Frameworks */ = {
			isa = PBXFrameworksBuildPhase;
			buildActionMask = 2147483647;
			files = (
			);
			runOnlyForDeploymentPostprocessing = 0;
		};
		A5C6DC0825796A93009DE750 /* Frameworks */ = {
			isa = PBXFrameworksBuildPhase;
			buildActionMask = 2147483647;
			files = (
			);
			runOnlyForDeploymentPostprocessing = 0;
		};
/* End PBXFrameworksBuildPhase section */

/* Begin PBXGroup section */
		A5C6DBE525796A90009DE750 = {
			isa = PBXGroup;
			children = (
				A5C6DC2C25796B80009DE750 /* Resources */,
				A5C6DBF025796A90009DE750 /* Source */,
				A5C6DC0325796A93009DE750 /* Tests */,
				A5C6DC0E25796A93009DE750 /* UITests */,
				A5C6DBEF25796A90009DE750 /* Products */,
			);
			sourceTree = "<group>";
		};
		A5C6DBEF25796A90009DE750 /* Products */ = {
			isa = PBXGroup;
			children = (
				A5C6DBEE25796A90009DE750 /* Lock-Watcher.app */,
				A5C6DC0025796A93009DE750 /* Lock-WatcherTests.xctest */,
				A5C6DC0B25796A93009DE750 /* Lock-WatcherUITests.xctest */,
			);
			name = Products;
			sourceTree = "<group>";
		};
		A5C6DBF025796A90009DE750 /* Source */ = {
			isa = PBXGroup;
			children = (
				A5C6DBF125796A90009DE750 /* Lock_WatcherApp.swift */,
				A5C6DBF325796A90009DE750 /* ContentView.swift */,
			);
			path = Source;
			sourceTree = "<group>";
		};
		A5C6DC0325796A93009DE750 /* Tests */ = {
			isa = PBXGroup;
			children = (
				A5C6DC0425796A93009DE750 /* Lock_WatcherTests.swift */,
				A5C6DC0625796A93009DE750 /* Info.plist */,
			);
			path = Tests;
			sourceTree = "<group>";
		};
		A5C6DC0E25796A93009DE750 /* UITests */ = {
			isa = PBXGroup;
			children = (
				A5C6DC0F25796A93009DE750 /* Lock_WatcherUITests.swift */,
				A5C6DC1125796A93009DE750 /* Info.plist */,
			);
			path = UITests;
			sourceTree = "<group>";
		};
		A5C6DC2C25796B80009DE750 /* Resources */ = {
			isa = PBXGroup;
			children = (
				A5C6DC2D25796B80009DE750 /* Lock_Watcher.entitlements */,
				A5C6DC2E25796B80009DE750 /* Assets.xcassets */,
				A5C6DC2F25796B80009DE750 /* Preview Content */,
				A5C6DC3125796B80009DE750 /* Info.plist */,
			);
			path = Resources;
			sourceTree = "<group>";
		};
		A5C6DC2F25796B80009DE750 /* Preview Content */ = {
			isa = PBXGroup;
			children = (
				A5C6DC3025796B80009DE750 /* Preview Assets.xcassets */,
			);
			path = "Preview Content";
			sourceTree = "<group>";
		};
/* End PBXGroup section */

/* Begin PBXNativeTarget section */
		A5C6DBED25796A90009DE750 /* Lock-Watcher */ = {
			isa = PBXNativeTarget;
			buildConfigurationList = A5C6DC1425796A93009DE750 /* Build configuration list for PBXNativeTarget "Lock-Watcher" */;
			buildPhases = (
				A5C6DBEA25796A90009DE750 /* Sources */,
				A5C6DBEB25796A90009DE750 /* Frameworks */,
				A5C6DBEC25796A90009DE750 /* Resources */,
			);
			buildRules = (
			);
			dependencies = (
			);
			name = "Lock-Watcher";
			packageProductDependencies = (
				A5C6DC4525796CCB009DE750 /* PhotoSnap */,
			);
			productName = "Lock-Watcher";
			productReference = A5C6DBEE25796A90009DE750 /* Lock-Watcher.app */;
			productType = "com.apple.product-type.application";
		};
		A5C6DBFF25796A93009DE750 /* Lock-WatcherTests */ = {
			isa = PBXNativeTarget;
			buildConfigurationList = A5C6DC1725796A93009DE750 /* Build configuration list for PBXNativeTarget "Lock-WatcherTests" */;
			buildPhases = (
				A5C6DBFC25796A93009DE750 /* Sources */,
				A5C6DBFD25796A93009DE750 /* Frameworks */,
				A5C6DBFE25796A93009DE750 /* Resources */,
			);
			buildRules = (
			);
			dependencies = (
				A5C6DC0225796A93009DE750 /* PBXTargetDependency */,
			);
			name = "Lock-WatcherTests";
			productName = "Lock-WatcherTests";
			productReference = A5C6DC0025796A93009DE750 /* Lock-WatcherTests.xctest */;
			productType = "com.apple.product-type.bundle.unit-test";
		};
		A5C6DC0A25796A93009DE750 /* Lock-WatcherUITests */ = {
			isa = PBXNativeTarget;
			buildConfigurationList = A5C6DC1A25796A93009DE750 /* Build configuration list for PBXNativeTarget "Lock-WatcherUITests" */;
			buildPhases = (
				A5C6DC0725796A93009DE750 /* Sources */,
				A5C6DC0825796A93009DE750 /* Frameworks */,
				A5C6DC0925796A93009DE750 /* Resources */,
			);
			buildRules = (
			);
			dependencies = (
				A5C6DC0D25796A93009DE750 /* PBXTargetDependency */,
			);
			name = "Lock-WatcherUITests";
			productName = "Lock-WatcherUITests";
			productReference = A5C6DC0B25796A93009DE750 /* Lock-WatcherUITests.xctest */;
			productType = "com.apple.product-type.bundle.ui-testing";
		};
/* End PBXNativeTarget section */

/* Begin PBXProject section */
		A5C6DBE625796A90009DE750 /* Project object */ = {
			isa = PBXProject;
			attributes = {
				LastSwiftUpdateCheck = 1220;
				LastUpgradeCheck = 1220;
				TargetAttributes = {
					A5C6DBED25796A90009DE750 = {
						CreatedOnToolsVersion = 12.2;
					};
					A5C6DBFF25796A93009DE750 = {
						CreatedOnToolsVersion = 12.2;
						TestTargetID = A5C6DBED25796A90009DE750;
					};
					A5C6DC0A25796A93009DE750 = {
						CreatedOnToolsVersion = 12.2;
						TestTargetID = A5C6DBED25796A90009DE750;
					};
				};
			};
			buildConfigurationList = A5C6DBE925796A90009DE750 /* Build configuration list for PBXProject "Lock-Watcher" */;
			compatibilityVersion = "Xcode 9.3";
			developmentRegion = en;
			hasScannedForEncodings = 0;
			knownRegions = (
				en,
				Base,
			);
			mainGroup = A5C6DBE525796A90009DE750;
			packageReferences = (
				A5C6DC4425796CCB009DE750 /* XCRemoteSwiftPackageReference "PhotoSnap" */,
			);
			productRefGroup = A5C6DBEF25796A90009DE750 /* Products */;
			projectDirPath = "";
			projectRoot = "";
			targets = (
				A5C6DBED25796A90009DE750 /* Lock-Watcher */,
				A5C6DBFF25796A93009DE750 /* Lock-WatcherTests */,
				A5C6DC0A25796A93009DE750 /* Lock-WatcherUITests */,
			);
		};
/* End PBXProject section */

/* Begin PBXResourcesBuildPhase section */
		A5C6DBEC25796A90009DE750 /* Resources */ = {
			isa = PBXResourcesBuildPhase;
			buildActionMask = 2147483647;
			files = (
				A5C6DC3325796B80009DE750 /* Preview Assets.xcassets in Resources */,
				A5C6DC3225796B80009DE750 /* Assets.xcassets in Resources */,
			);
			runOnlyForDeploymentPostprocessing = 0;
		};
		A5C6DBFE25796A93009DE750 /* Resources */ = {
			isa = PBXResourcesBuildPhase;
			buildActionMask = 2147483647;
			files = (
			);
			runOnlyForDeploymentPostprocessing = 0;
		};
		A5C6DC0925796A93009DE750 /* Resources */ = {
			isa = PBXResourcesBuildPhase;
			buildActionMask = 2147483647;
			files = (
			);
			runOnlyForDeploymentPostprocessing = 0;
		};
/* End PBXResourcesBuildPhase section */

/* Begin PBXSourcesBuildPhase section */
		A5C6DBEA25796A90009DE750 /* Sources */ = {
			isa = PBXSourcesBuildPhase;
			buildActionMask = 2147483647;
			files = (
				A5C6DBF425796A90009DE750 /* ContentView.swift in Sources */,
				A5C6DBF225796A90009DE750 /* Lock_WatcherApp.swift in Sources */,
			);
			runOnlyForDeploymentPostprocessing = 0;
		};
		A5C6DBFC25796A93009DE750 /* Sources */ = {
			isa = PBXSourcesBuildPhase;
			buildActionMask = 2147483647;
			files = (
				A5C6DC0525796A93009DE750 /* Lock_WatcherTests.swift in Sources */,
			);
			runOnlyForDeploymentPostprocessing = 0;
		};
		A5C6DC0725796A93009DE750 /* Sources */ = {
			isa = PBXSourcesBuildPhase;
			buildActionMask = 2147483647;
			files = (
				A5C6DC1025796A93009DE750 /* Lock_WatcherUITests.swift in Sources */,
			);
			runOnlyForDeploymentPostprocessing = 0;
		};
/* End PBXSourcesBuildPhase section */

/* Begin PBXTargetDependency section */
		A5C6DC0225796A93009DE750 /* PBXTargetDependency */ = {
			isa = PBXTargetDependency;
			target = A5C6DBED25796A90009DE750 /* Lock-Watcher */;
			targetProxy = A5C6DC0125796A93009DE750 /* PBXContainerItemProxy */;
		};
		A5C6DC0D25796A93009DE750 /* PBXTargetDependency */ = {
			isa = PBXTargetDependency;
			target = A5C6DBED25796A90009DE750 /* Lock-Watcher */;
			targetProxy = A5C6DC0C25796A93009DE750 /* PBXContainerItemProxy */;
		};
/* End PBXTargetDependency section */

/* Begin XCBuildConfiguration section */
		A5C6DC1225796A93009DE750 /* Debug */ = {
			isa = XCBuildConfiguration;
			buildSettings = {
				ALWAYS_SEARCH_USER_PATHS = NO;
				CLANG_ANALYZER_NONNULL = YES;
				CLANG_ANALYZER_NUMBER_OBJECT_CONVERSION = YES_AGGRESSIVE;
				CLANG_CXX_LANGUAGE_STANDARD = "gnu++14";
				CLANG_CXX_LIBRARY = "libc++";
				CLANG_ENABLE_MODULES = YES;
				CLANG_ENABLE_OBJC_ARC = YES;
				CLANG_ENABLE_OBJC_WEAK = YES;
				CLANG_WARN_BLOCK_CAPTURE_AUTORELEASING = YES;
				CLANG_WARN_BOOL_CONVERSION = YES;
				CLANG_WARN_COMMA = YES;
				CLANG_WARN_CONSTANT_CONVERSION = YES;
				CLANG_WARN_DEPRECATED_OBJC_IMPLEMENTATIONS = YES;
				CLANG_WARN_DIRECT_OBJC_ISA_USAGE = YES_ERROR;
				CLANG_WARN_DOCUMENTATION_COMMENTS = YES;
				CLANG_WARN_EMPTY_BODY = YES;
				CLANG_WARN_ENUM_CONVERSION = YES;
				CLANG_WARN_INFINITE_RECURSION = YES;
				CLANG_WARN_INT_CONVERSION = YES;
				CLANG_WARN_NON_LITERAL_NULL_CONVERSION = YES;
				CLANG_WARN_OBJC_IMPLICIT_RETAIN_SELF = YES;
				CLANG_WARN_OBJC_LITERAL_CONVERSION = YES;
				CLANG_WARN_OBJC_ROOT_CLASS = YES_ERROR;
				CLANG_WARN_QUOTED_INCLUDE_IN_FRAMEWORK_HEADER = YES;
				CLANG_WARN_RANGE_LOOP_ANALYSIS = YES;
				CLANG_WARN_STRICT_PROTOTYPES = YES;
				CLANG_WARN_SUSPICIOUS_MOVE = YES;
				CLANG_WARN_UNGUARDED_AVAILABILITY = YES_AGGRESSIVE;
				CLANG_WARN_UNREACHABLE_CODE = YES;
				CLANG_WARN__DUPLICATE_METHOD_MATCH = YES;
				COPY_PHASE_STRIP = NO;
				DEBUG_INFORMATION_FORMAT = dwarf;
				ENABLE_STRICT_OBJC_MSGSEND = YES;
				ENABLE_TESTABILITY = YES;
				GCC_C_LANGUAGE_STANDARD = gnu11;
				GCC_DYNAMIC_NO_PIC = NO;
				GCC_NO_COMMON_BLOCKS = YES;
				GCC_OPTIMIZATION_LEVEL = 0;
				GCC_PREPROCESSOR_DEFINITIONS = (
					"DEBUG=1",
					"$(inherited)",
				);
				GCC_WARN_64_TO_32_BIT_CONVERSION = YES;
				GCC_WARN_ABOUT_RETURN_TYPE = YES_ERROR;
				GCC_WARN_UNDECLARED_SELECTOR = YES;
				GCC_WARN_UNINITIALIZED_AUTOS = YES_AGGRESSIVE;
				GCC_WARN_UNUSED_FUNCTION = YES;
				GCC_WARN_UNUSED_VARIABLE = YES;
				MACOSX_DEPLOYMENT_TARGET = 11.0;
				MTL_ENABLE_DEBUG_INFO = INCLUDE_SOURCE;
				MTL_FAST_MATH = YES;
				ONLY_ACTIVE_ARCH = YES;
				SDKROOT = macosx;
				SWIFT_ACTIVE_COMPILATION_CONDITIONS = DEBUG;
				SWIFT_OPTIMIZATION_LEVEL = "-Onone";
			};
			name = Debug;
		};
		A5C6DC1325796A93009DE750 /* Release */ = {
			isa = XCBuildConfiguration;
			buildSettings = {
				ALWAYS_SEARCH_USER_PATHS = NO;
				CLANG_ANALYZER_NONNULL = YES;
				CLANG_ANALYZER_NUMBER_OBJECT_CONVERSION = YES_AGGRESSIVE;
				CLANG_CXX_LANGUAGE_STANDARD = "gnu++14";
				CLANG_CXX_LIBRARY = "libc++";
				CLANG_ENABLE_MODULES = YES;
				CLANG_ENABLE_OBJC_ARC = YES;
				CLANG_ENABLE_OBJC_WEAK = YES;
				CLANG_WARN_BLOCK_CAPTURE_AUTORELEASING = YES;
				CLANG_WARN_BOOL_CONVERSION = YES;
				CLANG_WARN_COMMA = YES;
				CLANG_WARN_CONSTANT_CONVERSION = YES;
				CLANG_WARN_DEPRECATED_OBJC_IMPLEMENTATIONS = YES;
				CLANG_WARN_DIRECT_OBJC_ISA_USAGE = YES_ERROR;
				CLANG_WARN_DOCUMENTATION_COMMENTS = YES;
				CLANG_WARN_EMPTY_BODY = YES;
				CLANG_WARN_ENUM_CONVERSION = YES;
				CLANG_WARN_INFINITE_RECURSION = YES;
				CLANG_WARN_INT_CONVERSION = YES;
				CLANG_WARN_NON_LITERAL_NULL_CONVERSION = YES;
				CLANG_WARN_OBJC_IMPLICIT_RETAIN_SELF = YES;
				CLANG_WARN_OBJC_LITERAL_CONVERSION = YES;
				CLANG_WARN_OBJC_ROOT_CLASS = YES_ERROR;
				CLANG_WARN_QUOTED_INCLUDE_IN_FRAMEWORK_HEADER = YES;
				CLANG_WARN_RANGE_LOOP_ANALYSIS = YES;
				CLANG_WARN_STRICT_PROTOTYPES = YES;
				CLANG_WARN_SUSPICIOUS_MOVE = YES;
				CLANG_WARN_UNGUARDED_AVAILABILITY = YES_AGGRESSIVE;
				CLANG_WARN_UNREACHABLE_CODE = YES;
				CLANG_WARN__DUPLICATE_METHOD_MATCH = YES;
				COPY_PHASE_STRIP = NO;
				DEBUG_INFORMATION_FORMAT = "dwarf-with-dsym";
				ENABLE_NS_ASSERTIONS = NO;
				ENABLE_STRICT_OBJC_MSGSEND = YES;
				GCC_C_LANGUAGE_STANDARD = gnu11;
				GCC_NO_COMMON_BLOCKS = YES;
				GCC_WARN_64_TO_32_BIT_CONVERSION = YES;
				GCC_WARN_ABOUT_RETURN_TYPE = YES_ERROR;
				GCC_WARN_UNDECLARED_SELECTOR = YES;
				GCC_WARN_UNINITIALIZED_AUTOS = YES_AGGRESSIVE;
				GCC_WARN_UNUSED_FUNCTION = YES;
				GCC_WARN_UNUSED_VARIABLE = YES;
				MACOSX_DEPLOYMENT_TARGET = 11.0;
				MTL_ENABLE_DEBUG_INFO = NO;
				MTL_FAST_MATH = YES;
				SDKROOT = macosx;
				SWIFT_COMPILATION_MODE = wholemodule;
				SWIFT_OPTIMIZATION_LEVEL = "-O";
			};
			name = Release;
		};
		A5C6DC1525796A93009DE750 /* Debug */ = {
			isa = XCBuildConfiguration;
			buildSettings = {
				ASSETCATALOG_COMPILER_APPICON_NAME = AppIcon;
				ASSETCATALOG_COMPILER_GLOBAL_ACCENT_COLOR_NAME = AccentColor;
				CODE_SIGN_ENTITLEMENTS = Resources/Lock_Watcher.entitlements;
				CODE_SIGN_STYLE = Automatic;
				COMBINE_HIDPI_IMAGES = YES;
				DEVELOPMENT_ASSET_PATHS = "Resources/Preview\\ Content/Preview\\ Assets.xcassets";
				DEVELOPMENT_TEAM = DMP42GVPJ3;
				ENABLE_HARDENED_RUNTIME = YES;
				ENABLE_PREVIEWS = YES;
				INFOPLIST_FILE = "$(SRCROOT)/Resources/Info.plist";
				LD_RUNPATH_SEARCH_PATHS = (
					"$(inherited)",
					"@executable_path/../Frameworks",
				);
				MACOSX_DEPLOYMENT_TARGET = 11.0;
				PRODUCT_BUNDLE_IDENTIFIER = "com.igrsoft.Lock-Watcher";
				PRODUCT_NAME = "$(TARGET_NAME)";
				SWIFT_VERSION = 5.0;
			};
			name = Debug;
		};
		A5C6DC1625796A93009DE750 /* Release */ = {
			isa = XCBuildConfiguration;
			buildSettings = {
				ASSETCATALOG_COMPILER_APPICON_NAME = AppIcon;
				ASSETCATALOG_COMPILER_GLOBAL_ACCENT_COLOR_NAME = AccentColor;
				CODE_SIGN_ENTITLEMENTS = Resources/Lock_Watcher.entitlements;
				CODE_SIGN_STYLE = Automatic;
				COMBINE_HIDPI_IMAGES = YES;
				DEVELOPMENT_ASSET_PATHS = "Resources/Preview\\ Content/Preview\\ Assets.xcassets";
				DEVELOPMENT_TEAM = DMP42GVPJ3;
				ENABLE_HARDENED_RUNTIME = YES;
				ENABLE_PREVIEWS = YES;
				INFOPLIST_FILE = "$(SRCROOT)/Resources/Info.plist";
				LD_RUNPATH_SEARCH_PATHS = (
					"$(inherited)",
					"@executable_path/../Frameworks",
				);
				MACOSX_DEPLOYMENT_TARGET = 11.0;
				PRODUCT_BUNDLE_IDENTIFIER = "com.igrsoft.Lock-Watcher";
				PRODUCT_NAME = "$(TARGET_NAME)";
				SWIFT_VERSION = 5.0;
			};
			name = Release;
		};
		A5C6DC1825796A93009DE750 /* Debug */ = {
			isa = XCBuildConfiguration;
			buildSettings = {
				ALWAYS_EMBED_SWIFT_STANDARD_LIBRARIES = YES;
				BUNDLE_LOADER = "$(TEST_HOST)";
				CODE_SIGN_STYLE = Automatic;
				COMBINE_HIDPI_IMAGES = YES;
				DEVELOPMENT_TEAM = DMP42GVPJ3;
				INFOPLIST_FILE = "Lock-WatcherTests/Info.plist";
				LD_RUNPATH_SEARCH_PATHS = (
					"$(inherited)",
					"@executable_path/../Frameworks",
					"@loader_path/../Frameworks",
				);
				MACOSX_DEPLOYMENT_TARGET = 11.0;
				PRODUCT_BUNDLE_IDENTIFIER = "com.igrsoft.Lock-WatcherTests";
				PRODUCT_NAME = "$(TARGET_NAME)";
				SWIFT_VERSION = 5.0;
				TEST_HOST = "$(BUILT_PRODUCTS_DIR)/Lock-Watcher.app/Contents/MacOS/Lock-Watcher";
			};
			name = Debug;
		};
		A5C6DC1925796A93009DE750 /* Release */ = {
			isa = XCBuildConfiguration;
			buildSettings = {
				ALWAYS_EMBED_SWIFT_STANDARD_LIBRARIES = YES;
				BUNDLE_LOADER = "$(TEST_HOST)";
				CODE_SIGN_STYLE = Automatic;
				COMBINE_HIDPI_IMAGES = YES;
				DEVELOPMENT_TEAM = DMP42GVPJ3;
				INFOPLIST_FILE = "Lock-WatcherTests/Info.plist";
				LD_RUNPATH_SEARCH_PATHS = (
					"$(inherited)",
					"@executable_path/../Frameworks",
					"@loader_path/../Frameworks",
				);
				MACOSX_DEPLOYMENT_TARGET = 11.0;
				PRODUCT_BUNDLE_IDENTIFIER = "com.igrsoft.Lock-WatcherTests";
				PRODUCT_NAME = "$(TARGET_NAME)";
				SWIFT_VERSION = 5.0;
				TEST_HOST = "$(BUILT_PRODUCTS_DIR)/Lock-Watcher.app/Contents/MacOS/Lock-Watcher";
			};
			name = Release;
		};
		A5C6DC1B25796A93009DE750 /* Debug */ = {
			isa = XCBuildConfiguration;
			buildSettings = {
				ALWAYS_EMBED_SWIFT_STANDARD_LIBRARIES = YES;
				CODE_SIGN_STYLE = Automatic;
				COMBINE_HIDPI_IMAGES = YES;
				DEVELOPMENT_TEAM = DMP42GVPJ3;
				INFOPLIST_FILE = "Lock-WatcherUITests/Info.plist";
				LD_RUNPATH_SEARCH_PATHS = (
					"$(inherited)",
					"@executable_path/../Frameworks",
					"@loader_path/../Frameworks",
				);
				PRODUCT_BUNDLE_IDENTIFIER = "com.igrsoft.Lock-WatcherUITests";
				PRODUCT_NAME = "$(TARGET_NAME)";
				SWIFT_VERSION = 5.0;
				TEST_TARGET_NAME = "Lock-Watcher";
			};
			name = Debug;
		};
		A5C6DC1C25796A93009DE750 /* Release */ = {
			isa = XCBuildConfiguration;
			buildSettings = {
				ALWAYS_EMBED_SWIFT_STANDARD_LIBRARIES = YES;
				CODE_SIGN_STYLE = Automatic;
				COMBINE_HIDPI_IMAGES = YES;
				DEVELOPMENT_TEAM = DMP42GVPJ3;
				INFOPLIST_FILE = "Lock-WatcherUITests/Info.plist";
				LD_RUNPATH_SEARCH_PATHS = (
					"$(inherited)",
					"@executable_path/../Frameworks",
					"@loader_path/../Frameworks",
				);
				PRODUCT_BUNDLE_IDENTIFIER = "com.igrsoft.Lock-WatcherUITests";
				PRODUCT_NAME = "$(TARGET_NAME)";
				SWIFT_VERSION = 5.0;
				TEST_TARGET_NAME = "Lock-Watcher";
			};
			name = Release;
		};
/* End XCBuildConfiguration section */

/* Begin XCConfigurationList section */
		A5C6DBE925796A90009DE750 /* Build configuration list for PBXProject "Lock-Watcher" */ = {
			isa = XCConfigurationList;
			buildConfigurations = (
				A5C6DC1225796A93009DE750 /* Debug */,
				A5C6DC1325796A93009DE750 /* Release */,
			);
			defaultConfigurationIsVisible = 0;
			defaultConfigurationName = Release;
		};
		A5C6DC1425796A93009DE750 /* Build configuration list for PBXNativeTarget "Lock-Watcher" */ = {
			isa = XCConfigurationList;
			buildConfigurations = (
				A5C6DC1525796A93009DE750 /* Debug */,
				A5C6DC1625796A93009DE750 /* Release */,
			);
			defaultConfigurationIsVisible = 0;
			defaultConfigurationName = Release;
		};
		A5C6DC1725796A93009DE750 /* Build configuration list for PBXNativeTarget "Lock-WatcherTests" */ = {
			isa = XCConfigurationList;
			buildConfigurations = (
				A5C6DC1825796A93009DE750 /* Debug */,
				A5C6DC1925796A93009DE750 /* Release */,
			);
			defaultConfigurationIsVisible = 0;
			defaultConfigurationName = Release;
		};
		A5C6DC1A25796A93009DE750 /* Build configuration list for PBXNativeTarget "Lock-WatcherUITests" */ = {
			isa = XCConfigurationList;
			buildConfigurations = (
				A5C6DC1B25796A93009DE750 /* Debug */,
				A5C6DC1C25796A93009DE750 /* Release */,
			);
			defaultConfigurationIsVisible = 0;
			defaultConfigurationName = Release;
		};
/* End XCConfigurationList section */

/* Begin XCRemoteSwiftPackageReference section */
		A5C6DC4425796CCB009DE750 /* XCRemoteSwiftPackageReference "PhotoSnap" */ = {
			isa = XCRemoteSwiftPackageReference;
			repositoryURL = "https://github.com/iKorich/PhotoSnap.git";
			requirement = {
				kind = upToNextMinorVersion;
				minimumVersion = 0.1.0;
			};
		};
/* End XCRemoteSwiftPackageReference section */

/* Begin XCSwiftPackageProductDependency section */
		A5C6DC4525796CCB009DE750 /* PhotoSnap */ = {
			isa = XCSwiftPackageProductDependency;
			package = A5C6DC4425796CCB009DE750 /* XCRemoteSwiftPackageReference "PhotoSnap" */;
			productName = PhotoSnap;
		};
/* End XCSwiftPackageProductDependency section */
	};
	rootObject = A5C6DBE625796A90009DE750 /* Project object */;
}
